{
  "version": 4,
  "terraform_version": "0.12.17",
  "serial": 1127,
  "lineage": "3d65f359-662d-a8d4-d364-0d1ee8b66bb3",
  "outputs": {},
  "resources": [
    {
      "mode": "data",
      "type": "aws_sns_topic",
      "name": "my-alerts",
      "provider": "provider.aws",
      "instances": [
        {
          "schema_version": 0,
          "attributes": {
            "arn": "arn:aws:sns:eu-west-2:016818321538:App15549_Simplify-Core-Services_ECS-Dev_DevOps_Topic",
            "id": "arn:aws:sns:eu-west-2:016818321538:App15549_Simplify-Core-Services_ECS-Dev_DevOps_Topic",
            "name": "App15549_Simplify-Core-Services_ECS-Dev_DevOps_Topic"
          }
        }
      ]    },
    {
      "mode": "managed",
      "type": "aws_appautoscaling_policy",
      "name": "scale_up",      "each": "map",
      "provider": "provider.aws",
      "instances": [
        {
          "index_key": "ccta-crm-event-mgmt-int",
          "schema_version": 0,
          "attributes": {
            "arn": "arn:aws:autoscaling:eu-west-2:016818321538:scalingPolicy:4205d7ae-72c0-4fba-9d02-4813494ace71:resource/ecs/service/kano-coreservices-cluster/ccta-crm-event-mgmt-int:policyName/Dev-ccta-crm-event-mgmt-int-cpu_mem_high_scale_up",
            "id": "Dev-ccta-crm-event-mgmt-int-cpu_mem_high_scale_up",
            "name": "Dev-ccta-crm-event-mgmt-int-cpu_mem_high_scale_up",
            "policy_type": "StepScaling",
            "resource_id": "service/kano-coreservices-cluster/ccta-crm-event-mgmt-int",
            "scalable_dimension": "ecs:service:DesiredCount",
            "service_namespace": "ecs",
            "step_scaling_policy_configuration": [
              {
                "adjustment_type": "ChangeInCapacity",
                "cooldown": 60,
                "metric_aggregation_type": "Maximum",
                "min_adjustment_magnitude": 0,
                "step_adjustment": [
                  {
                    "metric_interval_lower_bound": "0",
                    "metric_interval_upper_bound": "",
                    "scaling_adjustment": 1
                  }
                ]
              }
            ],
            "target_tracking_scaling_policy_configuration": []
          },
          "private": "bnVsbA=="
        },
        {
          "index_key": "customer-management-integrator",
          "schema_version": 0,
          "attributes": {
            "arn": "arn:aws:autoscaling:eu-west-2:016818321538:scalingPolicy:f109917f-b167-47e5-94ac-af252d04c226:resource/ecs/service/kano-coreservices-cluster/customer-management-integrator:policyName/Dev-customer-management-integrator-cpu_mem_high_scale_up",
            "id": "Dev-customer-management-integrator-cpu_mem_high_scale_up",
            "name": "Dev-customer-management-integrator-cpu_mem_high_scale_up",
            "policy_type": "StepScaling",
            "resource_id": "service/kano-coreservices-cluster/customer-management-integrator",
            "scalable_dimension": "ecs:service:DesiredCount",
            "service_namespace": "ecs",
            "step_scaling_policy_configuration": [
              {
                "adjustment_type": "ChangeInCapacity",
                "cooldown": 60,
                "metric_aggregation_type": "Maximum",
                "min_adjustment_magnitude": 0,
                "step_adjustment": [
                  {
                    "metric_interval_lower_bound": "0",
                    "metric_interval_upper_bound": "",
                    "scaling_adjustment": 1
                  }
                ]
              }
            ],
            "target_tracking_scaling_policy_configuration": []
          },
          "private": "bnVsbA=="
        },
        {
          "index_key": "mop-service-order-int",
          "schema_version": 0,
          "attributes": {
            "arn": "arn:aws:autoscaling:eu-west-2:016818321538:scalingPolicy:39b9adaa-4993-4b4a-a920-34f9631ec5ba:resource/ecs/service/kano-coreservices-cluster/mop-service-order-int:policyName/Dev-mop-service-order-int-cpu_mem_high_scale_up",
            "id": "Dev-mop-service-order-int-cpu_mem_high_scale_up",
            "name": "Dev-mop-service-order-int-cpu_mem_high_scale_up",
            "policy_type": "StepScaling",
            "resource_id": "service/kano-coreservices-cluster/mop-service-order-int",
            "scalable_dimension": "ecs:service:DesiredCount",
            "service_namespace": "ecs",
            "step_scaling_policy_configuration": [
              {
                "adjustment_type": "ChangeInCapacity",
                "cooldown": 60,
                "metric_aggregation_type": "Maximum",
                "min_adjustment_magnitude": 0,
                "step_adjustment": [
                  {
                    "metric_interval_lower_bound": "0",
                    "metric_interval_upper_bound": "",
                    "scaling_adjustment": 1
                  }
                ]
              }
            ],
            "target_tracking_scaling_policy_configuration": []
          },
          "private": "bnVsbA=="
        },
        {
          "index_key": "or-kci-notification",
          "schema_version": 0,
          "attributes": {
            "arn": "arn:aws:autoscaling:eu-west-2:016818321538:scalingPolicy:4ae546c5-90eb-4e5b-8a6c-4746eea099e7:resource/ecs/service/kano-coreservices-cluster/or-kci-notification:policyName/Dev-or-kci-notification-cpu_mem_high_scale_up",
            "id": "Dev-or-kci-notification-cpu_mem_high_scale_up",
            "name": "Dev-or-kci-notification-cpu_mem_high_scale_up",
            "policy_type": "StepScaling",
            "resource_id": "service/kano-coreservices-cluster/or-kci-notification",
            "scalable_dimension": "ecs:service:DesiredCount",
            "service_namespace": "ecs",
            "step_scaling_policy_configuration": [
              {
                "adjustment_type": "ChangeInCapacity",
                "cooldown": 60,
                "metric_aggregation_type": "Maximum",
                "min_adjustment_magnitude": 0,
                "step_adjustment": [
                  {
                    "metric_interval_lower_bound": "0",
                    "metric_interval_upper_bound": "",
                    "scaling_adjustment": 1
                  }
                ]
              }
            ],
            "target_tracking_scaling_policy_configuration": []
          },
          "private": "bnVsbA=="
        },
        {
          "index_key": "party-mgmt-int",
          "schema_version": 0,
          "attributes": {
            "arn": "arn:aws:autoscaling:eu-west-2:016818321538:scalingPolicy:8c8bb058-6049-4597-a284-4d94289268dd:resource/ecs/service/kano-coreservices-cluster/party-mgmt-int:policyName/Dev-party-mgmt-int-cpu_mem_high_scale_up",
            "id": "Dev-party-mgmt-int-cpu_mem_high_scale_up",
            "name": "Dev-party-mgmt-int-cpu_mem_high_scale_up",
            "policy_type": "StepScaling",
            "resource_id": "service/kano-coreservices-cluster/party-mgmt-int",
            "scalable_dimension": "ecs:service:DesiredCount",
            "service_namespace": "ecs",
            "step_scaling_policy_configuration": [
              {
                "adjustment_type": "ChangeInCapacity",
                "cooldown": 60,
                "metric_aggregation_type": "Maximum",
                "min_adjustment_magnitude": 0,
                "step_adjustment": [
                  {
                    "metric_interval_lower_bound": "0",
                    "metric_interval_upper_bound": "",
                    "scaling_adjustment": 1
                  }
                ]
              }
            ],
            "target_tracking_scaling_policy_configuration": []
          },
          "private": "bnVsbA=="
        },
        {
          "index_key": "product-inventory-mgmt-int",
          "schema_version": 0,
          "attributes": {
            "arn": "arn:aws:autoscaling:eu-west-2:016818321538:scalingPolicy:c123b631-c58a-4525-9a71-5b8beb92bb20:resource/ecs/service/kano-coreservices-cluster/product-inventory-mgmt-int:policyName/Dev-product-inventory-mgmt-int-cpu_mem_high_scale_up",
            "id": "Dev-product-inventory-mgmt-int-cpu_mem_high_scale_up",
            "name": "Dev-product-inventory-mgmt-int-cpu_mem_high_scale_up",
            "policy_type": "StepScaling",
            "resource_id": "service/kano-coreservices-cluster/product-inventory-mgmt-int",
            "scalable_dimension": "ecs:service:DesiredCount",
            "service_namespace": "ecs",
            "step_scaling_policy_configuration": [
              {
                "adjustment_type": "ChangeInCapacity",
                "cooldown": 60,
                "metric_aggregation_type": "Maximum",
                "min_adjustment_magnitude": 0,
                "step_adjustment": [
                  {
                    "metric_interval_lower_bound": "0",
                    "metric_interval_upper_bound": "",
                    "scaling_adjustment": 1
                  }
                ]
              }
            ],
            "target_tracking_scaling_policy_configuration": []
          },
          "private": "bnVsbA=="
        },
        {
          "index_key": "resource-inventory-integrator",
          "schema_version": 0,
          "attributes": {
            "arn": "arn:aws:autoscaling:eu-west-2:016818321538:scalingPolicy:e404803e-546f-423e-8672-e63d5e85e433:resource/ecs/service/kano-coreservices-cluster/resource-inventory-integrator:policyName/Dev-resource-inventory-integrator-cpu_mem_high_scale_up",
            "id": "Dev-resource-inventory-integrator-cpu_mem_high_scale_up",
            "name": "Dev-resource-inventory-integrator-cpu_mem_high_scale_up",
            "policy_type": "StepScaling",
            "resource_id": "service/kano-coreservices-cluster/resource-inventory-integrator",
            "scalable_dimension": "ecs:service:DesiredCount",
            "service_namespace": "ecs",
            "step_scaling_policy_configuration": [
              {
                "adjustment_type": "ChangeInCapacity",
                "cooldown": 60,
                "metric_aggregation_type": "Maximum",
                "min_adjustment_magnitude": 0,
                "step_adjustment": [
                  {
                    "metric_interval_lower_bound": "0",
                    "metric_interval_upper_bound": "",
                    "scaling_adjustment": 1
                  }
                ]
              }
            ],
            "target_tracking_scaling_policy_configuration": []
          },
          "private": "bnVsbA=="
        },
        {
          "index_key": "service-inventory-integrator",
          "schema_version": 0,
          "attributes": {
            "arn": "arn:aws:autoscaling:eu-west-2:016818321538:scalingPolicy:8cfa4cf5-17a2-478f-8e7a-e6456e05e2a0:resource/ecs/service/kano-coreservices-cluster/service-inventory-integrator:policyName/Dev-service-inventory-integrator-cpu_mem_high_scale_up",
            "id": "Dev-service-inventory-integrator-cpu_mem_high_scale_up",
            "name": "Dev-service-inventory-integrator-cpu_mem_high_scale_up",
            "policy_type": "StepScaling",
            "resource_id": "service/kano-coreservices-cluster/service-inventory-integrator",
            "scalable_dimension": "ecs:service:DesiredCount",
            "service_namespace": "ecs",
            "step_scaling_policy_configuration": [
              {
                "adjustment_type": "ChangeInCapacity",
                "cooldown": 60,
                "metric_aggregation_type": "Maximum",
                "min_adjustment_magnitude": 0,
                "step_adjustment": [
                  {
                    "metric_interval_lower_bound": "0",
                    "metric_interval_upper_bound": "",
                    "scaling_adjustment": 1
                  }
                ]
              }
            ],
            "target_tracking_scaling_policy_configuration": []
          },
          "private": "bnVsbA=="
        },
        {
          "index_key": "service-order-integrator",
          "schema_version": 0,
          "attributes": {
            "arn": "arn:aws:autoscaling:eu-west-2:016818321538:scalingPolicy:9c898960-1c09-4633-8c5a-7a373d25ed39:resource/ecs/service/kano-coreservices-cluster/service-order-integrator:policyName/Dev-service-order-integrator-cpu_mem_high_scale_up",
            "id": "Dev-service-order-integrator-cpu_mem_high_scale_up",
            "name": "Dev-service-order-integrator-cpu_mem_high_scale_up",
            "policy_type": "StepScaling",
            "resource_id": "service/kano-coreservices-cluster/service-order-integrator",
            "scalable_dimension": "ecs:service:DesiredCount",
            "service_namespace": "ecs",
            "step_scaling_policy_configuration": [
              {
                "adjustment_type": "ChangeInCapacity",
                "cooldown": 60,
                "metric_aggregation_type": "Maximum",
                "min_adjustment_magnitude": 0,
                "step_adjustment": [
                  {
                    "metric_interval_lower_bound": "0",
                    "metric_interval_upper_bound": "",
                    "scaling_adjustment": 1
                  }
                ]
              }
            ],
            "target_tracking_scaling_policy_configuration": []
          },
          "private": "bnVsbA=="
        }
      ]
    },
    {
      "mode": "managed",
      "type": "aws_appautoscaling_target",
      "name": "cpu_target",
      "each": "map",
      "provider": "provider.aws",
      "instances": [
        {
          "index_key": "ccta-crm-event-mgmt-int",
          "schema_version": 0,
          "attributes": {
            "id": "service/kano-coreservices-cluster/ccta-crm-event-mgmt-int",
            "max_capacity": 2,
            "min_capacity": 1,
            "resource_id": "service/kano-coreservices-cluster/ccta-crm-event-mgmt-int",
            "role_arn": "arn:aws:iam::016818321538:role/aws-service-role/ecs.application-autoscaling.amazonaws.com/AWSServiceRoleForApplicationAutoScaling_ECSService",
            "scalable_dimension": "ecs:service:DesiredCount",
            "service_namespace": "ecs"
          },
          "private": "bnVsbA=="
        },
        {
          "index_key": "customer-management-integrator",
          "schema_version": 0,
          "attributes": {
            "id": "service/kano-coreservices-cluster/customer-management-integrator",
            "max_capacity": 2,
            "min_capacity": 1,
            "resource_id": "service/kano-coreservices-cluster/customer-management-integrator",
            "role_arn": "arn:aws:iam::016818321538:role/aws-service-role/ecs.application-autoscaling.amazonaws.com/AWSServiceRoleForApplicationAutoScaling_ECSService",
            "scalable_dimension": "ecs:service:DesiredCount",
            "service_namespace": "ecs"
          },
          "private": "bnVsbA=="
        },
        {
          "index_key": "mop-service-order-int",
          "schema_version": 0,
          "attributes": {
            "id": "service/kano-coreservices-cluster/mop-service-order-int",
            "max_capacity": 2,
            "min_capacity": 1,
            "resource_id": "service/kano-coreservices-cluster/mop-service-order-int",
            "role_arn": "arn:aws:iam::016818321538:role/aws-service-role/ecs.application-autoscaling.amazonaws.com/AWSServiceRoleForApplicationAutoScaling_ECSService",
            "scalable_dimension": "ecs:service:DesiredCount",
            "service_namespace": "ecs"
          },
          "private": "bnVsbA=="
        },
        {
          "index_key": "or-kci-notification",
          "schema_version": 0,
          "attributes": {
            "id": "service/kano-coreservices-cluster/or-kci-notification",
            "max_capacity": 2,
            "min_capacity": 1,
            "resource_id": "service/kano-coreservices-cluster/or-kci-notification",
            "role_arn": "arn:aws:iam::016818321538:role/aws-service-role/ecs.application-autoscaling.amazonaws.com/AWSServiceRoleForApplicationAutoScaling_ECSService",
            "scalable_dimension": "ecs:service:DesiredCount",
            "service_namespace": "ecs"
          },
          "private": "bnVsbA=="
        },
        {
          "index_key": "party-mgmt-int",
          "schema_version": 0,
          "attributes": {
            "id": "service/kano-coreservices-cluster/party-mgmt-int",
            "max_capacity": 2,
            "min_capacity": 1,
            "resource_id": "service/kano-coreservices-cluster/party-mgmt-int",
            "role_arn": "arn:aws:iam::016818321538:role/aws-service-role/ecs.application-autoscaling.amazonaws.com/AWSServiceRoleForApplicationAutoScaling_ECSService",
            "scalable_dimension": "ecs:service:DesiredCount",
            "service_namespace": "ecs"
          },
          "private": "bnVsbA=="
        },
        {
          "index_key": "product-inventory-mgmt-int",
          "schema_version": 0,
          "attributes": {
            "id": "service/kano-coreservices-cluster/product-inventory-mgmt-int",
            "max_capacity": 2,
            "min_capacity": 1,
            "resource_id": "service/kano-coreservices-cluster/product-inventory-mgmt-int",
            "role_arn": "arn:aws:iam::016818321538:role/aws-service-role/ecs.application-autoscaling.amazonaws.com/AWSServiceRoleForApplicationAutoScaling_ECSService",
            "scalable_dimension": "ecs:service:DesiredCount",
            "service_namespace": "ecs"
          },
          "private": "bnVsbA=="
        },
        {
          "index_key": "resource-inventory-integrator",
          "schema_version": 0,
          "attributes": {
            "id": "service/kano-coreservices-cluster/resource-inventory-integrator",
            "max_capacity": 2,
            "min_capacity": 1,
            "resource_id": "service/kano-coreservices-cluster/resource-inventory-integrator",
            "role_arn": "arn:aws:iam::016818321538:role/aws-service-role/ecs.application-autoscaling.amazonaws.com/AWSServiceRoleForApplicationAutoScaling_ECSService",
            "scalable_dimension": "ecs:service:DesiredCount",
            "service_namespace": "ecs"
          },
          "private": "bnVsbA=="
        },
        {
          "index_key": "service-inventory-integrator",
          "schema_version": 0,
          "attributes": {
            "id": "service/kano-coreservices-cluster/service-inventory-integrator",
            "max_capacity": 2,
            "min_capacity": 1,
            "resource_id": "service/kano-coreservices-cluster/service-inventory-integrator",
            "role_arn": "arn:aws:iam::016818321538:role/aws-service-role/ecs.application-autoscaling.amazonaws.com/AWSServiceRoleForApplicationAutoScaling_ECSService",
            "scalable_dimension": "ecs:service:DesiredCount",
            "service_namespace": "ecs"
          },
          "private": "bnVsbA=="
        },
        {
          "index_key": "service-order-integrator",
          "schema_version": 0,
          "attributes": {
            "id": "service/kano-coreservices-cluster/service-order-integrator",
            "max_capacity": 2,
            "min_capacity": 1,
            "resource_id": "service/kano-coreservices-cluster/service-order-integrator",
            "role_arn": "arn:aws:iam::016818321538:role/aws-service-role/ecs.application-autoscaling.amazonaws.com/AWSServiceRoleForApplicationAutoScaling_ECSService",
            "scalable_dimension": "ecs:service:DesiredCount",
            "service_namespace": "ecs"
          },
          "private": "bnVsbA=="
        }
      ]
    },
    {
      "mode": "managed",
      "type": "aws_cloudwatch_metric_alarm",
      "name": "cpu_utilization_critical",
      "each": "map",
      "provider": "provider.aws",
      "instances": [
        {
          "index_key": "ccta-crm-event-mgmt-int",
          "schema_version": 1,
          "attributes": {
            "actions_enabled": true,
            "alarm_actions": [
              "arn:aws:autoscaling:eu-west-2:016818321538:scalingPolicy:4205d7ae-72c0-4fba-9d02-4813494ace71:resource/ecs/service/kano-coreservices-cluster/ccta-crm-event-mgmt-int:policyName/Dev-ccta-crm-event-mgmt-int-cpu_mem_high_scale_up",
              "arn:aws:sns:eu-west-2:016818321538:App15549_Simplify-Core-Services_ECS-Dev_DevOps_Topic"
            ],
            "alarm_description": "This metric monitors ECS CPU utilization of : \n Application_ID: App15549  \n Application_Name: Simplify-Core-Services  \n Service_Name: ccta-crm-event-mgmt-int  \n Platform_Name: Simplify  \n Environment: Dev \n Owner: DevOps  \n Metric_Type: CPUUtilization \n Metric_value: 85  \n Severity: Critical",
            "alarm_name": "App15549|Simplify-Core-Services|ECS-Dev|ccta-crm-event-mgmt-int|Cpu-Utilization|85|Critical",
            "arn": "arn:aws:cloudwatch:eu-west-2:016818321538:alarm:App15549|Simplify-Core-Services|ECS-Dev|ccta-crm-event-mgmt-int|Cpu-Utilization|85|Critical",
            "comparison_operator": "GreaterThanThreshold",
            "datapoints_to_alarm": 0,
            "dimensions": {
              "ClusterName": "kano-coreservices-cluster",
              "ServiceName": "ccta-crm-event-mgmt-int"
            },
            "evaluate_low_sample_count_percentiles": "",
            "evaluation_periods": 1,
            "extended_statistic": "",
            "id": "App15549|Simplify-Core-Services|ECS-Dev|ccta-crm-event-mgmt-int|Cpu-Utilization|85|Critical",
            "insufficient_data_actions": null,
            "metric_name": "CPUUtilization",
            "metric_query": [],
            "namespace": "AWS/ECS",
            "ok_actions": null,
            "period": 60,
            "statistic": "Average",
            "tags": null,
            "threshold": 85,
            "threshold_metric_id": "",
            "treat_missing_data": "missing",
            "unit": ""
          },
          "private": "eyJzY2hlbWFfdmVyc2lvbiI6IjEifQ==",
          "dependencies": [
            "aws_appautoscaling_policy.scale_up"
          ]
        },
        {
          "index_key": "customer-management-integrator",
          "schema_version": 1,
          "attributes": {
            "actions_enabled": true,
            "alarm_actions": [
              "arn:aws:autoscaling:eu-west-2:016818321538:scalingPolicy:f109917f-b167-47e5-94ac-af252d04c226:resource/ecs/service/kano-coreservices-cluster/customer-management-integrator:policyName/Dev-customer-management-integrator-cpu_mem_high_scale_up",
              "arn:aws:sns:eu-west-2:016818321538:App15549_Simplify-Core-Services_ECS-Dev_DevOps_Topic"
            ],
            "alarm_description": "This metric monitors ECS CPU utilization of : \n Application_ID: App15549  \n Application_Name: Simplify-Core-Services  \n Service_Name: customer-management-integrator  \n Platform_Name: Simplify  \n Environment: Dev \n Owner: DevOps  \n Metric_Type: CPUUtilization \n Metric_value: 85  \n Severity: Critical",
            "alarm_name": "App15549|Simplify-Core-Services|ECS-Dev|customer-management-integrator|Cpu-Utilization|85|Critical",
            "arn": "arn:aws:cloudwatch:eu-west-2:016818321538:alarm:App15549|Simplify-Core-Services|ECS-Dev|customer-management-integrator|Cpu-Utilization|85|Critical",
            "comparison_operator": "GreaterThanThreshold",
            "datapoints_to_alarm": 0,
            "dimensions": {
              "ClusterName": "kano-coreservices-cluster",
              "ServiceName": "customer-management-integrator"
            },
            "evaluate_low_sample_count_percentiles": "",
            "evaluation_periods": 1,
            "extended_statistic": "",
            "id": "App15549|Simplify-Core-Services|ECS-Dev|customer-management-integrator|Cpu-Utilization|85|Critical",
            "insufficient_data_actions": null,
            "metric_name": "CPUUtilization",
            "metric_query": [],
            "namespace": "AWS/ECS",
            "ok_actions": null,
            "period": 60,
            "statistic": "Average",
            "tags": null,
            "threshold": 85,
            "threshold_metric_id": "",
            "treat_missing_data": "missing",
            "unit": ""
          },
          "private": "eyJzY2hlbWFfdmVyc2lvbiI6IjEifQ==",
          "dependencies": [
            "aws_appautoscaling_policy.scale_up"
          ]
        },
        {
          "index_key": "mop-service-order-int",
          "schema_version": 1,
          "attributes": {
            "actions_enabled": true,
            "alarm_actions": [
              "arn:aws:autoscaling:eu-west-2:016818321538:scalingPolicy:39b9adaa-4993-4b4a-a920-34f9631ec5ba:resource/ecs/service/kano-coreservices-cluster/mop-service-order-int:policyName/Dev-mop-service-order-int-cpu_mem_high_scale_up",
              "arn:aws:sns:eu-west-2:016818321538:App15549_Simplify-Core-Services_ECS-Dev_DevOps_Topic"
            ],
            "alarm_description": "This metric monitors ECS CPU utilization of : \n Application_ID: App15549  \n Application_Name: Simplify-Core-Services  \n Service_Name: mop-service-order-int  \n Platform_Name: Simplify  \n Environment: Dev \n Owner: DevOps  \n Metric_Type: CPUUtilization \n Metric_value: 85  \n Severity: Critical",
            "alarm_name": "App15549|Simplify-Core-Services|ECS-Dev|mop-service-order-int|Cpu-Utilization|85|Critical",
            "arn": "arn:aws:cloudwatch:eu-west-2:016818321538:alarm:App15549|Simplify-Core-Services|ECS-Dev|mop-service-order-int|Cpu-Utilization|85|Critical",
            "comparison_operator": "GreaterThanThreshold",
            "datapoints_to_alarm": 0,
            "dimensions": {
              "ClusterName": "kano-coreservices-cluster",
              "ServiceName": "mop-service-order-int"
            },
            "evaluate_low_sample_count_percentiles": "",
            "evaluation_periods": 1,
            "extended_statistic": "",
            "id": "App15549|Simplify-Core-Services|ECS-Dev|mop-service-order-int|Cpu-Utilization|85|Critical",
            "insufficient_data_actions": null,
            "metric_name": "CPUUtilization",
            "metric_query": [],
            "namespace": "AWS/ECS",
            "ok_actions": null,
            "period": 60,
            "statistic": "Average",
            "tags": null,
            "threshold": 85,
            "threshold_metric_id": "",
            "treat_missing_data": "missing",
            "unit": ""
          },
          "private": "eyJzY2hlbWFfdmVyc2lvbiI6IjEifQ==",
          "dependencies": [
            "aws_appautoscaling_policy.scale_up"
          ]
        },
        {
          "index_key": "or-kci-notification",
          "schema_version": 1,
          "attributes": {
            "actions_enabled": true,
            "alarm_actions": [
              "arn:aws:autoscaling:eu-west-2:016818321538:scalingPolicy:4ae546c5-90eb-4e5b-8a6c-4746eea099e7:resource/ecs/service/kano-coreservices-cluster/or-kci-notification:policyName/Dev-or-kci-notification-cpu_mem_high_scale_up",
              "arn:aws:sns:eu-west-2:016818321538:App15549_Simplify-Core-Services_ECS-Dev_DevOps_Topic"
            ],
            "alarm_description": "This metric monitors ECS CPU utilization of : \n Application_ID: App15549  \n Application_Name: Simplify-Core-Services  \n Service_Name: or-kci-notification  \n Platform_Name: Simplify  \n Environment: Dev \n Owner: DevOps  \n Metric_Type: CPUUtilization \n Metric_value: 85  \n Severity: Critical",
            "alarm_name": "App15549|Simplify-Core-Services|ECS-Dev|or-kci-notification|Cpu-Utilization|85|Critical",
            "arn": "arn:aws:cloudwatch:eu-west-2:016818321538:alarm:App15549|Simplify-Core-Services|ECS-Dev|or-kci-notification|Cpu-Utilization|85|Critical",
            "comparison_operator": "GreaterThanThreshold",
            "datapoints_to_alarm": 0,
            "dimensions": {
              "ClusterName": "kano-coreservices-cluster",
              "ServiceName": "or-kci-notification"
            },
            "evaluate_low_sample_count_percentiles": "",
            "evaluation_periods": 1,
            "extended_statistic": "",
            "id": "App15549|Simplify-Core-Services|ECS-Dev|or-kci-notification|Cpu-Utilization|85|Critical",
            "insufficient_data_actions": null,
            "metric_name": "CPUUtilization",
            "metric_query": [],
            "namespace": "AWS/ECS",
            "ok_actions": null,
            "period": 60,
            "statistic": "Average",
            "tags": null,
            "threshold": 85,
            "threshold_metric_id": "",
            "treat_missing_data": "missing",
            "unit": ""
          },
          "private": "eyJzY2hlbWFfdmVyc2lvbiI6IjEifQ==",
          "dependencies": [
            "aws_appautoscaling_policy.scale_up"
          ]
        },
        {
          "index_key": "party-mgmt-int",
          "schema_version": 1,
          "attributes": {
            "actions_enabled": true,
            "alarm_actions": [
              "arn:aws:autoscaling:eu-west-2:016818321538:scalingPolicy:8c8bb058-6049-4597-a284-4d94289268dd:resource/ecs/service/kano-coreservices-cluster/party-mgmt-int:policyName/Dev-party-mgmt-int-cpu_mem_high_scale_up",
              "arn:aws:sns:eu-west-2:016818321538:App15549_Simplify-Core-Services_ECS-Dev_DevOps_Topic"
            ],
            "alarm_description": "This metric monitors ECS CPU utilization of : \n Application_ID: App15549  \n Application_Name: Simplify-Core-Services  \n Service_Name: party-mgmt-int  \n Platform_Name: Simplify  \n Environment: Dev \n Owner: DevOps  \n Metric_Type: CPUUtilization \n Metric_value: 85  \n Severity: Critical",
            "alarm_name": "App15549|Simplify-Core-Services|ECS-Dev|party-mgmt-int|Cpu-Utilization|85|Critical",
            "arn": "arn:aws:cloudwatch:eu-west-2:016818321538:alarm:App15549|Simplify-Core-Services|ECS-Dev|party-mgmt-int|Cpu-Utilization|85|Critical",
            "comparison_operator": "GreaterThanThreshold",
            "datapoints_to_alarm": 0,
            "dimensions": {
              "ClusterName": "kano-coreservices-cluster",
              "ServiceName": "party-mgmt-int"
            },
            "evaluate_low_sample_count_percentiles": "",
            "evaluation_periods": 1,
            "extended_statistic": "",
            "id": "App15549|Simplify-Core-Services|ECS-Dev|party-mgmt-int|Cpu-Utilization|85|Critical",
            "insufficient_data_actions": null,
            "metric_name": "CPUUtilization",
            "metric_query": [],
            "namespace": "AWS/ECS",
            "ok_actions": null,
            "period": 60,
            "statistic": "Average",
            "tags": null,
            "threshold": 85,
            "threshold_metric_id": "",
            "treat_missing_data": "missing",
            "unit": ""
          },
          "private": "eyJzY2hlbWFfdmVyc2lvbiI6IjEifQ==",
          "dependencies": [
            "aws_appautoscaling_policy.scale_up"
          ]
        },
        {
          "index_key": "product-inventory-mgmt-int",
          "schema_version": 1,
          "attributes": {
            "actions_enabled": true,
            "alarm_actions": [
              "arn:aws:autoscaling:eu-west-2:016818321538:scalingPolicy:c123b631-c58a-4525-9a71-5b8beb92bb20:resource/ecs/service/kano-coreservices-cluster/product-inventory-mgmt-int:policyName/Dev-product-inventory-mgmt-int-cpu_mem_high_scale_up",
              "arn:aws:sns:eu-west-2:016818321538:App15549_Simplify-Core-Services_ECS-Dev_DevOps_Topic"
            ],
            "alarm_description": "This metric monitors ECS CPU utilization of : \n Application_ID: App15549  \n Application_Name: Simplify-Core-Services  \n Service_Name: product-inventory-mgmt-int  \n Platform_Name: Simplify  \n Environment: Dev \n Owner: DevOps  \n Metric_Type: CPUUtilization \n Metric_value: 85  \n Severity: Critical",
            "alarm_name": "App15549|Simplify-Core-Services|ECS-Dev|product-inventory-mgmt-int|Cpu-Utilization|85|Critical",
            "arn": "arn:aws:cloudwatch:eu-west-2:016818321538:alarm:App15549|Simplify-Core-Services|ECS-Dev|product-inventory-mgmt-int|Cpu-Utilization|85|Critical",
            "comparison_operator": "GreaterThanThreshold",
            "datapoints_to_alarm": 0,
            "dimensions": {
              "ClusterName": "kano-coreservices-cluster",
              "ServiceName": "product-inventory-mgmt-int"
            },
            "evaluate_low_sample_count_percentiles": "",
            "evaluation_periods": 1,
            "extended_statistic": "",
            "id": "App15549|Simplify-Core-Services|ECS-Dev|product-inventory-mgmt-int|Cpu-Utilization|85|Critical",
            "insufficient_data_actions": null,
            "metric_name": "CPUUtilization",
            "metric_query": [],
            "namespace": "AWS/ECS",
            "ok_actions": null,
            "period": 60,
            "statistic": "Average",
            "tags": null,
            "threshold": 85,
            "threshold_metric_id": "",
            "treat_missing_data": "missing",
            "unit": ""
          },
          "private": "eyJzY2hlbWFfdmVyc2lvbiI6IjEifQ==",
          "dependencies": [
            "aws_appautoscaling_policy.scale_up"
          ]
        },
        {
          "index_key": "resource-inventory-integrator",
          "schema_version": 1,
          "attributes": {
            "actions_enabled": true,
            "alarm_actions": [
              "arn:aws:autoscaling:eu-west-2:016818321538:scalingPolicy:e404803e-546f-423e-8672-e63d5e85e433:resource/ecs/service/kano-coreservices-cluster/resource-inventory-integrator:policyName/Dev-resource-inventory-integrator-cpu_mem_high_scale_up",
              "arn:aws:sns:eu-west-2:016818321538:App15549_Simplify-Core-Services_ECS-Dev_DevOps_Topic"
            ],
            "alarm_description": "This metric monitors ECS CPU utilization of : \n Application_ID: App15549  \n Application_Name: Simplify-Core-Services  \n Service_Name: resource-inventory-integrator  \n Platform_Name: Simplify  \n Environment: Dev \n Owner: DevOps  \n Metric_Type: CPUUtilization \n Metric_value: 85  \n Severity: Critical",
            "alarm_name": "App15549|Simplify-Core-Services|ECS-Dev|resource-inventory-integrator|Cpu-Utilization|85|Critical",
            "arn": "arn:aws:cloudwatch:eu-west-2:016818321538:alarm:App15549|Simplify-Core-Services|ECS-Dev|resource-inventory-integrator|Cpu-Utilization|85|Critical",
            "comparison_operator": "GreaterThanThreshold",
            "datapoints_to_alarm": 0,
            "dimensions": {
              "ClusterName": "kano-coreservices-cluster",
              "ServiceName": "resource-inventory-integrator"
            },
            "evaluate_low_sample_count_percentiles": "",
            "evaluation_periods": 1,
            "extended_statistic": "",
            "id": "App15549|Simplify-Core-Services|ECS-Dev|resource-inventory-integrator|Cpu-Utilization|85|Critical",
            "insufficient_data_actions": null,
            "metric_name": "CPUUtilization",
            "metric_query": [],
            "namespace": "AWS/ECS",
            "ok_actions": null,
            "period": 60,
            "statistic": "Average",
            "tags": null,
            "threshold": 85,
            "threshold_metric_id": "",
            "treat_missing_data": "missing",
            "unit": ""
          },
          "private": "eyJzY2hlbWFfdmVyc2lvbiI6IjEifQ==",
          "dependencies": [
            "aws_appautoscaling_policy.scale_up"
          ]
        },
        {
          "index_key": "service-inventory-integrator",
          "schema_version": 1,
          "attributes": {
            "actions_enabled": true,
            "alarm_actions": [
              "arn:aws:autoscaling:eu-west-2:016818321538:scalingPolicy:8cfa4cf5-17a2-478f-8e7a-e6456e05e2a0:resource/ecs/service/kano-coreservices-cluster/service-inventory-integrator:policyName/Dev-service-inventory-integrator-cpu_mem_high_scale_up",
              "arn:aws:sns:eu-west-2:016818321538:App15549_Simplify-Core-Services_ECS-Dev_DevOps_Topic"
            ],
            "alarm_description": "This metric monitors ECS CPU utilization of : \n Application_ID: App15549  \n Application_Name: Simplify-Core-Services  \n Service_Name: service-inventory-integrator  \n Platform_Name: Simplify  \n Environment: Dev \n Owner: DevOps  \n Metric_Type: CPUUtilization\n Metric_value: 85  \n Severity: Critical",
            "alarm_name": "App15549|Simplify-Core-Services|ECS-Dev|service-inventory-integrator|Cpu-Utilization|85|Critical",
            "arn": "arn:aws:cloudwatch:eu-west-2:016818321538:alarm:App15549|Simplify-Core-Services|ECS-Dev|service-inventory-integrator|Cpu-Utilization|85|Critical",
            "comparison_operator": "GreaterThanThreshold",
            "datapoints_to_alarm": 0,
            "dimensions": {
              "ClusterName": "kano-coreservices-cluster",
              "ServiceName": "service-inventory-integrator"
            },
            "evaluate_low_sample_count_percentiles": "",
            "evaluation_periods": 1,
            "extended_statistic": "",
            "id": "App15549|Simplify-Core-Services|ECS-Dev|service-inventory-integrator|Cpu-Utilization|85|Critical",
            "insufficient_data_actions": null,
            "metric_name": "CPUUtilization",
            "metric_query": [],
            "namespace": "AWS/ECS",
            "ok_actions": null,
            "period": 60,
            "statistic": "Average",
            "tags": null,
            "threshold": 85,
            "threshold_metric_id": "",
            "treat_missing_data": "missing",
            "unit": ""
          },
          "private": "eyJzY2hlbWFfdmVyc2lvbiI6IjEifQ==",
          "dependencies": [
            "aws_appautoscaling_policy.scale_up"
          ]
        },
        {
          "index_key": "service-order-integrator",
          "schema_version": 1,
          "attributes": {
            "actions_enabled": true,
            "alarm_actions": [
              "arn:aws:autoscaling:eu-west-2:016818321538:scalingPolicy:9c898960-1c09-4633-8c5a-7a373d25ed39:resource/ecs/service/kano-coreservices-cluster/service-order-integrator:policyName/Dev-service-order-integrator-cpu_mem_high_scale_up",
              "arn:aws:sns:eu-west-2:016818321538:App15549_Simplify-Core-Services_ECS-Dev_DevOps_Topic"
            ],
            "alarm_description": "This metric monitors ECS CPU utilization of : \n Application_ID: App15549  \n Application_Name: Simplify-Core-Services  \n Service_Name: service-order-integrator  \n Platform_Name: Simplify  \n Environment: Dev \n Owner: DevOps  \n Metric_Type: CPUUtilization \n Metric_value: 85  \n Severity: Critical",
            "alarm_name": "App15549|Simplify-Core-Services|ECS-Dev|service-order-integrator|Cpu-Utilization|85|Critical",
            "arn": "arn:aws:cloudwatch:eu-west-2:016818321538:alarm:App15549|Simplify-Core-Services|ECS-Dev|service-order-integrator|Cpu-Utilization|85|Critical",
            "comparison_operator": "GreaterThanThreshold",
            "datapoints_to_alarm": 0,
            "dimensions": {
              "ClusterName": "kano-coreservices-cluster",
              "ServiceName": "service-order-integrator"
            },
            "evaluate_low_sample_count_percentiles": "",
            "evaluation_periods": 1,
            "extended_statistic": "",
            "id": "App15549|Simplify-Core-Services|ECS-Dev|service-order-integrator|Cpu-Utilization|85|Critical",
            "insufficient_data_actions": null,
            "metric_name": "CPUUtilization",
            "metric_query": [],
            "namespace": "AWS/ECS",
            "ok_actions": null,
            "period": 60,
            "statistic": "Average",
            "tags": null,
            "threshold": 85,
            "threshold_metric_id": "",
            "treat_missing_data": "missing",
            "unit": ""
          },
          "private": "eyJzY2hlbWFfdmVyc2lvbiI6IjEifQ==",
          "dependencies": [
            "aws_appautoscaling_policy.scale_up"
          ]
        }
      ]
    },
    {
      "mode": "managed",
      "type": "aws_cloudwatch_metric_alarm",
      "name": "dlq_messages",
      "each": "map",
      "provider": "provider.aws",
      "instances": [
        {
          "index_key": "ccta-ORKCIToBP_DLQ",
          "schema_version": 1,
          "attributes": {
            "actions_enabled": true,
            "alarm_actions": [
              "arn:aws:sns:eu-west-2:016818321538:App15549_Simplify-Core-Services_ECS-Dev_DevOps_Topic"
            ],
            "alarm_description": " The Number of Messages visible in the ccta-ORKCIToBP_DLQ queue is more than One.\n Please find the below details of SQS Queue Metric.\n  Application_ID:    App15549  \n  Application_Name:  Simplify-Core-Services  \n  Platform_Name:     Simplify \n  Owner:     DevOps  \n  Enviornment:       Dev\n  QueueName:         ccta-ORKCIToBP_DLQ\n  Metric_Name:       ApproximateNumberOfMessagesVisible\n  Metric_value:      1  \n  Severity:          High\n",
            "alarm_name": "App15549|Simplify-Core-Services|SQS-Dev|ccta-ORKCIToBP_DLQ|ApproximateNumberOfMessagesVisible|1|High",
            "arn": "arn:aws:cloudwatch:eu-west-2:016818321538:alarm:App15549|Simplify-Core-Services|SQS-Dev|ccta-ORKCIToBP_DLQ|ApproximateNumberOfMessagesVisible|1|High",
            "comparison_operator": "GreaterThanOrEqualToThreshold",
            "datapoints_to_alarm": 0,
            "dimensions": {
              "QueueName": "ccta-ORKCIToBP_DLQ"
            },
            "evaluate_low_sample_count_percentiles": "",
            "evaluation_periods": 1,
            "extended_statistic": "",
            "id": "App15549|Simplify-Core-Services|SQS-Dev|ccta-ORKCIToBP_DLQ|ApproximateNumberOfMessagesVisible|1|High",
            "insufficient_data_actions": null,
            "metric_name": "ApproximateNumberOfMessagesVisible",
            "metric_query": [],
            "namespace": "AWS/SQS",
            "ok_actions": null,
            "period": 60,
            "statistic": "Maximum",
            "tags": null,
            "threshold": 1,
            "threshold_metric_id": "",
            "treat_missing_data": "notBreaching",
            "unit": "Count"
          },
          "private": "eyJzY2hlbWFfdmVyc2lvbiI6IjEifQ=="
        },
        {
          "index_key": "ccta-PrdInvtyMgmtToServiceNow_DLQ",
          "schema_version": 1,
          "attributes": {
            "actions_enabled": true,
            "alarm_actions": [
              "arn:aws:sns:eu-west-2:016818321538:App15549_Simplify-Core-Services_ECS-Dev_DevOps_Topic"
            ],
            "alarm_description": " The Number of Messages visible in the ccta-PrdInvtyMgmtToServiceNow_DLQ queue is more than One.\n Please find thebelow details of SQS Queue Metric.\n  Application_ID:    App15549  \n  Application_Name:  Simplify-Core-Services  \n  Platform_Name:     Simplify \n Owner:             DevOps  \n  Enviornment:       Dev\n  QueueName:         ccta-PrdInvtyMgmtToServiceNow_DLQ\n  Metric_Name:       ApproximateNumberOfMessagesVisible\n  Metric_value:      1  \n  Severity:          High\n",
            "alarm_name": "App15549|Simplify-Core-Services|SQS-Dev|ccta-PrdInvtyMgmtToServiceNow_DLQ|ApproximateNumberOfMessagesVisible|1|High",
            "arn": "arn:aws:cloudwatch:eu-west-2:016818321538:alarm:App15549|Simplify-Core-Services|SQS-Dev|ccta-PrdInvtyMgmtToServiceNow_DLQ|ApproximateNumberOfMessagesVisible|1|High",
            "comparison_operator": "GreaterThanOrEqualToThreshold",
            "datapoints_to_alarm": 0,
            "dimensions": {
              "QueueName": "ccta-PrdInvtyMgmtToServiceNow_DLQ"
            },
            "evaluate_low_sample_count_percentiles": "",
            "evaluation_periods": 1,
            "extended_statistic": "",
            "id": "App15549|Simplify-Core-Services|SQS-Dev|ccta-PrdInvtyMgmtToServiceNow_DLQ|ApproximateNumberOfMessagesVisible|1|High",
            "insufficient_data_actions": null,
            "metric_name": "ApproximateNumberOfMessagesVisible",
            "metric_query": [],
            "namespace": "AWS/SQS",
            "ok_actions": null,
            "period": 60,
            "statistic": "Maximum",
            "tags": null,
            "threshold": 1,
            "threshold_metric_id": "",
            "treat_missing_data": "notBreaching",
            "unit": "Count"
          },
          "private": "eyJzY2hlbWFfdmVyc2lvbiI6IjEifQ=="
        },
        {
          "index_key": "ccta-PrdInvtyToNetcracker_DLQ",
          "schema_version": 1,
          "attributes": {
            "actions_enabled": true,
            "alarm_actions": [
              "arn:aws:sns:eu-west-2:016818321538:App15549_Simplify-Core-Services_ECS-Dev_DevOps_Topic"
            ],
            "alarm_description": " The Number of Messages visible in the ccta-PrdInvtyToNetcracker_DLQ queue is more than One.\n Please find the below details of SQS Queue Metric.\n  Application_ID:    App15549  \n  Application_Name:  Simplify-Core-Services  \n  Platform_Name:     Simplify \n  Owner:             DevOps  \n  Enviornment:       Dev\n  QueueName:         ccta-PrdInvtyToNetcracker_DLQ\n  Metric_Name:       ApproximateNumberOfMessagesVisible\n  Metric_value:      1  \n  Severity:          High\n",
            "alarm_name": "App15549|Simplify-Core-Services|SQS-Dev|ccta-PrdInvtyToNetcracker_DLQ|ApproximateNumberOfMessagesVisible|1|High",
            "arn": "arn:aws:cloudwatch:eu-west-2:016818321538:alarm:App15549|Simplify-Core-Services|SQS-Dev|ccta-PrdInvtyToNetcracker_DLQ|ApproximateNumberOfMessagesVisible|1|High",
            "comparison_operator": "GreaterThanOrEqualToThreshold",
            "datapoints_to_alarm": 0,
            "dimensions": {
              "QueueName": "ccta-PrdInvtyToNetcracker_DLQ"
            },
            "evaluate_low_sample_count_percentiles": "",
            "evaluation_periods": 1,
            "extended_statistic": "",
            "id": "App15549|Simplify-Core-Services|SQS-Dev|ccta-PrdInvtyToNetcracker_DLQ|ApproximateNumberOfMessagesVisible|1|High",
            "insufficient_data_actions": null,
            "metric_name": "ApproximateNumberOfMessagesVisible",
            "metric_query": [],
            "namespace": "AWS/SQS",
            "ok_actions": null,
            "period": 60,
            "statistic": "Maximum",
            "tags": null,
            "threshold": 1,
            "threshold_metric_id": "",
            "treat_missing_data": "notBreaching",
            "unit": "Count"
          },
          "private": "eyJzY2hlbWFfdmVyc2lvbiI6IjEifQ=="
        },
        {
          "index_key": "ccta-PrdInvtyToServiceNow_DLQ",
          "schema_version": 1,
          "attributes": {
            "actions_enabled": true,
            "alarm_actions": [
              "arn:aws:sns:eu-west-2:016818321538:App15549_Simplify-Core-Services_ECS-Dev_DevOps_Topic"
            ],
            "alarm_description": " The Number of Messages visible in the ccta-PrdInvtyToServiceNow_DLQ queue is more than One.\n Please find the below details of SQS Queue Metric.\n  Application_ID:    App15549  \n  Application_Name:  Simplify-Core-Services  \n  Platform_Name:     Simplify \n  Owner:             DevOps  \n  Enviornment:       Dev\n  QueueName:         ccta-PrdInvtyToServiceNow_DLQ\n  Metric_Name:       ApproximateNumberOfMessagesVisible\n  Metric_value:      1  \n  Severity:          High\n",
            "alarm_name": "App15549|Simplify-Core-Services|SQS-Dev|ccta-PrdInvtyToServiceNow_DLQ|ApproximateNumberOfMessagesVisible|1|High",
            "arn": "arn:aws:cloudwatch:eu-west-2:016818321538:alarm:App15549|Simplify-Core-Services|SQS-Dev|ccta-PrdInvtyToServiceNow_DLQ|ApproximateNumberOfMessagesVisible|1|High",
            "comparison_operator": "GreaterThanOrEqualToThreshold",
            "datapoints_to_alarm": 0,
            "dimensions": {
              "QueueName": "ccta-PrdInvtyToServiceNow_DLQ"
            },
            "evaluate_low_sample_count_percentiles": "",
            "evaluation_periods": 1,
            "extended_statistic": "",
            "id": "App15549|Simplify-Core-Services|SQS-Dev|ccta-PrdInvtyToServiceNow_DLQ|ApproximateNumberOfMessagesVisible|1|High",
            "insufficient_data_actions": null,
            "metric_name": "ApproximateNumberOfMessagesVisible",
            "metric_query": [],
            "namespace": "AWS/SQS",
            "ok_actions": null,
            "period": 60,
            "statistic": "Maximum",
            "tags": null,
            "threshold": 1,
            "threshold_metric_id": "",
            "treat_missing_data": "notBreaching",
            "unit": "Count"
          },
          "private": "eyJzY2hlbWFfdmVyc2lvbiI6IjEifQ=="
        },
        {
          "index_key": "ccta-PrtyMgmtToServiceNow_DLQ",
          "schema_version": 1,
          "attributes": {
            "actions_enabled": true,
            "alarm_actions": [
              "arn:aws:sns:eu-west-2:016818321538:App15549_Simplify-Core-Services_ECS-Dev_DevOps_Topic"
            ],
            "alarm_description": " The Number of Messages visible in the ccta-PrtyMgmtToServiceNow_DLQ queue is more than One.\n Please find the below details of SQS Queue Metric.\n  Application_ID:    App15549  \n  Application_Name:  Simplify-Core-Services  \n  Platform_Name:     Simplify \n  Owner:             DevOps  \n  Enviornment:       Dev\n  QueueName:         ccta-PrtyMgmtToServiceNow_DLQ\n  Metric_Name:       ApproximateNumberOfMessagesVisible\n  Metric_value:      1  \n  Severity:          High\n",
            "alarm_name": "App15549|Simplify-Core-Services|SQS-Dev|ccta-PrtyMgmtToServiceNow_DLQ|ApproximateNumberOfMessagesVisible|1|High",
            "arn": "arn:aws:cloudwatch:eu-west-2:016818321538:alarm:App15549|Simplify-Core-Services|SQS-Dev|ccta-PrtyMgmtToServiceNow_DLQ|ApproximateNumberOfMessagesVisible|1|High",
            "comparison_operator": "GreaterThanOrEqualToThreshold",
            "datapoints_to_alarm": 0,
            "dimensions": {
              "QueueName": "ccta-PrtyMgmtToServiceNow_DLQ"
            },
            "evaluate_low_sample_count_percentiles": "",
            "evaluation_periods": 1,
            "extended_statistic": "",
            "id": "App15549|Simplify-Core-Services|SQS-Dev|ccta-PrtyMgmtToServiceNow_DLQ|ApproximateNumberOfMessagesVisible|1|High",
            "insufficient_data_actions": null,
            "metric_name": "ApproximateNumberOfMessagesVisible",
            "metric_query": [],
            "namespace": "AWS/SQS",
            "ok_actions": null,
            "period": 60,
            "statistic": "Maximum",
            "tags": null,
            "threshold": 1,
            "threshold_metric_id": "",
            "treat_missing_data": "notBreaching",
            "unit": "Count"
          },
          "private": "eyJzY2hlbWFfdmVyc2lvbiI6IjEifQ=="
        },
        {
          "index_key": "ccta-SvcInvToServiceNow_DLQ",
          "schema_version": 1,
          "attributes": {
            "actions_enabled": true,
            "alarm_actions": [
              "arn:aws:sns:eu-west-2:016818321538:App15549_Simplify-Core-Services_ECS-Dev_DevOps_Topic"
            ],
            "alarm_description": " The Number of Messages visible in the ccta-SvcInvToServiceNow_DLQ queue is more than One.\n Please find the belowdetails of SQS Queue Metric.\n  Application_ID:    App15549  \n  Application_Name:  Simplify-Core-Services  \n  Platform_Name:     Simplify \n  Owner:             DevOps  \n  Enviornment:       Dev\n  QueueName:         ccta-SvcInvToServiceNow_DLQ\n  Metric_Name:       ApproximateNumberOfMessagesVisible\n  Metric_value:      1  \n  Severity:          High\n",
            "alarm_name": "App15549|Simplify-Core-Services|SQS-Dev|ccta-SvcInvToServiceNow_DLQ|ApproximateNumberOfMessagesVisible|1|High",
            "arn": "arn:aws:cloudwatch:eu-west-2:016818321538:alarm:App15549|Simplify-Core-Services|SQS-Dev|ccta-SvcInvToServiceNow_DLQ|ApproximateNumberOfMessagesVisible|1|High",
            "comparison_operator": "GreaterThanOrEqualToThreshold",
            "datapoints_to_alarm": 0,
            "dimensions": {
              "QueueName": "ccta-SvcInvToServiceNow_DLQ"
            },
            "evaluate_low_sample_count_percentiles": "",
            "evaluation_periods": 1,
            "extended_statistic": "",
            "id": "App15549|Simplify-Core-Services|SQS-Dev|ccta-SvcInvToServiceNow_DLQ|ApproximateNumberOfMessagesVisible|1|High",
            "insufficient_data_actions": null,
            "metric_name": "ApproximateNumberOfMessagesVisible",
            "metric_query": [],
            "namespace": "AWS/SQS",
            "ok_actions": null,
            "period": 60,
            "statistic": "Maximum",
            "tags": null,
            "threshold": 1,
            "threshold_metric_id": "",
            "treat_missing_data": "notBreaching",
            "unit": "Count"
          },
          "private": "eyJzY2hlbWFfdmVyc2lvbiI6IjEifQ=="
        },
        {
          "index_key": "ccta-SvcInvToVlocity_DLQ",
          "schema_version": 1,
          "attributes": {
            "actions_enabled": true,
            "alarm_actions": [
              "arn:aws:sns:eu-west-2:016818321538:App15549_Simplify-Core-Services_ECS-Dev_DevOps_Topic"
            ],
            "alarm_description": " The Number of Messages visible in the ccta-SvcInvToVlocity_DLQ queue is more than One.\n Please find the below details of SQS Queue Metric.\n  Application_ID:    App15549  \n  Application_Name:  Simplify-Core-Services  \n  Platform_Name:     Simplify \n  Owner:           DevOps  \n  Enviornment:       Dev\n  QueueName:         ccta-SvcInvToVlocity_DLQ\n  Metric_Name:       ApproximateNumberOfMessagesVisible\n  Metric_value:      1  \n  Severity:          High\n",
            "alarm_name": "App15549|Simplify-Core-Services|SQS-Dev|ccta-SvcInvToVlocity_DLQ|ApproximateNumberOfMessagesVisible|1|High",
            "arn": "arn:aws:cloudwatch:eu-west-2:016818321538:alarm:App15549|Simplify-Core-Services|SQS-Dev|ccta-SvcInvToVlocity_DLQ|ApproximateNumberOfMessagesVisible|1|High",
            "comparison_operator": "GreaterThanOrEqualToThreshold",
            "datapoints_to_alarm": 0,
            "dimensions": {
              "QueueName": "ccta-SvcInvToVlocity_DLQ"
            },
            "evaluate_low_sample_count_percentiles": "",
            "evaluation_periods": 1,
            "extended_statistic": "",
            "id": "App15549|Simplify-Core-Services|SQS-Dev|ccta-SvcInvToVlocity_DLQ|ApproximateNumberOfMessagesVisible|1|High",
            "insufficient_data_actions": null,
            "metric_name": "ApproximateNumberOfMessagesVisible",
            "metric_query": [],
            "namespace": "AWS/SQS",
            "ok_actions": null,
            "period": 60,
            "statistic": "Maximum",
            "tags": null,
            "threshold": 1,
            "threshold_metric_id": "",
            "treat_missing_data": "notBreaching",
            "unit": "Count"
          },
          "private": "eyJzY2hlbWFfdmVyc2lvbiI6IjEifQ=="
        },
        {
          "index_key": "ccta-crm-event-mgmt-int_DLQ",
          "schema_version": 1,
          "attributes": {
            "actions_enabled": true,
            "alarm_actions": [
              "arn:aws:sns:eu-west-2:016818321538:App15549_Simplify-Core-Services_ECS-Dev_DevOps_Topic"
            ],
            "alarm_description": " The Number of Messages visible in the ccta-crm-event-mgmt-int_DLQ queue is more than One.\n Please find the belowdetails of SQS Queue Metric.\n  Application_ID:    App15549  \n  Application_Name:  Simplify-Core-Services  \n  Platform_Name:     Simplify \n  Owner:             DevOps  \n  Enviornment:       Dev\n  QueueName:         ccta-crm-event-mgmt-int_DLQ\n  Metric_Name:       ApproximateNumberOfMessagesVisible\n  Metric_value:      1  \n  Severity:          High\n",
            "alarm_name": "App15549|Simplify-Core-Services|SQS-Dev|ccta-crm-event-mgmt-int_DLQ|ApproximateNumberOfMessagesVisible|1|High",
            "arn": "arn:aws:cloudwatch:eu-west-2:016818321538:alarm:App15549|Simplify-Core-Services|SQS-Dev|ccta-crm-event-mgmt-int_DLQ|ApproximateNumberOfMessagesVisible|1|High",
            "comparison_operator": "GreaterThanOrEqualToThreshold",
            "datapoints_to_alarm": 0,
            "dimensions": {
              "QueueName": "ccta-crm-event-mgmt-int_DLQ"
            },
            "evaluate_low_sample_count_percentiles": "",
            "evaluation_periods": 1,
            "extended_statistic": "",
            "id": "App15549|Simplify-Core-Services|SQS-Dev|ccta-crm-event-mgmt-int_DLQ|ApproximateNumberOfMessagesVisible|1|High",
            "insufficient_data_actions": null,
            "metric_name": "ApproximateNumberOfMessagesVisible",
            "metric_query": [],
            "namespace": "AWS/SQS",
            "ok_actions": null,
            "period": 60,
            "statistic": "Maximum",
            "tags": null,
            "threshold": 1,
            "threshold_metric_id": "",
            "treat_missing_data": "notBreaching",
            "unit": "Count"
          },
          "private": "eyJzY2hlbWFfdmVyc2lvbiI6IjEifQ=="
        },
        {
          "index_key": "ccta-mop-service-order-to-vlocity_DLQ",
          "schema_version": 1,
          "attributes": {
            "actions_enabled": true,
            "alarm_actions": [
              "arn:aws:sns:eu-west-2:016818321538:App15549_Simplify-Core-Services_ECS-Dev_DevOps_Topic"
            ],
            "alarm_description": " The Number of Messages visible in the ccta-mop-service-order-to-vlocity_DLQ queue is more than One.\n Please findthe below details of SQS Queue Metric.\n  Application_ID:    App15549  \n  Application_Name:  Simplify-Core-Services  \n  Platform_Name:     Simplify \n  Owner:             DevOps  \n  Enviornment:       Dev\n  QueueName:         ccta-mop-service-order-to-vlocity_DLQ\n  Metric_Name:       ApproximateNumberOfMessagesVisible\n  Metric_value:      1  \n  Severity:          High\n",
            "alarm_name": "App15549|Simplify-Core-Services|SQS-Dev|ccta-mop-service-order-to-vlocity_DLQ|ApproximateNumberOfMessagesVisible|1|High",
            "arn": "arn:aws:cloudwatch:eu-west-2:016818321538:alarm:App15549|Simplify-Core-Services|SQS-Dev|ccta-mop-service-order-to-vlocity_DLQ|ApproximateNumberOfMessagesVisible|1|High",
            "comparison_operator": "GreaterThanOrEqualToThreshold",
            "datapoints_to_alarm": 0,
            "dimensions": {
              "QueueName": "ccta-mop-service-order-to-vlocity_DLQ"
            },
            "evaluate_low_sample_count_percentiles": "",
            "evaluation_periods": 1,
            "extended_statistic": "",
            "id": "App15549|Simplify-Core-Services|SQS-Dev|ccta-mop-service-order-to-vlocity_DLQ|ApproximateNumberOfMessagesVisible|1|High",
            "insufficient_data_actions": null,
            "metric_name": "ApproximateNumberOfMessagesVisible",
            "metric_query": [],
            "namespace": "AWS/SQS",
            "ok_actions": null,
            "period": 60,
            "statistic": "Maximum",
            "tags": null,
            "threshold": 1,
            "threshold_metric_id": "",
            "treat_missing_data": "notBreaching",
            "unit": "Count"
          },
          "private": "eyJzY2hlbWFfdmVyc2lvbiI6IjEifQ=="
        },
        {
          "index_key": "kano-RrcInvToServiceNow_DLQ",
          "schema_version": 1,
          "attributes": {
            "actions_enabled": true,
            "alarm_actions": [
              "arn:aws:sns:eu-west-2:016818321538:App15549_Simplify-Core-Services_ECS-Dev_DevOps_Topic"
            ],
            "alarm_description": " The Number of Messages visible in the kano-RrcInvToServiceNow_DLQ queue is more than One.\n Please find the belowdetails of SQS Queue Metric.\n  Application_ID:    App15549  \n  Application_Name:  Simplify-Core-Services  \n  Platform_Name:     Simplify \n  Owner:             DevOps  \n  Enviornment:       Dev\n  QueueName:         kano-RrcInvToServiceNow_DLQ\n  Metric_Name:       ApproximateNumberOfMessagesVisible\n  Metric_value:      1  \n  Severity:          High\n",
            "alarm_name": "App15549|Simplify-Core-Services|SQS-Dev|kano-RrcInvToServiceNow_DLQ|ApproximateNumberOfMessagesVisible|1|High",
            "arn": "arn:aws:cloudwatch:eu-west-2:016818321538:alarm:App15549|Simplify-Core-Services|SQS-Dev|kano-RrcInvToServiceNow_DLQ|ApproximateNumberOfMessagesVisible|1|High",
            "comparison_operator": "GreaterThanOrEqualToThreshold",
            "datapoints_to_alarm": 0,
            "dimensions": {
              "QueueName": "kano-RrcInvToServiceNow_DLQ"
            },
            "evaluate_low_sample_count_percentiles": "",
            "evaluation_periods": 1,
            "extended_statistic": "",
            "id": "App15549|Simplify-Core-Services|SQS-Dev|kano-RrcInvToServiceNow_DLQ|ApproximateNumberOfMessagesVisible|1|High",
            "insufficient_data_actions": null,
            "metric_name": "ApproximateNumberOfMessagesVisible",
            "metric_query": [],
            "namespace": "AWS/SQS",
            "ok_actions": null,
            "period": 60,
            "statistic": "Maximum",
            "tags": null,
            "threshold": 1,
            "threshold_metric_id": "",
            "treat_missing_data": "notBreaching",
            "unit": "Count"
          },
          "private": "eyJzY2hlbWFfdmVyc2lvbiI6IjEifQ=="
        },
        {
          "index_key": "kano-SfdcEventsToServiceNow_DLQ",
          "schema_version": 1,
          "attributes": {
            "actions_enabled": true,
            "alarm_actions": [
              "arn:aws:sns:eu-west-2:016818321538:App15549_Simplify-Core-Services_ECS-Dev_DevOps_Topic"
            ],
            "alarm_description": " The Number of Messages visible in the kano-SfdcEventsToServiceNow_DLQ queue is more than One.\n Please find the below details of SQS Queue Metric.\n  Application_ID:    App15549  \n  Application_Name:  Simplify-Core-Services  \n  Platform_Name:     Simplify \n  Owner:             DevOps  \n  Enviornment:       Dev\n  QueueName:         kano-SfdcEventsToServiceNow_DLQ\n  Metric_Name:       ApproximateNumberOfMessagesVisible\n  Metric_value:      1  \n  Severity:          High\n",
            "alarm_name": "App15549|Simplify-Core-Services|SQS-Dev|kano-SfdcEventsToServiceNow_DLQ|ApproximateNumberOfMessagesVisible|1|High",
            "arn": "arn:aws:cloudwatch:eu-west-2:016818321538:alarm:App15549|Simplify-Core-Services|SQS-Dev|kano-SfdcEventsToServiceNow_DLQ|ApproximateNumberOfMessagesVisible|1|High",
            "comparison_operator": "GreaterThanOrEqualToThreshold",
            "datapoints_to_alarm": 0,
            "dimensions": {
              "QueueName": "kano-SfdcEventsToServiceNow_DLQ"
            },
            "evaluate_low_sample_count_percentiles": "",
            "evaluation_periods": 1,
            "extended_statistic": "",
            "id": "App15549|Simplify-Core-Services|SQS-Dev|kano-SfdcEventsToServiceNow_DLQ|ApproximateNumberOfMessagesVisible|1|High",
            "insufficient_data_actions": null,
            "metric_name": "ApproximateNumberOfMessagesVisible",
            "metric_query": [],
            "namespace": "AWS/SQS",
            "ok_actions": null,
            "period": 60,
            "statistic": "Maximum",
            "tags": null,
            "threshold": 1,
            "threshold_metric_id": "",
            "treat_missing_data": "notBreaching",
            "unit": "Count"
          },
          "private": "eyJzY2hlbWFfdmVyc2lvbiI6IjEifQ=="
        },
        {
          "index_key": "kano-SvcInvToServiceNow_DLQ",
          "schema_version": 1,
          "attributes": {
            "actions_enabled": true,
            "alarm_actions": [
              "arn:aws:sns:eu-west-2:016818321538:App15549_Simplify-Core-Services_ECS-Dev_DevOps_Topic"
            ],
            "alarm_description": " The Number of Messages visible in the kano-SvcInvToServiceNow_DLQ queue is more than One.\n Please find the belowdetails of SQS Queue Metric.\n  Application_ID:    App15549  \n  Application_Name:  Simplify-Core-Services  \n  Platform_Name:     Simplify \n  Owner:             DevOps  \n  Enviornment:       Dev\n  QueueName:         kano-SvcInvToServiceNow_DLQ\n  Metric_Name:       ApproximateNumberOfMessagesVisible\n  Metric_value:      1  \n  Severity:          High\n",
            "alarm_name": "App15549|Simplify-Core-Services|SQS-Dev|kano-SvcInvToServiceNow_DLQ|ApproximateNumberOfMessagesVisible|1|High",
            "arn": "arn:aws:cloudwatch:eu-west-2:016818321538:alarm:App15549|Simplify-Core-Services|SQS-Dev|kano-SvcInvToServiceNow_DLQ|ApproximateNumberOfMessagesVisible|1|High",
            "comparison_operator": "GreaterThanOrEqualToThreshold",
            "datapoints_to_alarm": 0,
            "dimensions": {
              "QueueName": "kano-SvcInvToServiceNow_DLQ"
            },
            "evaluate_low_sample_count_percentiles": "",
            "evaluation_periods": 1,
            "extended_statistic": "",
            "id": "App15549|Simplify-Core-Services|SQS-Dev|kano-SvcInvToServiceNow_DLQ|ApproximateNumberOfMessagesVisible|1|High",
            "insufficient_data_actions": null,
            "metric_name": "ApproximateNumberOfMessagesVisible",
            "metric_query": [],
            "namespace": "AWS/SQS",
            "ok_actions": null,
            "period": 60,
            "statistic": "Maximum",
            "tags": null,
            "threshold": 1,
            "threshold_metric_id": "",
            "treat_missing_data": "notBreaching",
            "unit": "Count"
          },
          "private": "eyJzY2hlbWFfdmVyc2lvbiI6IjEifQ=="
        }
      ]
    },
    {
      "mode": "managed",
      "type": "aws_cloudwatch_metric_alarm",
      "name": "gateway_error_4xx",
      "each": "map",
      "provider": "provider.aws",
      "instances": [
        {
          "index_key": "/customermanagement/account/notification/{source}",
          "schema_version": 1,
          "attributes": {
            "actions_enabled": true,
            "alarm_actions": [
              "arn:aws:sns:eu-west-2:016818321538:App15549_Simplify-Core-Services_ECS-Dev_DevOps_Topic"
            ],
            "alarm_description": " The /customermanagement/account/notification/{source} resource of bt-coreservices Api has exceeded it's  4XXErrorthreshold value.\n Please find the below details of ApiGateway Metric.\n  Application_ID:    App15549  \n  Application_Name:  Simplify-Core-Services \n  Service_Name:      /customermanagement/account/notification/{source}  \n  Platform_Name:     Simplify \n  Owner:             DevOps  \n  Enviornment:       Dev\n  ApiName:           bt-coreservices\n  Resource_Name:     /customermanagement/account/notification/{source}\n  Method:            POST\n  Stage:             dev\n  Metric_Name:       4XXError\n  Metric_value:      1  \n  Severity:          High\n\n  \n",
            "alarm_name": "App15549|Simplify-Core-Services|ApiGateway-Dev|bt-coreservices|/customermanagement/account/notification/{source}|POST|4XXError|1|High",
            "arn": "arn:aws:cloudwatch:eu-west-2:016818321538:alarm:App15549|Simplify-Core-Services|ApiGateway-Dev|bt-coreservices|/customermanagement/account/notification/{source}|POST|4XXError|1|High",
            "comparison_operator": "GreaterThanThreshold",
            "datapoints_to_alarm": 0,
            "dimensions": {
              "ApiName": "bt-coreservices",
              "Method": "POST",
              "Resource": "/customermanagement/account/notification/{source}",
              "Stage": "dev"
            },
            "evaluate_low_sample_count_percentiles": "",
            "evaluation_periods": 1,
            "extended_statistic": "",
            "id": "App15549|Simplify-Core-Services|ApiGateway-Dev|bt-coreservices|/customermanagement/account/notification/{source}|POST|4XXError|1|High",
            "insufficient_data_actions": null,
            "metric_name": "4XXError",
            "metric_query": [],
            "namespace": "AWS/ApiGateway",
            "ok_actions": null,
            "period": 60,
            "statistic": "Maximum",
            "tags": null,
            "threshold": 1,
            "threshold_metric_id": "",
            "treat_missing_data": "notBreaching",
            "unit": "Count"
          },
          "private": "eyJzY2hlbWFfdmVyc2lvbiI6IjEifQ=="
        },
        {
          "index_key": "/customermanagement/account/{id}",
          "schema_version": 1,
          "attributes": {
            "actions_enabled": true,
            "alarm_actions": [
              "arn:aws:sns:eu-west-2:016818321538:App15549_Simplify-Core-Services_ECS-Dev_DevOps_Topic"
            ],
            "alarm_description": " The /customermanagement/account/{id} resource of bt-coreservices Api has exceeded it's  4XXError threshold value.\n Please find the below details of ApiGateway Metric.\n  Application_ID:    App15549  \n  Application_Name:  Simplify-Core-Services  \n  Service_Name:      /customermanagement/account/{id}  \n  Platform_Name:     Simplify \n  Owner:             DevOps  \n  Enviornment:       Dev\n  ApiName:    bt-coreservices\n  Resource_Name:     /customermanagement/account/{id}\n  Method:            GET\n  Stage:             dev\n  Metric_Name:4XXError\n  Metric_value:      1  \n  Severity:          High\n\n  \n",
            "alarm_name": "App15549|Simplify-Core-Services|ApiGateway-Dev|bt-coreservices|/customermanagement/account/{id}|GET|4XXError|1|High",
            "arn": "arn:aws:cloudwatch:eu-west-2:016818321538:alarm:App15549|Simplify-Core-Services|ApiGateway-Dev|bt-coreservices|/customermanagement/account/{id}|GET|4XXError|1|High",
            "comparison_operator": "GreaterThanThreshold",
            "datapoints_to_alarm": 0,
            "dimensions": {
              "ApiName": "bt-coreservices",
              "Method": "GET",
              "Resource": "/customermanagement/account/{id}",
              "Stage": "dev"
            },
            "evaluate_low_sample_count_percentiles": "",
            "evaluation_periods": 1,
            "extended_statistic": "",
            "id": "App15549|Simplify-Core-Services|ApiGateway-Dev|bt-coreservices|/customermanagement/account/{id}|GET|4XXError|1|High",
            "insufficient_data_actions": null,
            "metric_name": "4XXError",
            "metric_query": [],
            "namespace": "AWS/ApiGateway",
            "ok_actions": null,
            "period": 60,
            "statistic": "Maximum",
            "tags": null,
            "threshold": 1,
            "threshold_metric_id": "",
            "treat_missing_data": "notBreaching",
            "unit": "Count"
          },
          "private": "eyJzY2hlbWFfdmVyc2lvbiI6IjEifQ=="
        },
        {
          "index_key": "/customermanagement/contact/{id}",
          "schema_version": 1,
          "attributes": {
            "actions_enabled": true,
            "alarm_actions": [
              "arn:aws:sns:eu-west-2:016818321538:App15549_Simplify-Core-Services_ECS-Dev_DevOps_Topic"
            ],
            "alarm_description": " The /customermanagement/contact/{id} resource of bt-coreservices Api has exceeded it's  4XXError threshold value.\n Please find the below details of ApiGateway Metric.\n  Application_ID:    App15549  \n  Application_Name:  Simplify-Core-Services  \n  Service_Name:      /customermanagement/contact/{id}  \n  Platform_Name:     Simplify \n  Owner:             DevOps  \n  Enviornment:       Dev\n  ApiName:    bt-coreservices\n  Resource_Name:     /customermanagement/contact/{id}\n  Method:            GET\n  Stage:             dev\n  Metric_Name:4XXError\n  Metric_value:      1  \n  Severity:          High\n\n  \n",
            "alarm_name": "App15549|Simplify-Core-Services|ApiGateway-Dev|bt-coreservices|/customermanagement/contact/{id}|GET|4XXError|1|High",
            "arn": "arn:aws:cloudwatch:eu-west-2:016818321538:alarm:App15549|Simplify-Core-Services|ApiGateway-Dev|bt-coreservices|/customermanagement/contact/{id}|GET|4XXError|1|High",
            "comparison_operator": "GreaterThanThreshold",
            "datapoints_to_alarm": 0,
            "dimensions": {
              "ApiName": "bt-coreservices",
              "Method": "GET",
              "Resource": "/customermanagement/contact/{id}",
              "Stage": "dev"
            },
            "evaluate_low_sample_count_percentiles": "",
            "evaluation_periods": 1,
            "extended_statistic": "",
            "id": "App15549|Simplify-Core-Services|ApiGateway-Dev|bt-coreservices|/customermanagement/contact/{id}|GET|4XXError|1|High",
            "insufficient_data_actions": null,
            "metric_name": "4XXError",
            "metric_query": [],
            "namespace": "AWS/ApiGateway",
            "ok_actions": null,
            "period": 60,
            "statistic": "Maximum",
            "tags": null,
            "threshold": 1,
            "threshold_metric_id": "",
            "treat_missing_data": "notBreaching",
            "unit": "Count"
          },
          "private": "eyJzY2hlbWFfdmVyc2lvbiI6IjEifQ=="
        },
        {
          "index_key": "/openreach/kcinotification",
          "schema_version": 1,
          "attributes": {
            "actions_enabled": true,
            "alarm_actions": [
              "arn:aws:sns:eu-west-2:016818321538:App15549_Simplify-Core-Services_ECS-Dev_DevOps_Topic"
            ],
            "alarm_description": " The /openreach/kcinotification resource of bt-coreservices Api has exceeded it's  4XXError threshold value.\n Please find the below details of ApiGateway Metric.\n  Application_ID:    App15549  \n  Application_Name:  Simplify-Core-Services  \n  Service_Name: /openreach/kcinotification  \n  Platform_Name:     Simplify \n  Owner:             DevOps  \n  Enviornment:       Dev\n  ApiName:           bt-coreservices\n  Resource_Name:     /openreach/kcinotification\n  Method:            POST\n  Stage:             dev\n  Metric_Name:       4XXError\n  Metric_value:      1  \n  Severity:          High\n\n  \n",
            "alarm_name": "App15549|Simplify-Core-Services|ApiGateway-Dev|bt-coreservices|/openreach/kcinotification|POST|4XXError|1|High",
            "arn": "arn:aws:cloudwatch:eu-west-2:016818321538:alarm:App15549|Simplify-Core-Services|ApiGateway-Dev|bt-coreservices|/openreach/kcinotification|POST|4XXError|1|High",
            "comparison_operator": "GreaterThanThreshold",
            "datapoints_to_alarm": 0,
            "dimensions": {
              "ApiName": "bt-coreservices",
              "Method": "POST",
              "Resource": "/openreach/kcinotification",
              "Stage": "dev"
            },
            "evaluate_low_sample_count_percentiles": "",
            "evaluation_periods": 1,
            "extended_statistic": "",
            "id": "App15549|Simplify-Core-Services|ApiGateway-Dev|bt-coreservices|/openreach/kcinotification|POST|4XXError|1|High",
            "insufficient_data_actions": null,
            "metric_name": "4XXError",
            "metric_query": [],
            "namespace": "AWS/ApiGateway",
            "ok_actions": null,
            "period": 60,
            "statistic": "Maximum",
            "tags": null,
            "threshold": 1,
            "threshold_metric_id": "",
            "treat_missing_data": "notBreaching",
            "unit": "Count"
          },
          "private": "eyJzY2hlbWFfdmVyc2lvbiI6IjEifQ=="
        },
        {
          "index_key": "/partymanagement/notification",
          "schema_version": 1,
          "attributes": {
            "actions_enabled": true,
            "alarm_actions": [
              "arn:aws:sns:eu-west-2:016818321538:App15549_Simplify-Core-Services_ECS-Dev_DevOps_Topic"
            ],
            "alarm_description": " The /partymanagement/notification resource of bt-coreservices Api has exceeded it's  4XXError threshold value.\n Please find the below details of ApiGateway Metric.\n  Application_ID:    App15549  \n  Application_Name:  Simplify-Core-Services  \n  Service_Name:    /partymanagement/notification  \n  Platform_Name:     Simplify \n  Owner:             DevOps  \n  Enviornment:       Dev\n  ApiName:           bt-coreservices\n  Resource_Name:     /partymanagement/notification\n  Method:            POST\n  Stage:             dev\n  Metric_Name:       4XXError\n  Metric_value:      1  \n  Severity:          High\n\n  \n",
            "alarm_name": "App15549|Simplify-Core-Services|ApiGateway-Dev|bt-coreservices|/partymanagement/notification|POST|4XXError|1|High",
            "arn": "arn:aws:cloudwatch:eu-west-2:016818321538:alarm:App15549|Simplify-Core-Services|ApiGateway-Dev|bt-coreservices|/partymanagement/notification|POST|4XXError|1|High",
            "comparison_operator": "GreaterThanThreshold",
            "datapoints_to_alarm": 0,
            "dimensions": {
              "ApiName": "bt-coreservices",
              "Method": "POST",
              "Resource": "/partymanagement/notification",
              "Stage": "dev"
            },
            "evaluate_low_sample_count_percentiles": "",
            "evaluation_periods": 1,
            "extended_statistic": "",
            "id": "App15549|Simplify-Core-Services|ApiGateway-Dev|bt-coreservices|/partymanagement/notification|POST|4XXError|1|High",
            "insufficient_data_actions": null,
            "metric_name": "4XXError",
            "metric_query": [],
            "namespace": "AWS/ApiGateway",
            "ok_actions": null,
            "period": 60,
            "statistic": "Maximum",
            "tags": null,
            "threshold": 1,
            "threshold_metric_id": "",
            "treat_missing_data": "notBreaching",
            "unit": "Count"
          },
          "private": "eyJzY2hlbWFfdmVyc2lvbiI6IjEifQ=="
        },
        {
          "index_key": "/productinventorymanagement/notification",
          "schema_version": 1,
          "attributes": {
            "actions_enabled": true,
            "alarm_actions": [
              "arn:aws:sns:eu-west-2:016818321538:App15549_Simplify-Core-Services_ECS-Dev_DevOps_Topic"
            ],
            "alarm_description": " The /productinventorymanagement/notification resource of bt-coreservices Api has exceeded it's  4XXError threshold value.\n Please find the below details of ApiGateway Metric.\n  Application_ID:    App15549  \n  Application_Name:  Simplify-Core-Services  \n  Service_Name:      /productinventorymanagement/notification  \n  Platform_Name:     Simplify \n  Owner:             DevOps  \n  Enviornment:       Dev\n ApiName:           bt-coreservices\n  Resource_Name:     /productinventorymanagement/notification\n  Method:            POST\n  Stage:             dev\n  Metric_Name:       4XXError\n  Metric_value:      1  \n  Severity:          High\n\n  \n",
            "alarm_name": "App15549|Simplify-Core-Services|ApiGateway-Dev|bt-coreservices|/productinventorymanagement/notification|POST|4XXError|1|High",
            "arn": "arn:aws:cloudwatch:eu-west-2:016818321538:alarm:App15549|Simplify-Core-Services|ApiGateway-Dev|bt-coreservices|/productinventorymanagement/notification|POST|4XXError|1|High",
            "comparison_operator": "GreaterThanThreshold",
            "datapoints_to_alarm": 0,
            "dimensions": {
              "ApiName": "bt-coreservices",
              "Method": "POST",
              "Resource": "/productinventorymanagement/notification",
              "Stage": "dev"
            },
            "evaluate_low_sample_count_percentiles": "",
            "evaluation_periods": 1,
            "extended_statistic": "",
            "id": "App15549|Simplify-Core-Services|ApiGateway-Dev|bt-coreservices|/productinventorymanagement/notification|POST|4XXError|1|High",
            "insufficient_data_actions": null,
            "metric_name": "4XXError",
            "metric_query": [],
            "namespace": "AWS/ApiGateway",
            "ok_actions": null,
            "period": 60,
            "statistic": "Maximum",
            "tags": null,
            "threshold": 1,
            "threshold_metric_id": "",
            "treat_missing_data": "notBreaching",
            "unit": "Count"
          },
          "private": "eyJzY2hlbWFfdmVyc2lvbiI6IjEifQ=="
        },
        {
          "index_key": "/resourceinventorymanagement/notification",
          "schema_version": 1,
          "attributes": {
            "actions_enabled": true,
            "alarm_actions": [
              "arn:aws:sns:eu-west-2:016818321538:App15549_Simplify-Core-Services_ECS-Dev_DevOps_Topic"
            ],
            "alarm_description": " The /resourceinventorymanagement/notification resource of bt-coreservices Api has exceeded it's  4XXError threshold value.\n Please find the below details of ApiGateway Metric.\n  Application_ID:    App15549  \n  Application_Name:  Simplify-Core-Services  \n  Service_Name:      /resourceinventorymanagement/notification  \n  Platform_Name:     Simplify \n  Owner:             DevOps  \n  Enviornment:       Dev\n  ApiName:           bt-coreservices\n  Resource_Name:     /resourceinventorymanagement/notification\n  Method:            POST\n  Stage:  dev\n  Metric_Name:       4XXError\n  Metric_value:      1  \n  Severity:          High\n\n  \n",
            "alarm_name": "App15549|Simplify-Core-Services|ApiGateway-Dev|bt-coreservices|/resourceinventorymanagement/notification|POST|4XXError|1|High",
            "arn": "arn:aws:cloudwatch:eu-west-2:016818321538:alarm:App15549|Simplify-Core-Services|ApiGateway-Dev|bt-coreservices|/resourceinventorymanagement/notification|POST|4XXError|1|High",
            "comparison_operator": "GreaterThanThreshold",
            "datapoints_to_alarm": 0,
            "dimensions": {
              "ApiName": "bt-coreservices",
              "Method": "POST",
              "Resource": "/resourceinventorymanagement/notification",
              "Stage": "dev"
            },
            "evaluate_low_sample_count_percentiles": "",
            "evaluation_periods": 1,
            "extended_statistic": "",
            "id": "App15549|Simplify-Core-Services|ApiGateway-Dev|bt-coreservices|/resourceinventorymanagement/notification|POST|4XXError|1|High",
            "insufficient_data_actions": null,
            "metric_name": "4XXError",
            "metric_query": [],
            "namespace": "AWS/ApiGateway",
            "ok_actions": null,
            "period": 60,
            "statistic": "Maximum",
            "tags": null,
            "threshold": 1,
            "threshold_metric_id": "",
            "treat_missing_data": "notBreaching",
            "unit": "Count"
          },
          "private": "eyJzY2hlbWFfdmVyc2lvbiI6IjEifQ=="
        },
        {
          "index_key": "/serviceinventorymanagement/notification",
          "schema_version": 1,
          "attributes": {
            "actions_enabled": true,
            "alarm_actions": [
              "arn:aws:sns:eu-west-2:016818321538:App15549_Simplify-Core-Services_ECS-Dev_DevOps_Topic"
            ],
            "alarm_description": " The /serviceinventorymanagement/notification resource of bt-coreservices Api has exceeded it's  4XXError threshold value.\n Please find the below details of ApiGateway Metric.\n  Application_ID:    App15549  \n  Application_Name:  Simplify-Core-Services  \n  Service_Name:      /serviceinventorymanagement/notification  \n  Platform_Name:     Simplify \n  Owner:             DevOps  \n  Enviornment:       Dev\n ApiName:           bt-coreservices\n  Resource_Name:     /serviceinventorymanagement/notification\n  Method:            POST\n  Stage:             dev\n  Metric_Name:       4XXError\n  Metric_value:      1  \n  Severity:          High\n\n  \n",
            "alarm_name": "App15549|Simplify-Core-Services|ApiGateway-Dev|bt-coreservices|/serviceinventorymanagement/notification|POST|4XXError|1|High",
            "arn": "arn:aws:cloudwatch:eu-west-2:016818321538:alarm:App15549|Simplify-Core-Services|ApiGateway-Dev|bt-coreservices|/serviceinventorymanagement/notification|POST|4XXError|1|High",
            "comparison_operator": "GreaterThanThreshold",
            "datapoints_to_alarm": 0,
            "dimensions": {
              "ApiName": "bt-coreservices",
              "Method": "POST",
              "Resource": "/serviceinventorymanagement/notification",
              "Stage": "dev"
            },
            "evaluate_low_sample_count_percentiles": "",
            "evaluation_periods": 1,
            "extended_statistic": "",
            "id": "App15549|Simplify-Core-Services|ApiGateway-Dev|bt-coreservices|/serviceinventorymanagement/notification|POST|4XXError|1|High",
            "insufficient_data_actions": null,
            "metric_name": "4XXError",
            "metric_query": [],
            "namespace": "AWS/ApiGateway",
            "ok_actions": null,
            "period": 60,
            "statistic": "Maximum",
            "tags": null,
            "threshold": 1,
            "threshold_metric_id": "",
            "treat_missing_data": "notBreaching",
            "unit": "Count"
          },
          "private": "eyJzY2hlbWFfdmVyc2lvbiI6IjEifQ=="
        },
        {
          "index_key": "/serviceinventorymanagement/notification/{consumer-filter}",
          "schema_version": 1,
          "attributes": {
            "actions_enabled": true,
            "alarm_actions": [
              "arn:aws:sns:eu-west-2:016818321538:App15549_Simplify-Core-Services_ECS-Dev_DevOps_Topic"
            ],
            "alarm_description": " The /serviceinventorymanagement/notification/{consumer-filter} resource of bt-coreservices Api has exceeded it's4XXError threshold value.\n Please find the below details of ApiGateway Metric.\n  Application_ID:    App15549  \n  Application_Name:  Simplify-Core-Services  \n  Service_Name:      /serviceinventorymanagement/notification/{consumer-filter}  \n  Platform_Name:     Simplify \n  Owner:             DevOps  \n  Enviornment:       Dev\n  ApiName:           bt-coreservices\n  Resource_Name:     /serviceinventorymanagement/notification/{consumer-filter}\n  Method:            POST\n  Stage:             dev\n  Metric_Name:       4XXError\n  Metric_value:      1  \n  Severity:          High\n\n  \n",
            "alarm_name": "App15549|Simplify-Core-Services|ApiGateway-Dev|bt-coreservices|/serviceinventorymanagement/notification/{consumer-filter}|POST|4XXError|1|High",
            "arn": "arn:aws:cloudwatch:eu-west-2:016818321538:alarm:App15549|Simplify-Core-Services|ApiGateway-Dev|bt-coreservices|/serviceinventorymanagement/notification/{consumer-filter}|POST|4XXError|1|High",
            "comparison_operator": "GreaterThanThreshold",
            "datapoints_to_alarm": 0,
            "dimensions": {
              "ApiName": "bt-coreservices",
              "Method": "POST",
              "Resource": "/serviceinventorymanagement/notification/{consumer-filter}",
              "Stage": "dev"
            },
            "evaluate_low_sample_count_percentiles": "",
            "evaluation_periods": 1,
            "extended_statistic": "",
            "id": "App15549|Simplify-Core-Services|ApiGateway-Dev|bt-coreservices|/serviceinventorymanagement/notification/{consumer-filter}|POST|4XXError|1|High",
            "insufficient_data_actions": null,
            "metric_name": "4XXError",
            "metric_query": [],
            "namespace": "AWS/ApiGateway",
            "ok_actions": null,
            "period": 60,
            "statistic": "Maximum",
            "tags": null,
            "threshold": 1,
            "threshold_metric_id": "",
            "treat_missing_data": "notBreaching",
            "unit": "Count"
          },
          "private": "eyJzY2hlbWFfdmVyc2lvbiI6IjEifQ=="
        },
        {
          "index_key": "/serviceordermanagement/mop-serviceorder",
          "schema_version": 1,
          "attributes": {
            "actions_enabled": true,
            "alarm_actions": [
              "arn:aws:sns:eu-west-2:016818321538:App15549_Simplify-Core-Services_ECS-Dev_DevOps_Topic"
            ],
            "alarm_description": " The /serviceordermanagement/mop-serviceorder resource of bt-coreservices Api has exceeded it's  4XXError threshold value.\n Please find the below details of ApiGateway Metric.\n  Application_ID:    App15549  \n  Application_Name:  Simplify-Core-Services  \n  Service_Name:      /serviceordermanagement/mop-serviceorder  \n  Platform_Name:     Simplify \n  Owner:             DevOps  \n  Enviornment:       Dev\n ApiName:           bt-coreservices\n  Resource_Name:     /serviceordermanagement/mop-serviceorder\n  Method:            POST\n  Stage:             dev\n  Metric_Name:       4XXError\n  Metric_value:      1  \n  Severity:          High\n\n  \n",
            "alarm_name": "App15549|Simplify-Core-Services|ApiGateway-Dev|bt-coreservices|/serviceordermanagement/mop-serviceorder|POST|4XXError|1|High",
            "arn": "arn:aws:cloudwatch:eu-west-2:016818321538:alarm:App15549|Simplify-Core-Services|ApiGateway-Dev|bt-coreservices|/serviceordermanagement/mop-serviceorder|POST|4XXError|1|High",
            "comparison_operator": "GreaterThanThreshold",
            "datapoints_to_alarm": 0,
            "dimensions": {
              "ApiName": "bt-coreservices",
              "Method": "POST",
              "Resource": "/serviceordermanagement/mop-serviceorder",
              "Stage": "dev"
            },
            "evaluate_low_sample_count_percentiles": "",
            "evaluation_periods": 1,
            "extended_statistic": "",
            "id": "App15549|Simplify-Core-Services|ApiGateway-Dev|bt-coreservices|/serviceordermanagement/mop-serviceorder|POST|4XXError|1|High",
            "insufficient_data_actions": null,
            "metric_name": "4XXError",
            "metric_query": [],
            "namespace": "AWS/ApiGateway",
            "ok_actions": null,
            "period": 60,
            "statistic": "Maximum",
            "tags": null,
            "threshold": 1,
            "threshold_metric_id": "",
            "treat_missing_data": "notBreaching",
            "unit": "Count"
          },
          "private": "eyJzY2hlbWFfdmVyc2lvbiI6IjEifQ=="
        },
        {
          "index_key": "/serviceordermanagement/serviceorder",
          "schema_version": 1,
          "attributes": {
            "actions_enabled": true,
            "alarm_actions": [
              "arn:aws:sns:eu-west-2:016818321538:App15549_Simplify-Core-Services_ECS-Dev_DevOps_Topic"
            ],
            "alarm_description": " The /serviceordermanagement/serviceorder resource of bt-coreservices Api has exceeded it's  4XXError threshold value.\n Please find the below details of ApiGateway Metric.\n  Application_ID:    App15549  \n  Application_Name:  Simplify-Core-Services  \n  Service_Name:      /serviceordermanagement/serviceorder  \n  Platform_Name:     Simplify \n  Owner:             DevOps  \n  Enviornment:       Dev\n  ApiName:           bt-coreservices\n  Resource_Name:     /serviceordermanagement/serviceorder\n  Method:            POST\n  Stage:             dev\n  Metric_Name:       4XXError\n  Metric_value:      1  \n  Severity:          High\n\n  \n",
            "alarm_name": "App15549|Simplify-Core-Services|ApiGateway-Dev|bt-coreservices|/serviceordermanagement/serviceorder|POST|4XXError|1|High",
            "arn": "arn:aws:cloudwatch:eu-west-2:016818321538:alarm:App15549|Simplify-Core-Services|ApiGateway-Dev|bt-coreservices|/serviceordermanagement/serviceorder|POST|4XXError|1|High",
            "comparison_operator": "GreaterThanThreshold",
            "datapoints_to_alarm": 0,
            "dimensions": {
              "ApiName": "bt-coreservices",
              "Method": "POST",
              "Resource": "/serviceordermanagement/serviceorder",
              "Stage": "dev"
            },
            "evaluate_low_sample_count_percentiles": "",
            "evaluation_periods": 1,
            "extended_statistic": "",
            "id": "App15549|Simplify-Core-Services|ApiGateway-Dev|bt-coreservices|/serviceordermanagement/serviceorder|POST|4XXError|1|High",
            "insufficient_data_actions": null,
            "metric_name": "4XXError",
            "metric_query": [],
            "namespace": "AWS/ApiGateway",
            "ok_actions": null,
            "period": 60,
            "statistic": "Maximum",
            "tags": null,
            "threshold": 1,
            "threshold_metric_id": "",
            "treat_missing_data": "notBreaching",
            "unit": "Count"
          },
          "private": "eyJzY2hlbWFfdmVyc2lvbiI6IjEifQ=="
        },
        {
          "index_key": "serviceordermanagement/mop-serviceorder-notifications",
          "schema_version": 1,
          "attributes": {
            "actions_enabled": true,
            "alarm_actions": [
              "arn:aws:sns:eu-west-2:016818321538:App15549_Simplify-Core-Services_ECS-Dev_DevOps_Topic"
            ],
            "alarm_description": " The serviceordermanagement/mop-serviceorder-notifications resource of bt-coreservices Api has exceeded it's  4XXError threshold value.\n Please find the below details of ApiGateway Metric.\n  Application_ID:    App15549  \n  Application_Name:  Simplify-Core-Services  \n  Service_Name:      serviceordermanagement/mop-serviceorder-notifications  \n  Platform_Name:     Simplify \n  Owner:             DevOps  \n Enviornment:       Dev\n  ApiName:           bt-coreservices\n  Resource_Name:     serviceordermanagement/mop-serviceorder-notifications\n  Method:           POST\n  Stage:             dev\n  Metric_Name:       4XXError\n  Metric_value:      1  \n  Severity:          High\n\n  \n",
            "alarm_name": "App15549|Simplify-Core-Services|ApiGateway-Dev|bt-coreservices|serviceordermanagement/mop-serviceorder-notifications|POST|4XXError|1|High",
            "arn": "arn:aws:cloudwatch:eu-west-2:016818321538:alarm:App15549|Simplify-Core-Services|ApiGateway-Dev|bt-coreservices|serviceordermanagement/mop-serviceorder-notifications|POST|4XXError|1|High",
            "comparison_operator": "GreaterThanThreshold",
            "datapoints_to_alarm": 0,
            "dimensions": {
              "ApiName": "bt-coreservices",
              "Method": "POST",
              "Resource": "serviceordermanagement/mop-serviceorder-notifications",
              "Stage": "dev"
            },
            "evaluate_low_sample_count_percentiles": "",
            "evaluation_periods": 1,
            "extended_statistic": "",
            "id": "App15549|Simplify-Core-Services|ApiGateway-Dev|bt-coreservices|serviceordermanagement/mop-serviceorder-notifications|POST|4XXError|1|High",
            "insufficient_data_actions": null,
            "metric_name": "4XXError",
            "metric_query": [],
            "namespace": "AWS/ApiGateway",
            "ok_actions": null,
            "period": 60,
            "statistic": "Maximum",
            "tags": null,
            "threshold": 1,
            "threshold_metric_id": "",
            "treat_missing_data": "notBreaching",
            "unit": "Count"
          },
          "private": "eyJzY2hlbWFfdmVyc2lvbiI6IjEifQ=="
        }
      ]
    },
    {
      "mode": "managed",
      "type": "aws_cloudwatch_metric_alarm",
      "name": "gateway_error_4xx_private",
      "each": "map",
      "provider": "provider.aws",
      "instances": [
        {
          "index_key": "/customermanagement/account/notification/{source}",
          "schema_version": 1,
          "attributes": {
            "actions_enabled": true,
            "alarm_actions": [
              "arn:aws:sns:eu-west-2:016818321538:App15549_Simplify-Core-Services_ECS-Dev_DevOps_Topic"
            ],
            "alarm_description": " The /customermanagement/account/notification/{source} resource of bt-coreservices-ma-ssl Api has exceeded it's  4XXError threshold value.\n Please find the below details of ApiGateway Metric.\n  Application_ID:    App15549  \n  Application_Name:  Simplify-Core-Services  \n  Service_Name:      /customermanagement/account/notification/{source}  \n  Platform_Name:     Simplify \n  Owner:             DevOps  \nEnviornment:       Dev\n  ApiName:           bt-coreservices-ma-ssl\n  Resource_Name:     /customermanagement/account/notification/{source}\n  Method:            POST\n  Stage:             dev\n  Metric_Name:       4XXError\n  Metric_value:      1  \n  Severity:          High\n\n  \n",
            "alarm_name": "App15549|Simplify-Core-Services|ApiGateway-Dev|bt-coreservices-ma-ssl|/customermanagement/account/notification/{source}|POST|4XXError|1|High",
            "arn": "arn:aws:cloudwatch:eu-west-2:016818321538:alarm:App15549|Simplify-Core-Services|ApiGateway-Dev|bt-coreservices-ma-ssl|/customermanagement/account/notification/{source}|POST|4XXError|1|High",
            "comparison_operator": "GreaterThanThreshold",
            "datapoints_to_alarm": 0,
            "dimensions": {
              "ApiName": "bt-coreservices-ma-ssl",
              "Method": "POST",
              "Resource": "/customermanagement/account/notification/{source}",
              "Stage": "dev"
            },
            "evaluate_low_sample_count_percentiles": "",
            "evaluation_periods": 1,
            "extended_statistic": "",
            "id": "App15549|Simplify-Core-Services|ApiGateway-Dev|bt-coreservices-ma-ssl|/customermanagement/account/notification/{source}|POST|4XXError|1|High",
            "insufficient_data_actions": null,
            "metric_name": "4XXError",
            "metric_query": [],
            "namespace": "AWS/ApiGateway",
            "ok_actions": null,
            "period": 60,
            "statistic": "Maximum",
            "tags": null,
            "threshold": 1,
            "threshold_metric_id": "",
            "treat_missing_data": "notBreaching",
            "unit": "Count"
          },
          "private": "eyJzY2hlbWFfdmVyc2lvbiI6IjEifQ=="
        },
        {
          "index_key": "/customermanagement/account/{id}",
          "schema_version": 1,
          "attributes": {
            "actions_enabled": true,
            "alarm_actions": [
              "arn:aws:sns:eu-west-2:016818321538:App15549_Simplify-Core-Services_ECS-Dev_DevOps_Topic"
            ],
            "alarm_description": " The /customermanagement/account/{id} resource of bt-coreservices-ma-ssl Api has exceeded it's  4XXError thresholdvalue.\n Please find the below details of ApiGateway Metric.\n  Application_ID:    App15549  \n  Application_Name:  Simplify-Core-Services  \n  Service_Name:      /customermanagement/account/{id}  \n  Platform_Name:     Simplify \n  Owner:             DevOps  \n  Enviornment:       Dev\n  ApiName:           bt-coreservices-ma-ssl\n  Resource_Name:     /customermanagement/account/{id}\n  Method:            GET\n  Stage:             dev\n  Metric_Name:       4XXError\n  Metric_value:      1  \n  Severity:          High\n\n  \n",
            "alarm_name": "App15549|Simplify-Core-Services|ApiGateway-Dev|bt-coreservices-ma-ssl|/customermanagement/account/{id}|GET|4XXError|1|High",
            "arn": "arn:aws:cloudwatch:eu-west-2:016818321538:alarm:App15549|Simplify-Core-Services|ApiGateway-Dev|bt-coreservices-ma-ssl|/customermanagement/account/{id}|GET|4XXError|1|High",
            "comparison_operator": "GreaterThanThreshold",
            "datapoints_to_alarm": 0,
            "dimensions": {
              "ApiName": "bt-coreservices-ma-ssl",
              "Method": "GET",
              "Resource": "/customermanagement/account/{id}",
              "Stage": "dev"
            },
            "evaluate_low_sample_count_percentiles": "",
            "evaluation_periods": 1,
            "extended_statistic": "",
            "id": "App15549|Simplify-Core-Services|ApiGateway-Dev|bt-coreservices-ma-ssl|/customermanagement/account/{id}|GET|4XXError|1|High",
            "insufficient_data_actions": null,
            "metric_name": "4XXError",
            "metric_query": [],
            "namespace": "AWS/ApiGateway",
            "ok_actions": null,
            "period": 60,
            "statistic": "Maximum",
            "tags": null,
            "threshold": 1,
            "threshold_metric_id": "",
            "treat_missing_data": "notBreaching",
            "unit": "Count"
          },
          "private": "eyJzY2hlbWFfdmVyc2lvbiI6IjEifQ=="
        },
        {
          "index_key": "/customermanagement/contact/{id}",
          "schema_version": 1,
          "attributes": {
            "actions_enabled": true,
            "alarm_actions": [
              "arn:aws:sns:eu-west-2:016818321538:App15549_Simplify-Core-Services_ECS-Dev_DevOps_Topic"
            ],
            "alarm_description": " The /customermanagement/contact/{id} resource of bt-coreservices-ma-ssl Api has exceeded it's  4XXError thresholdvalue.\n Please find the below details of ApiGateway Metric.\n  Application_ID:    App15549  \n  Application_Name:  Simplify-Core-Services  \n  Service_Name:      /customermanagement/contact/{id}  \n  Platform_Name:     Simplify \n  Owner:             DevOps  \n  Enviornment:       Dev\n  ApiName:           bt-coreservices-ma-ssl\n  Resource_Name:     /customermanagement/contact/{id}\n  Method:            GET\n  Stage:             dev\n  Metric_Name:       4XXError\n  Metric_value:      1  \n  Severity:          High\n\n  \n",
            "alarm_name": "App15549|Simplify-Core-Services|ApiGateway-Dev|bt-coreservices-ma-ssl|/customermanagement/contact/{id}|GET|4XXError|1|High",
            "arn": "arn:aws:cloudwatch:eu-west-2:016818321538:alarm:App15549|Simplify-Core-Services|ApiGateway-Dev|bt-coreservices-ma-ssl|/customermanagement/contact/{id}|GET|4XXError|1|High",
            "comparison_operator": "GreaterThanThreshold",
            "datapoints_to_alarm": 0,
            "dimensions": {
              "ApiName": "bt-coreservices-ma-ssl",
              "Method": "GET",
              "Resource": "/customermanagement/contact/{id}",
              "Stage": "dev"
            },
            "evaluate_low_sample_count_percentiles": "",
            "evaluation_periods": 1,
            "extended_statistic": "",
            "id": "App15549|Simplify-Core-Services|ApiGateway-Dev|bt-coreservices-ma-ssl|/customermanagement/contact/{id}|GET|4XXError|1|High",
            "insufficient_data_actions": null,
            "metric_name": "4XXError",
            "metric_query": [],
            "namespace": "AWS/ApiGateway",
            "ok_actions": null,
            "period": 60,
            "statistic": "Maximum",
            "tags": null,
            "threshold": 1,
            "threshold_metric_id": "",
            "treat_missing_data": "notBreaching",
            "unit": "Count"
          },
          "private": "eyJzY2hlbWFfdmVyc2lvbiI6IjEifQ=="
        },
        {
          "index_key": "/openreach/kcinotification",
          "schema_version": 1,
          "attributes": {
            "actions_enabled": true,
            "alarm_actions": [
              "arn:aws:sns:eu-west-2:016818321538:App15549_Simplify-Core-Services_ECS-Dev_DevOps_Topic"
            ],
            "alarm_description": " The /openreach/kcinotification resource of bt-coreservices-ma-ssl Api has exceeded it's  4XXError threshold value.\n Please find the below details of ApiGateway Metric.\n  Application_ID:    App15549  \n  Application_Name:  Simplify-Core-Services  \n  Service_Name:      /openreach/kcinotification  \n  Platform_Name:     Simplify \n  Owner:             DevOps  \n  Enviornment:       Dev\n  ApiName:           bt-coreservices-ma-ssl\n  Resource_Name:     /openreach/kcinotification\n  Method:            POST\n  Stage:             dev\n  Metric_Name:       4XXError\n  Metric_value:      1  \n  Severity:          High\n\n  \n",
            "alarm_name": "App15549|Simplify-Core-Services|ApiGateway-Dev|bt-coreservices-ma-ssl|/openreach/kcinotification|POST|4XXError|1|High",
            "arn": "arn:aws:cloudwatch:eu-west-2:016818321538:alarm:App15549|Simplify-Core-Services|ApiGateway-Dev|bt-coreservices-ma-ssl|/openreach/kcinotification|POST|4XXError|1|High",
            "comparison_operator": "GreaterThanThreshold",
            "datapoints_to_alarm": 0,
            "dimensions": {
              "ApiName": "bt-coreservices-ma-ssl",
              "Method": "POST",
              "Resource": "/openreach/kcinotification",
              "Stage": "dev"
            },
            "evaluate_low_sample_count_percentiles": "",
            "evaluation_periods": 1,
            "extended_statistic": "",
            "id": "App15549|Simplify-Core-Services|ApiGateway-Dev|bt-coreservices-ma-ssl|/openreach/kcinotification|POST|4XXError|1|High",
            "insufficient_data_actions": null,
            "metric_name": "4XXError",
            "metric_query": [],
            "namespace": "AWS/ApiGateway",
            "ok_actions": null,
            "period": 60,
            "statistic": "Maximum",
            "tags": null,
            "threshold": 1,
            "threshold_metric_id": "",
            "treat_missing_data": "notBreaching",
            "unit": "Count"
          },
          "private": "eyJzY2hlbWFfdmVyc2lvbiI6IjEifQ=="
        },
        {
          "index_key": "/partymanagement/notification",
          "schema_version": 1,
          "attributes": {
            "actions_enabled": true,
            "alarm_actions": [
              "arn:aws:sns:eu-west-2:016818321538:App15549_Simplify-Core-Services_ECS-Dev_DevOps_Topic"
            ],
            "alarm_description": " The /partymanagement/notification resource of bt-coreservices-ma-ssl Api has exceeded it's  4XXError threshold value.\n Please find the below details of ApiGateway Metric.\n  Application_ID:    App15549  \n  Application_Name:  Simplify-Core-Services  \n  Service_Name:      /partymanagement/notification  \n  Platform_Name:     Simplify \n  Owner:             DevOps  \n  Enviornment:       Dev\n  ApiName:     bt-coreservices-ma-ssl\n  Resource_Name:     /partymanagement/notification\n  Method:            POST\n  Stage:             dev\n  Metric_Name:      4XXError\n  Metric_value:      1  \n  Severity:          High\n\n  \n",
            "alarm_name": "App15549|Simplify-Core-Services|ApiGateway-Dev|bt-coreservices-ma-ssl|/partymanagement/notification|POST|4XXError|1|High",
            "arn": "arn:aws:cloudwatch:eu-west-2:016818321538:alarm:App15549|Simplify-Core-Services|ApiGateway-Dev|bt-coreservices-ma-ssl|/partymanagement/notification|POST|4XXError|1|High",
            "comparison_operator": "GreaterThanThreshold",
            "datapoints_to_alarm": 0,
            "dimensions": {
              "ApiName": "bt-coreservices-ma-ssl",
              "Method": "POST",
              "Resource": "/partymanagement/notification",
              "Stage": "dev"
            },
            "evaluate_low_sample_count_percentiles": "",
            "evaluation_periods": 1,
            "extended_statistic": "",
            "id": "App15549|Simplify-Core-Services|ApiGateway-Dev|bt-coreservices-ma-ssl|/partymanagement/notification|POST|4XXError|1|High",
            "insufficient_data_actions": null,
            "metric_name": "4XXError",
            "metric_query": [],
            "namespace": "AWS/ApiGateway",
            "ok_actions": null,
            "period": 60,
            "statistic": "Maximum",
            "tags": null,
            "threshold": 1,
            "threshold_metric_id": "",
            "treat_missing_data": "notBreaching",
            "unit": "Count"
          },
          "private": "eyJzY2hlbWFfdmVyc2lvbiI6IjEifQ=="
        },
        {
          "index_key": "/productinventorymanagement/notification",
          "schema_version": 1,
          "attributes": {
            "actions_enabled": true,
            "alarm_actions": [
              "arn:aws:sns:eu-west-2:016818321538:App15549_Simplify-Core-Services_ECS-Dev_DevOps_Topic"
            ],
            "alarm_description": " The /productinventorymanagement/notification resource of bt-coreservices-ma-ssl Api has exceeded it's  4XXError threshold value.\n Please find the below details of ApiGateway Metric.\n  Application_ID:    App15549  \n  Application_Name:  Simplify-Core-Services  \n  Service_Name:      /productinventorymanagement/notification  \n  Platform_Name:     Simplify \n  Owner:             DevOps  \n  Enviornment: Dev\n  ApiName:           bt-coreservices-ma-ssl\n  Resource_Name:     /productinventorymanagement/notification\n  Method:            POST\n  Stage:             dev\n  Metric_Name:       4XXError\n  Metric_value:      1  \n  Severity:          High\n\n  \n",
            "alarm_name": "App15549|Simplify-Core-Services|ApiGateway-Dev|bt-coreservices-ma-ssl|/productinventorymanagement/notification|POST|4XXError|1|High",
            "arn": "arn:aws:cloudwatch:eu-west-2:016818321538:alarm:App15549|Simplify-Core-Services|ApiGateway-Dev|bt-coreservices-ma-ssl|/productinventorymanagement/notification|POST|4XXError|1|High",
            "comparison_operator": "GreaterThanThreshold",
            "datapoints_to_alarm": 0,
            "dimensions": {
              "ApiName": "bt-coreservices-ma-ssl",
              "Method": "POST",
              "Resource": "/productinventorymanagement/notification",
              "Stage": "dev"
            },
            "evaluate_low_sample_count_percentiles": "",
            "evaluation_periods": 1,
            "extended_statistic": "",
            "id": "App15549|Simplify-Core-Services|ApiGateway-Dev|bt-coreservices-ma-ssl|/productinventorymanagement/notification|POST|4XXError|1|High",
            "insufficient_data_actions": null,
            "metric_name": "4XXError",
            "metric_query": [],
            "namespace": "AWS/ApiGateway",
            "ok_actions": null,
            "period": 60,
            "statistic": "Maximum",
            "tags": null,
            "threshold": 1,
            "threshold_metric_id": "",
            "treat_missing_data": "notBreaching",
            "unit": "Count"
          },
          "private": "eyJzY2hlbWFfdmVyc2lvbiI6IjEifQ=="
        },
        {
          "index_key": "/resourceinventorymanagement/notification",
          "schema_version": 1,
          "attributes": {
            "actions_enabled": true,
            "alarm_actions": [
              "arn:aws:sns:eu-west-2:016818321538:App15549_Simplify-Core-Services_ECS-Dev_DevOps_Topic"
            ],
            "alarm_description": " The /resourceinventorymanagement/notification resource of bt-coreservices-ma-ssl Api has exceeded it's  4XXError threshold value.\n Please find the below details of ApiGateway Metric.\n  Application_ID:    App15549  \n  Application_Name:  Simplify-Core-Services\n  Service_Name:      /resourceinventorymanagement/notification  \n  Platform_Name:     Simplify \n  Owner:             DevOps  \n  Enviornment:   Dev\n  ApiName:           bt-coreservices-ma-ssl\n  Resource_Name:     /resourceinventorymanagement/notification\n  Method:            POST\n  Stage:             dev\n  Metric_Name:       4XXError\n  Metric_value:      1  \n  Severity:          High\n\n  \n",
            "alarm_name": "App15549|Simplify-Core-Services|ApiGateway-Dev|bt-coreservices-ma-ssl|/resourceinventorymanagement/notification|POST|4XXError|1|High",
            "arn": "arn:aws:cloudwatch:eu-west-2:016818321538:alarm:App15549|Simplify-Core-Services|ApiGateway-Dev|bt-coreservices-ma-ssl|/resourceinventorymanagement/notification|POST|4XXError|1|High",
            "comparison_operator": "GreaterThanThreshold",
            "datapoints_to_alarm": 0,
            "dimensions": {
              "ApiName": "bt-coreservices-ma-ssl",
              "Method": "POST",
              "Resource": "/resourceinventorymanagement/notification",
              "Stage": "dev"
            },
            "evaluate_low_sample_count_percentiles": "",
            "evaluation_periods": 1,
            "extended_statistic": "",
            "id": "App15549|Simplify-Core-Services|ApiGateway-Dev|bt-coreservices-ma-ssl|/resourceinventorymanagement/notification|POST|4XXError|1|High",
            "insufficient_data_actions": null,
            "metric_name": "4XXError",
            "metric_query": [],
            "namespace": "AWS/ApiGateway",
            "ok_actions": null,
            "period": 60,
            "statistic": "Maximum",
            "tags": null,
            "threshold": 1,
            "threshold_metric_id": "",
            "treat_missing_data": "notBreaching",
            "unit": "Count"
          },
          "private": "eyJzY2hlbWFfdmVyc2lvbiI6IjEifQ=="
        },
        {
          "index_key": "/serviceinventorymanagement/notification",
          "schema_version": 1,
          "attributes": {
            "actions_enabled": true,
            "alarm_actions": [
              "arn:aws:sns:eu-west-2:016818321538:App15549_Simplify-Core-Services_ECS-Dev_DevOps_Topic"
            ],
            "alarm_description": " The /serviceinventorymanagement/notification resource of bt-coreservices-ma-ssl Api has exceeded it's  4XXError threshold value.\n Please find the below details of ApiGateway Metric.\n  Application_ID:    App15549  \n  Application_Name:  Simplify-Core-Services  \n  Service_Name:      /serviceinventorymanagement/notification  \n  Platform_Name:     Simplify \n  Owner:             DevOps  \n  Enviornment: Dev\n  ApiName:           bt-coreservices-ma-ssl\n  Resource_Name:     /serviceinventorymanagement/notification\n  Method:            POST\n  Stage:             dev\n  Metric_Name:       4XXError\n  Metric_value:      1  \n  Severity:          High\n\n  \n",
            "alarm_name": "App15549|Simplify-Core-Services|ApiGateway-Dev|bt-coreservices-ma-ssl|/serviceinventorymanagement/notification|POST|4XXError|1|High",
            "arn": "arn:aws:cloudwatch:eu-west-2:016818321538:alarm:App15549|Simplify-Core-Services|ApiGateway-Dev|bt-coreservices-ma-ssl|/serviceinventorymanagement/notification|POST|4XXError|1|High",
            "comparison_operator": "GreaterThanThreshold",
            "datapoints_to_alarm": 0,
            "dimensions": {
              "ApiName": "bt-coreservices-ma-ssl",
              "Method": "POST",
              "Resource": "/serviceinventorymanagement/notification",
              "Stage": "dev"
            },
            "evaluate_low_sample_count_percentiles": "",
            "evaluation_periods": 1,
            "extended_statistic": "",
            "id": "App15549|Simplify-Core-Services|ApiGateway-Dev|bt-coreservices-ma-ssl|/serviceinventorymanagement/notification|POST|4XXError|1|High",
            "insufficient_data_actions": null,
            "metric_name": "4XXError",
            "metric_query": [],
            "namespace": "AWS/ApiGateway",
            "ok_actions": null,
            "period": 60,
            "statistic": "Maximum",
            "tags": null,
            "threshold": 1,
            "threshold_metric_id": "",
            "treat_missing_data": "notBreaching",
            "unit": "Count"
          },
          "private": "eyJzY2hlbWFfdmVyc2lvbiI6IjEifQ=="
        },
        {
          "index_key": "/serviceinventorymanagement/notification/{consumer-filter}",
          "schema_version": 1,
          "attributes": {
            "actions_enabled": true,
            "alarm_actions": [
              "arn:aws:sns:eu-west-2:016818321538:App15549_Simplify-Core-Services_ECS-Dev_DevOps_Topic"
            ],
            "alarm_description": " The /serviceinventorymanagement/notification/{consumer-filter} resource of bt-coreservices-ma-ssl Api has exceeded it's  4XXError threshold value.\n Please find the below details of ApiGateway Metric.\n  Application_ID:    App15549  \n  Application_Name:  Simplify-Core-Services  \n  Service_Name:      /serviceinventorymanagement/notification/{consumer-filter}  \n  Platform_Name:     Simplify \n  Owner:      DevOps  \n  Enviornment:       Dev\n  ApiName:           bt-coreservices-ma-ssl\n  Resource_Name:     /serviceinventorymanagement/notification/{consumer-filter}\n  Method:            POST\n  Stage:             dev\n  Metric_Name:       4XXError\n  Metric_value:      1  \n  Severity: High\n\n  \n",
            "alarm_name": "App15549|Simplify-Core-Services|ApiGateway-Dev|bt-coreservices-ma-ssl|/serviceinventorymanagement/notification/{consumer-filter}|POST|4XXError|1|High",
            "arn": "arn:aws:cloudwatch:eu-west-2:016818321538:alarm:App15549|Simplify-Core-Services|ApiGateway-Dev|bt-coreservices-ma-ssl|/serviceinventorymanagement/notification/{consumer-filter}|POST|4XXError|1|High",
            "comparison_operator": "GreaterThanThreshold",
            "datapoints_to_alarm": 0,
            "dimensions": {
              "ApiName": "bt-coreservices-ma-ssl",
              "Method": "POST",
              "Resource": "/serviceinventorymanagement/notification/{consumer-filter}",
              "Stage": "dev"
            },
            "evaluate_low_sample_count_percentiles": "",
            "evaluation_periods": 1,
            "extended_statistic": "",
            "id": "App15549|Simplify-Core-Services|ApiGateway-Dev|bt-coreservices-ma-ssl|/serviceinventorymanagement/notification/{consumer-filter}|POST|4XXError|1|High",
            "insufficient_data_actions": null,
            "metric_name": "4XXError",
            "metric_query": [],
            "namespace": "AWS/ApiGateway",
            "ok_actions": null,
            "period": 60,
            "statistic": "Maximum",
            "tags": null,
            "threshold": 1,
            "threshold_metric_id": "",
            "treat_missing_data": "notBreaching",
            "unit": "Count"
          },
          "private": "eyJzY2hlbWFfdmVyc2lvbiI6IjEifQ=="
        },
        {
          "index_key": "/serviceordermanagement/mop-serviceorder",
          "schema_version": 1,
          "attributes": {
            "actions_enabled": true,
            "alarm_actions": [
              "arn:aws:sns:eu-west-2:016818321538:App15549_Simplify-Core-Services_ECS-Dev_DevOps_Topic"
            ],
            "alarm_description": " The /serviceordermanagement/mop-serviceorder resource of bt-coreservices-ma-ssl Api has exceeded it's  4XXError threshold value.\n Please find the below details of ApiGateway Metric.\n  Application_ID:    App15549  \n  Application_Name:  Simplify-Core-Services  \n  Service_Name:      /serviceordermanagement/mop-serviceorder  \n  Platform_Name:     Simplify \n  Owner:             DevOps  \n  Enviornment: Dev\n  ApiName:           bt-coreservices-ma-ssl\n  Resource_Name:     /serviceordermanagement/mop-serviceorder\n  Method:            POST\n  Stage:             dev\n  Metric_Name:       4XXError\n  Metric_value:      1  \n  Severity:          High\n\n  \n",
            "alarm_name": "App15549|Simplify-Core-Services|ApiGateway-Dev|bt-coreservices-ma-ssl|/serviceordermanagement/mop-serviceorder|POST|4XXError|1|High",
            "arn": "arn:aws:cloudwatch:eu-west-2:016818321538:alarm:App15549|Simplify-Core-Services|ApiGateway-Dev|bt-coreservices-ma-ssl|/serviceordermanagement/mop-serviceorder|POST|4XXError|1|High",
            "comparison_operator": "GreaterThanThreshold",
            "datapoints_to_alarm": 0,
            "dimensions": {
              "ApiName": "bt-coreservices-ma-ssl",
              "Method": "POST",
              "Resource": "/serviceordermanagement/mop-serviceorder",
              "Stage": "dev"
            },
            "evaluate_low_sample_count_percentiles": "",
            "evaluation_periods": 1,
            "extended_statistic": "",
            "id": "App15549|Simplify-Core-Services|ApiGateway-Dev|bt-coreservices-ma-ssl|/serviceordermanagement/mop-serviceorder|POST|4XXError|1|High",
            "insufficient_data_actions": null,
            "metric_name": "4XXError",
            "metric_query": [],
            "namespace": "AWS/ApiGateway",
            "ok_actions": null,
            "period": 60,
            "statistic": "Maximum",
            "tags": null,
            "threshold": 1,
            "threshold_metric_id": "",
            "treat_missing_data": "notBreaching",
            "unit": "Count"
          },
          "private": "eyJzY2hlbWFfdmVyc2lvbiI6IjEifQ=="
        },
        {
          "index_key": "/serviceordermanagement/serviceorder",
          "schema_version": 1,
          "attributes": {
            "actions_enabled": true,
            "alarm_actions": [
              "arn:aws:sns:eu-west-2:016818321538:App15549_Simplify-Core-Services_ECS-Dev_DevOps_Topic"
            ],
            "alarm_description": " The /serviceordermanagement/serviceorder resource of bt-coreservices-ma-ssl Api has exceeded it's  4XXError threshold value.\n Please find the below details of ApiGateway Metric.\n  Application_ID:    App15549  \n  Application_Name:  Simplify-Core-Services  \n  Service_Name:      /serviceordermanagement/serviceorder  \n  Platform_Name:     Simplify \n  Owner:             DevOps  \n  Enviornment:       Dev\nApiName:           bt-coreservices-ma-ssl\n  Resource_Name:     /serviceordermanagement/serviceorder\n  Method:            POST\n  Stage: dev\n  Metric_Name:       4XXError\n  Metric_value:      1  \n  Severity:          High\n\n  \n",
            "alarm_name": "App15549|Simplify-Core-Services|ApiGateway-Dev|bt-coreservices-ma-ssl|/serviceordermanagement/serviceorder|POST|4XXError|1|High",
            "arn": "arn:aws:cloudwatch:eu-west-2:016818321538:alarm:App15549|Simplify-Core-Services|ApiGateway-Dev|bt-coreservices-ma-ssl|/serviceordermanagement/serviceorder|POST|4XXError|1|High",
            "comparison_operator": "GreaterThanThreshold",
            "datapoints_to_alarm": 0,
            "dimensions": {
              "ApiName": "bt-coreservices-ma-ssl",
              "Method": "POST",
              "Resource": "/serviceordermanagement/serviceorder",
              "Stage": "dev"
            },
            "evaluate_low_sample_count_percentiles": "",
            "evaluation_periods": 1,
            "extended_statistic": "",
            "id": "App15549|Simplify-Core-Services|ApiGateway-Dev|bt-coreservices-ma-ssl|/serviceordermanagement/serviceorder|POST|4XXError|1|High",
            "insufficient_data_actions": null,
            "metric_name": "4XXError",
            "metric_query": [],
            "namespace": "AWS/ApiGateway",
            "ok_actions": null,
            "period": 60,
            "statistic": "Maximum",
            "tags": null,
            "threshold": 1,
            "threshold_metric_id": "",
            "treat_missing_data": "notBreaching",
            "unit": "Count"
          },
          "private": "eyJzY2hlbWFfdmVyc2lvbiI6IjEifQ=="
        },
        {
          "index_key": "serviceordermanagement/mop-serviceorder-notifications",
          "schema_version": 1,
          "attributes": {
            "actions_enabled": true,
            "alarm_actions": [
              "arn:aws:sns:eu-west-2:016818321538:App15549_Simplify-Core-Services_ECS-Dev_DevOps_Topic"
            ],
            "alarm_description": " The serviceordermanagement/mop-serviceorder-notifications resource of bt-coreservices-ma-ssl Api has exceeded it's  4XXError threshold value.\n Please find the below details of ApiGateway Metric.\n  Application_ID:    App15549  \n  Application_Name:  Simplify-Core-Services  \n  Service_Name:      serviceordermanagement/mop-serviceorder-notifications  \n  Platform_Name:     Simplify \n  Owner:             DevOps  \n  Enviornment:       Dev\n  ApiName:           bt-coreservices-ma-ssl\n  Resource_Name:     serviceordermanagement/mop-serviceorder-notifications\n  Method:            POST\n  Stage:             dev\n  Metric_Name:       4XXError\n  Metric_value:      1  \n  Severity:          High\n\n  \n",
            "alarm_name": "App15549|Simplify-Core-Services|ApiGateway-Dev|bt-coreservices-ma-ssl|serviceordermanagement/mop-serviceorder-notifications|POST|4XXError|1|High",
            "arn": "arn:aws:cloudwatch:eu-west-2:016818321538:alarm:App15549|Simplify-Core-Services|ApiGateway-Dev|bt-coreservices-ma-ssl|serviceordermanagement/mop-serviceorder-notifications|POST|4XXError|1|High",
            "comparison_operator": "GreaterThanThreshold",
            "datapoints_to_alarm": 0,
            "dimensions": {
              "ApiName": "bt-coreservices-ma-ssl",
              "Method": "POST",
              "Resource": "serviceordermanagement/mop-serviceorder-notifications",
              "Stage": "dev"
            },
            "evaluate_low_sample_count_percentiles": "",
            "evaluation_periods": 1,
            "extended_statistic": "",
            "id": "App15549|Simplify-Core-Services|ApiGateway-Dev|bt-coreservices-ma-ssl|serviceordermanagement/mop-serviceorder-notifications|POST|4XXError|1|High",
            "insufficient_data_actions": null,
            "metric_name": "4XXError",
            "metric_query": [],
            "namespace": "AWS/ApiGateway",
            "ok_actions": null,
            "period": 60,
            "statistic": "Maximum",
            "tags": null,
            "threshold": 1,
            "threshold_metric_id": "",
            "treat_missing_data": "notBreaching",
            "unit": "Count"
          },
          "private": "eyJzY2hlbWFfdmVyc2lvbiI6IjEifQ=="
        }
      ]
    },
    {
      "mode": "managed",
      "type": "aws_cloudwatch_metric_alarm",
      "name": "gateway_error_5xx",
      "each": "map",
      "provider": "provider.aws",
      "instances": [
        {
          "index_key": "/customermanagement/account/notification/{source}",
          "schema_version": 1,
          "attributes": {
            "actions_enabled": true,
            "alarm_actions": [
              "arn:aws:sns:eu-west-2:016818321538:App15549_Simplify-Core-Services_ECS-Dev_DevOps_Topic"
            ],
            "alarm_description": " The /customermanagement/account/notification/{source} resource of bt-coreservices Api has exceeded it's  5XXErrorthreshold value.\n Please find the below details of ApiGateway Metric.\n  Application_ID:    App15549  \n  Application_Name:  Simplify-Core-Services \n  Service_Name:      /customermanagement/account/notification/{source} \n  Platform_Name:     Simplify \n  Owner:             DevOps  \n  Enviornment:       Dev\n  ApiName:           bt-coreservices\n  Resource_Name:     /customermanagement/account/notification/{source}\n  Method:            POST\n  Stage:             dev\n  Metric_Name:       5XXError\n  Metric_value:      1  \n  Severity:          High\n",
            "alarm_name": "App15549|Simplify-Core-Services|ApiGateway-Dev|bt-coreservices|/customermanagement/account/notification/{source}|POST|5XXError|1|High",
            "arn": "arn:aws:cloudwatch:eu-west-2:016818321538:alarm:App15549|Simplify-Core-Services|ApiGateway-Dev|bt-coreservices|/customermanagement/account/notification/{source}|POST|5XXError|1|High",
            "comparison_operator": "GreaterThanThreshold",
            "datapoints_to_alarm": 0,
            "dimensions": {
              "ApiName": "bt-coreservices",
              "Method": "POST",
              "Resource": "/customermanagement/account/notification/{source}",
              "Stage": "dev"
            },
            "evaluate_low_sample_count_percentiles": "",
            "evaluation_periods": 1,
            "extended_statistic": "",
            "id": "App15549|Simplify-Core-Services|ApiGateway-Dev|bt-coreservices|/customermanagement/account/notification/{source}|POST|5XXError|1|High",
            "insufficient_data_actions": null,
            "metric_name": "5XXError",
            "metric_query": [],
            "namespace": "AWS/ApiGateway",
            "ok_actions": null,
            "period": 60,
            "statistic": "Maximum",
            "tags": null,
            "threshold": 1,
            "threshold_metric_id": "",
            "treat_missing_data": "notBreaching",
            "unit": "Count"
          },
          "private": "eyJzY2hlbWFfdmVyc2lvbiI6IjEifQ=="
        },
        {
          "index_key": "/customermanagement/account/{id}",
          "schema_version": 1,
          "attributes": {
            "actions_enabled": true,
            "alarm_actions": [
              "arn:aws:sns:eu-west-2:016818321538:App15549_Simplify-Core-Services_ECS-Dev_DevOps_Topic"
            ],
            "alarm_description": " The /customermanagement/account/{id} resource of bt-coreservices Api has exceeded it's  5XXError threshold value.\n Please find the below details of ApiGateway Metric.\n  Application_ID:    App15549  \n  Application_Name:  Simplify-Core-Services  \n  Service_Name:      /customermanagement/account/{id} \n  Platform_Name:     Simplify \n  Owner:             DevOps  \n  Enviornment:       Dev\n  ApiName:   bt-coreservices\n  Resource_Name:     /customermanagement/account/{id}\n  Method:            GET\n  Stage:             dev\n  Metric_Name:       5XXError\n  Metric_value:      1  \n  Severity:          High\n",
            "alarm_name": "App15549|Simplify-Core-Services|ApiGateway-Dev|bt-coreservices|/customermanagement/account/{id}|GET|5XXError|1|High",
            "arn": "arn:aws:cloudwatch:eu-west-2:016818321538:alarm:App15549|Simplify-Core-Services|ApiGateway-Dev|bt-coreservices|/customermanagement/account/{id}|GET|5XXError|1|High",
            "comparison_operator": "GreaterThanThreshold",
            "datapoints_to_alarm": 0,
            "dimensions": {
              "ApiName": "bt-coreservices",
              "Method": "GET",
              "Resource": "/customermanagement/account/{id}",
              "Stage": "dev"
            },
            "evaluate_low_sample_count_percentiles": "",
            "evaluation_periods": 1,
            "extended_statistic": "",
            "id": "App15549|Simplify-Core-Services|ApiGateway-Dev|bt-coreservices|/customermanagement/account/{id}|GET|5XXError|1|High",
            "insufficient_data_actions": null,
            "metric_name": "5XXError",
            "metric_query": [],
            "namespace": "AWS/ApiGateway",
            "ok_actions": null,
            "period": 60,
            "statistic": "Maximum",
            "tags": null,
            "threshold": 1,
            "threshold_metric_id": "",
            "treat_missing_data": "notBreaching",
            "unit": "Count"
          },
          "private": "eyJzY2hlbWFfdmVyc2lvbiI6IjEifQ=="
        },
        {
          "index_key": "/customermanagement/contact/{id}",
          "schema_version": 1,
          "attributes": {
            "actions_enabled": true,
            "alarm_actions": [
              "arn:aws:sns:eu-west-2:016818321538:App15549_Simplify-Core-Services_ECS-Dev_DevOps_Topic"
            ],
            "alarm_description": " The /customermanagement/contact/{id} resource of bt-coreservices Api has exceeded it's  5XXError threshold value.\n Please find the below details of ApiGateway Metric.\n  Application_ID:    App15549  \n  Application_Name:  Simplify-Core-Services  \n  Service_Name:      /customermanagement/contact/{id} \n  Platform_Name:     Simplify \n  Owner:             DevOps  \n  Enviornment:       Dev\n  ApiName:   bt-coreservices\n  Resource_Name:     /customermanagement/contact/{id}\n  Method:            GET\n  Stage:             dev\n  Metric_Name:       5XXError\n  Metric_value:      1  \n  Severity:          High\n",
            "alarm_name": "App15549|Simplify-Core-Services|ApiGateway-Dev|bt-coreservices|/customermanagement/contact/{id}|GET|5XXError|1|High",
            "arn": "arn:aws:cloudwatch:eu-west-2:016818321538:alarm:App15549|Simplify-Core-Services|ApiGateway-Dev|bt-coreservices|/customermanagement/contact/{id}|GET|5XXError|1|High",
            "comparison_operator": "GreaterThanThreshold",
            "datapoints_to_alarm": 0,
            "dimensions": {
              "ApiName": "bt-coreservices",
              "Method": "GET",
              "Resource": "/customermanagement/contact/{id}",
              "Stage": "dev"
            },
            "evaluate_low_sample_count_percentiles": "",
            "evaluation_periods": 1,
            "extended_statistic": "",
            "id": "App15549|Simplify-Core-Services|ApiGateway-Dev|bt-coreservices|/customermanagement/contact/{id}|GET|5XXError|1|High",
            "insufficient_data_actions": null,
            "metric_name": "5XXError",
            "metric_query": [],
            "namespace": "AWS/ApiGateway",
            "ok_actions": null,
            "period": 60,
            "statistic": "Maximum",
            "tags": null,
            "threshold": 1,
            "threshold_metric_id": "",
            "treat_missing_data": "notBreaching",
            "unit": "Count"
          },
          "private": "eyJzY2hlbWFfdmVyc2lvbiI6IjEifQ=="
        },
        {
          "index_key": "/openreach/kcinotification",
          "schema_version": 1,
          "attributes": {
            "actions_enabled": true,
            "alarm_actions": [
              "arn:aws:sns:eu-west-2:016818321538:App15549_Simplify-Core-Services_ECS-Dev_DevOps_Topic"
            ],
            "alarm_description": " The /openreach/kcinotification resource of bt-coreservices Api has exceeded it's  5XXError threshold value.\n Please find the below details of ApiGateway Metric.\n  Application_ID:    App15549  \n  Application_Name:  Simplify-Core-Services  \n  Service_Name: /openreach/kcinotification \n  Platform_Name:     Simplify \n  Owner:             DevOps  \n  Enviornment:       Dev\n  ApiName:           bt-coreservices\n  Resource_Name:     /openreach/kcinotification\n  Method:            POST\n  Stage:             dev\n  Metric_Name:       5XXError\n  Metric_value:      1  \n  Severity:          High\n",
            "alarm_name": "App15549|Simplify-Core-Services|ApiGateway-Dev|bt-coreservices|/openreach/kcinotification|POST|5XXError|1|High",
            "arn": "arn:aws:cloudwatch:eu-west-2:016818321538:alarm:App15549|Simplify-Core-Services|ApiGateway-Dev|bt-coreservices|/openreach/kcinotification|POST|5XXError|1|High",
            "comparison_operator": "GreaterThanThreshold",
            "datapoints_to_alarm": 0,
            "dimensions": {
              "ApiName": "bt-coreservices",
              "Method": "POST",
              "Resource": "/openreach/kcinotification",
              "Stage": "dev"
            },
            "evaluate_low_sample_count_percentiles": "",
            "evaluation_periods": 1,
            "extended_statistic": "",
            "id": "App15549|Simplify-Core-Services|ApiGateway-Dev|bt-coreservices|/openreach/kcinotification|POST|5XXError|1|High",
            "insufficient_data_actions": null,
            "metric_name": "5XXError",
            "metric_query": [],
            "namespace": "AWS/ApiGateway",
            "ok_actions": null,
            "period": 60,
            "statistic": "Maximum",
            "tags": null,
            "threshold": 1,
            "threshold_metric_id": "",
            "treat_missing_data": "notBreaching",
            "unit": "Count"
          },
          "private": "eyJzY2hlbWFfdmVyc2lvbiI6IjEifQ=="
        },
        {
          "index_key": "/partymanagement/notification",
          "schema_version": 1,
          "attributes": {
            "actions_enabled": true,
            "alarm_actions": [
              "arn:aws:sns:eu-west-2:016818321538:App15549_Simplify-Core-Services_ECS-Dev_DevOps_Topic"
            ],
            "alarm_description": " The /partymanagement/notification resource of bt-coreservices Api has exceeded it's  5XXError threshold value.\n Please find the below details of ApiGateway Metric.\n  Application_ID:    App15549  \n  Application_Name:  Simplify-Core-Services  \n  Service_Name:    /partymanagement/notification \n  Platform_Name:     Simplify \n  Owner:             DevOps  \n  Enviornment:       Dev\n  ApiName:           bt-coreservices\n  Resource_Name:     /partymanagement/notification\n  Method:            POST\n  Stage:             dev\n  Metric_Name:       5XXError\n  Metric_value:      1  \n  Severity:          High\n",
            "alarm_name": "App15549|Simplify-Core-Services|ApiGateway-Dev|bt-coreservices|/partymanagement/notification|POST|5XXError|1|High",
            "arn": "arn:aws:cloudwatch:eu-west-2:016818321538:alarm:App15549|Simplify-Core-Services|ApiGateway-Dev|bt-coreservices|/partymanagement/notification|POST|5XXError|1|High",
            "comparison_operator": "GreaterThanThreshold",
            "datapoints_to_alarm": 0,
            "dimensions": {
              "ApiName": "bt-coreservices",
              "Method": "POST",
              "Resource": "/partymanagement/notification",
              "Stage": "dev"
            },
            "evaluate_low_sample_count_percentiles": "",
            "evaluation_periods": 1,
            "extended_statistic": "",
            "id": "App15549|Simplify-Core-Services|ApiGateway-Dev|bt-coreservices|/partymanagement/notification|POST|5XXError|1|High",
            "insufficient_data_actions": null,
            "metric_name": "5XXError",
            "metric_query": [],
            "namespace": "AWS/ApiGateway",
            "ok_actions": null,
            "period": 60,
            "statistic": "Maximum",
            "tags": null,
            "threshold": 1,
            "threshold_metric_id": "",
            "treat_missing_data": "notBreaching",
            "unit": "Count"
          },
          "private": "eyJzY2hlbWFfdmVyc2lvbiI6IjEifQ=="
        },
        {
          "index_key": "/productinventorymanagement/notification",
          "schema_version": 1,
          "attributes": {
            "actions_enabled": true,
            "alarm_actions": [
              "arn:aws:sns:eu-west-2:016818321538:App15549_Simplify-Core-Services_ECS-Dev_DevOps_Topic"
            ],
            "alarm_description": " The /productinventorymanagement/notification resource of bt-coreservices Api has exceeded it's  5XXError threshold value.\n Please find the below details of ApiGateway Metric.\n  Application_ID:    App15549  \n  Application_Name:  Simplify-Core-Services  \n  Service_Name:      /productinventorymanagement/notification \n  Platform_Name:     Simplify \n  Owner:             DevOps  \n  Enviornment:       Dev\nApiName:           bt-coreservices\n  Resource_Name:     /productinventorymanagement/notification\n  Method:            POST\n  Stage:             dev\n  Metric_Name:       5XXError\n  Metric_value:      1  \n  Severity:          High\n",
            "alarm_name": "App15549|Simplify-Core-Services|ApiGateway-Dev|bt-coreservices|/productinventorymanagement/notification|POST|5XXError|1|High",
            "arn": "arn:aws:cloudwatch:eu-west-2:016818321538:alarm:App15549|Simplify-Core-Services|ApiGateway-Dev|bt-coreservices|/productinventorymanagement/notification|POST|5XXError|1|High",
            "comparison_operator": "GreaterThanThreshold",
            "datapoints_to_alarm": 0,
            "dimensions": {
              "ApiName": "bt-coreservices",
              "Method": "POST",
              "Resource": "/productinventorymanagement/notification",
              "Stage": "dev"
            },
            "evaluate_low_sample_count_percentiles": "",
            "evaluation_periods": 1,
            "extended_statistic": "",
            "id": "App15549|Simplify-Core-Services|ApiGateway-Dev|bt-coreservices|/productinventorymanagement/notification|POST|5XXError|1|High",
            "insufficient_data_actions": null,
            "metric_name": "5XXError",
            "metric_query": [],
            "namespace": "AWS/ApiGateway",
            "ok_actions": null,
            "period": 60,
            "statistic": "Maximum",
            "tags": null,
            "threshold": 1,
            "threshold_metric_id": "",
            "treat_missing_data": "notBreaching",
            "unit": "Count"
          },
          "private": "eyJzY2hlbWFfdmVyc2lvbiI6IjEifQ=="
        },
        {
          "index_key": "/resourceinventorymanagement/notification",
          "schema_version": 1,
          "attributes": {
            "actions_enabled": true,
            "alarm_actions": [
              "arn:aws:sns:eu-west-2:016818321538:App15549_Simplify-Core-Services_ECS-Dev_DevOps_Topic"
            ],
            "alarm_description": " The /resourceinventorymanagement/notification resource of bt-coreservices Api has exceeded it's  5XXError threshold value.\n Please find the below details of ApiGateway Metric.\n  Application_ID:    App15549  \n  Application_Name:  Simplify-Core-Services  \n  Service_Name:      /resourceinventorymanagement/notification \n  Platform_Name:     Simplify \n  Owner:             DevOps  \n  Enviornment:       Dev\n  ApiName:           bt-coreservices\n  Resource_Name:     /resourceinventorymanagement/notification\n  Method:            POST\n  Stage: dev\n  Metric_Name:       5XXError\n  Metric_value:      1  \n  Severity:          High\n",
            "alarm_name": "App15549|Simplify-Core-Services|ApiGateway-Dev|bt-coreservices|/resourceinventorymanagement/notification|POST|5XXError|1|High",
            "arn": "arn:aws:cloudwatch:eu-west-2:016818321538:alarm:App15549|Simplify-Core-Services|ApiGateway-Dev|bt-coreservices|/resourceinventorymanagement/notification|POST|5XXError|1|High",
            "comparison_operator": "GreaterThanThreshold",
            "datapoints_to_alarm": 0,
            "dimensions": {
              "ApiName": "bt-coreservices",
              "Method": "POST",
              "Resource": "/resourceinventorymanagement/notification",
              "Stage": "dev"
            },
            "evaluate_low_sample_count_percentiles": "",
            "evaluation_periods": 1,
            "extended_statistic": "",
            "id": "App15549|Simplify-Core-Services|ApiGateway-Dev|bt-coreservices|/resourceinventorymanagement/notification|POST|5XXError|1|High",
            "insufficient_data_actions": null,
            "metric_name": "5XXError",
            "metric_query": [],
            "namespace": "AWS/ApiGateway",
            "ok_actions": null,
            "period": 60,
            "statistic": "Maximum",
            "tags": null,
            "threshold": 1,
            "threshold_metric_id": "",
            "treat_missing_data": "notBreaching",
            "unit": "Count"
          },
          "private": "eyJzY2hlbWFfdmVyc2lvbiI6IjEifQ=="
        },
        {
          "index_key": "/serviceinventorymanagement/notification",
          "schema_version": 1,
          "attributes": {
            "actions_enabled": true,
            "alarm_actions": [
              "arn:aws:sns:eu-west-2:016818321538:App15549_Simplify-Core-Services_ECS-Dev_DevOps_Topic"
            ],
            "alarm_description": " The /serviceinventorymanagement/notification resource of bt-coreservices Api has exceeded it's  5XXError threshold value.\n Please find the below details of ApiGateway Metric.\n  Application_ID:    App15549  \n  Application_Name:  Simplify-Core-Services  \n  Service_Name:      /serviceinventorymanagement/notification \n  Platform_Name:     Simplify \n  Owner:             DevOps  \n  Enviornment:       Dev\nApiName:           bt-coreservices\n  Resource_Name:     /serviceinventorymanagement/notification\n  Method:            POST\n  Stage:             dev\n  Metric_Name:       5XXError\n  Metric_value:      1  \n  Severity:          High\n",
            "alarm_name": "App15549|Simplify-Core-Services|ApiGateway-Dev|bt-coreservices|/serviceinventorymanagement/notification|POST|5XXError|1|High",
            "arn": "arn:aws:cloudwatch:eu-west-2:016818321538:alarm:App15549|Simplify-Core-Services|ApiGateway-Dev|bt-coreservices|/serviceinventorymanagement/notification|POST|5XXError|1|High",
            "comparison_operator": "GreaterThanThreshold",
            "datapoints_to_alarm": 0,
            "dimensions": {
              "ApiName": "bt-coreservices",
              "Method": "POST",
              "Resource": "/serviceinventorymanagement/notification",
              "Stage": "dev"
            },
            "evaluate_low_sample_count_percentiles": "",
            "evaluation_periods": 1,
            "extended_statistic": "",
            "id": "App15549|Simplify-Core-Services|ApiGateway-Dev|bt-coreservices|/serviceinventorymanagement/notification|POST|5XXError|1|High",
            "insufficient_data_actions": null,
            "metric_name": "5XXError",
            "metric_query": [],
            "namespace": "AWS/ApiGateway",
            "ok_actions": null,
            "period": 60,
            "statistic": "Maximum",
            "tags": null,
            "threshold": 1,
            "threshold_metric_id": "",
            "treat_missing_data": "notBreaching",
            "unit": "Count"
          },
          "private": "eyJzY2hlbWFfdmVyc2lvbiI6IjEifQ=="
        },
        {
          "index_key": "/serviceinventorymanagement/notification/{consumer-filter}",
          "schema_version": 1,
          "attributes": {
            "actions_enabled": true,
            "alarm_actions": [
              "arn:aws:sns:eu-west-2:016818321538:App15549_Simplify-Core-Services_ECS-Dev_DevOps_Topic"
            ],
            "alarm_description": " The /serviceinventorymanagement/notification/{consumer-filter} resource of bt-coreservices Api has exceeded it's5XXError threshold value.\n Please find the below details of ApiGateway Metric.\n  Application_ID:    App15549  \n  Application_Name:  Simplify-Core-Services  \n  Service_Name:      /serviceinventorymanagement/notification/{consumer-filter} \n  Platform_Name:     Simplify \n  Owner:             DevOps  \n  Enviornment:       Dev\n  ApiName:           bt-coreservices\n  Resource_Name:     /serviceinventorymanagement/notification/{consumer-filter}\n  Method:            POST\n  Stage:             dev\n  Metric_Name:       5XXError\n  Metric_value:      1  \n  Severity:          High\n",
            "alarm_name": "App15549|Simplify-Core-Services|ApiGateway-Dev|bt-coreservices|/serviceinventorymanagement/notification/{consumer-filter}|POST|5XXError|1|High",
            "arn": "arn:aws:cloudwatch:eu-west-2:016818321538:alarm:App15549|Simplify-Core-Services|ApiGateway-Dev|bt-coreservices|/serviceinventorymanagement/notification/{consumer-filter}|POST|5XXError|1|High",
            "comparison_operator": "GreaterThanThreshold",
            "datapoints_to_alarm": 0,
            "dimensions": {
              "ApiName": "bt-coreservices",
              "Method": "POST",
              "Resource": "/serviceinventorymanagement/notification/{consumer-filter}",
              "Stage": "dev"
            },
            "evaluate_low_sample_count_percentiles": "",
            "evaluation_periods": 1,
            "extended_statistic": "",
            "id": "App15549|Simplify-Core-Services|ApiGateway-Dev|bt-coreservices|/serviceinventorymanagement/notification/{consumer-filter}|POST|5XXError|1|High",
            "insufficient_data_actions": null,
            "metric_name": "5XXError",
            "metric_query": [],
            "namespace": "AWS/ApiGateway",
            "ok_actions": null,
            "period": 60,
            "statistic": "Maximum",
            "tags": null,
            "threshold": 1,
            "threshold_metric_id": "",
            "treat_missing_data": "notBreaching",
            "unit": "Count"
          },
          "private": "eyJzY2hlbWFfdmVyc2lvbiI6IjEifQ=="
        },
        {
          "index_key": "/serviceordermanagement/mop-serviceorder",
          "schema_version": 1,
          "attributes": {
            "actions_enabled": true,
            "alarm_actions": [
              "arn:aws:sns:eu-west-2:016818321538:App15549_Simplify-Core-Services_ECS-Dev_DevOps_Topic"
            ],
            "alarm_description": " The /serviceordermanagement/mop-serviceorder resource of bt-coreservices Api has exceeded it's  5XXError threshold value.\n Please find the below details of ApiGateway Metric.\n  Application_ID:    App15549  \n  Application_Name:  Simplify-Core-Services  \n  Service_Name:      /serviceordermanagement/mop-serviceorder \n  Platform_Name:     Simplify \n  Owner:             DevOps  \n  Enviornment:       Dev\nApiName:           bt-coreservices\n  Resource_Name:     /serviceordermanagement/mop-serviceorder\n  Method:            POST\n  Stage:             dev\n  Metric_Name:       5XXError\n  Metric_value:      1  \n  Severity:          High\n",
            "alarm_name": "App15549|Simplify-Core-Services|ApiGateway-Dev|bt-coreservices|/serviceordermanagement/mop-serviceorder|POST|5XXError|1|High",
            "arn": "arn:aws:cloudwatch:eu-west-2:016818321538:alarm:App15549|Simplify-Core-Services|ApiGateway-Dev|bt-coreservices|/serviceordermanagement/mop-serviceorder|POST|5XXError|1|High",
            "comparison_operator": "GreaterThanThreshold",
            "datapoints_to_alarm": 0,
            "dimensions": {
              "ApiName": "bt-coreservices",
              "Method": "POST",
              "Resource": "/serviceordermanagement/mop-serviceorder",
              "Stage": "dev"
            },
            "evaluate_low_sample_count_percentiles": "",
            "evaluation_periods": 1,
            "extended_statistic": "",
            "id": "App15549|Simplify-Core-Services|ApiGateway-Dev|bt-coreservices|/serviceordermanagement/mop-serviceorder|POST|5XXError|1|High",
            "insufficient_data_actions": null,
            "metric_name": "5XXError",
            "metric_query": [],
            "namespace": "AWS/ApiGateway",
            "ok_actions": null,
            "period": 60,
            "statistic": "Maximum",
            "tags": null,
            "threshold": 1,
            "threshold_metric_id": "",
            "treat_missing_data": "notBreaching",
            "unit": "Count"
          },
          "private": "eyJzY2hlbWFfdmVyc2lvbiI6IjEifQ=="
        },
        {
          "index_key": "/serviceordermanagement/serviceorder",
          "schema_version": 1,
          "attributes": {
            "actions_enabled": true,
            "alarm_actions": [
              "arn:aws:sns:eu-west-2:016818321538:App15549_Simplify-Core-Services_ECS-Dev_DevOps_Topic"
            ],
            "alarm_description": " The /serviceordermanagement/serviceorder resource of bt-coreservices Api has exceeded it's  5XXError threshold value.\n Please find the below details of ApiGateway Metric.\n  Application_ID:    App15549  \n  Application_Name:  Simplify-Core-Services  \n  Service_Name:      /serviceordermanagement/serviceorder \n  Platform_Name:     Simplify \n  Owner:             DevOps  \n  Enviornment:       Dev\n  ApiName:           bt-coreservices\n  Resource_Name:     /serviceordermanagement/serviceorder\n  Method:            POST\n  Stage:             dev\n  Metric_Name:       5XXError\n  Metric_value:      1  \n  Severity:          High\n",
            "alarm_name": "App15549|Simplify-Core-Services|ApiGateway-Dev|bt-coreservices|/serviceordermanagement/serviceorder|POST|5XXError|1|High",
            "arn": "arn:aws:cloudwatch:eu-west-2:016818321538:alarm:App15549|Simplify-Core-Services|ApiGateway-Dev|bt-coreservices|/serviceordermanagement/serviceorder|POST|5XXError|1|High",
            "comparison_operator": "GreaterThanThreshold",
            "datapoints_to_alarm": 0,
            "dimensions": {
              "ApiName": "bt-coreservices",
              "Method": "POST",
              "Resource": "/serviceordermanagement/serviceorder",
              "Stage": "dev"
            },
            "evaluate_low_sample_count_percentiles": "",
            "evaluation_periods": 1,
            "extended_statistic": "",
            "id": "App15549|Simplify-Core-Services|ApiGateway-Dev|bt-coreservices|/serviceordermanagement/serviceorder|POST|5XXError|1|High",
            "insufficient_data_actions": null,
            "metric_name": "5XXError",
            "metric_query": [],
            "namespace": "AWS/ApiGateway",
            "ok_actions": null,
            "period": 60,
            "statistic": "Maximum",
            "tags": null,
            "threshold": 1,
            "threshold_metric_id": "",
            "treat_missing_data": "notBreaching",
            "unit": "Count"
          },
          "private": "eyJzY2hlbWFfdmVyc2lvbiI6IjEifQ=="
        },
        {
          "index_key": "serviceordermanagement/mop-serviceorder-notifications",
          "schema_version": 1,
          "attributes": {
            "actions_enabled": true,
            "alarm_actions": [
              "arn:aws:sns:eu-west-2:016818321538:App15549_Simplify-Core-Services_ECS-Dev_DevOps_Topic"
            ],
            "alarm_description": " The serviceordermanagement/mop-serviceorder-notifications resource of bt-coreservices Api has exceeded it's  5XXError threshold value.\n Please find the below details of ApiGateway Metric.\n  Application_ID:    App15549  \n  Application_Name:  Simplify-Core-Services  \n  Service_Name:      serviceordermanagement/mop-serviceorder-notifications \n  Platform_Name:     Simplify \n  Owner:             DevOps  \nEnviornment:       Dev\n  ApiName:           bt-coreservices\n  Resource_Name:     serviceordermanagement/mop-serviceorder-notifications\n  Method:          POST\n  Stage:             dev\n  Metric_Name:       5XXError\n  Metric_value:      1  \n  Severity:          High\n",
            "alarm_name": "App15549|Simplify-Core-Services|ApiGateway-Dev|bt-coreservices|serviceordermanagement/mop-serviceorder-notifications|POST|5XXError|1|High",
            "arn": "arn:aws:cloudwatch:eu-west-2:016818321538:alarm:App15549|Simplify-Core-Services|ApiGateway-Dev|bt-coreservices|serviceordermanagement/mop-serviceorder-notifications|POST|5XXError|1|High",
            "comparison_operator": "GreaterThanThreshold",
            "datapoints_to_alarm": 0,
            "dimensions": {
              "ApiName": "bt-coreservices",
              "Method": "POST",
              "Resource": "serviceordermanagement/mop-serviceorder-notifications",
              "Stage": "dev"
            },
            "evaluate_low_sample_count_percentiles": "",
            "evaluation_periods": 1,
            "extended_statistic": "",
            "id": "App15549|Simplify-Core-Services|ApiGateway-Dev|bt-coreservices|serviceordermanagement/mop-serviceorder-notifications|POST|5XXError|1|High",
            "insufficient_data_actions": null,
            "metric_name": "5XXError",
            "metric_query": [],
            "namespace": "AWS/ApiGateway",
            "ok_actions": null,
            "period": 60,
            "statistic": "Maximum",
            "tags": null,
            "threshold": 1,
            "threshold_metric_id": "",
            "treat_missing_data": "notBreaching",
            "unit": "Count"
          },
          "private": "eyJzY2hlbWFfdmVyc2lvbiI6IjEifQ=="
        }
      ]
    },
    {
      "mode": "managed",
      "type": "aws_cloudwatch_metric_alarm",
      "name": "gateway_error_5xx_private",
      "each": "map",
      "provider": "provider.aws",
      "instances": [
        {
          "index_key": "/customermanagement/account/notification/{source}",
          "schema_version": 1,
          "attributes": {
            "actions_enabled": true,
            "alarm_actions": [
              "arn:aws:sns:eu-west-2:016818321538:App15549_Simplify-Core-Services_ECS-Dev_DevOps_Topic"
            ],
            "alarm_description": " The /customermanagement/account/notification/{source} resource of bt-coreservices-ma-ssl Api has exceeded it's  5XXError threshold value.\n Please find the below details of ApiGateway Metric.\n  Application_ID:    App15549  \n  Application_Name:  Simplify-Core-Services  \n  Service_Name:      /customermanagement/account/notification/{source} \n  Platform_Name:     Simplify \n  Owner:             DevOps  \n  Enviornment:       Dev\n  ApiName:           bt-coreservices-ma-ssl\n  Resource_Name:     /customermanagement/account/notification/{source}\n  Method:            POST\n  Stage:             dev\n  Metric_Name:       5XXError\n  Metric_value:      1  \n  Severity:          High\n",
            "alarm_name": "App15549|Simplify-Core-Services|ApiGateway-Dev|bt-coreservices-ma-ssl|/customermanagement/account/notification/{source}|POST|5XXError|1|High",
            "arn": "arn:aws:cloudwatch:eu-west-2:016818321538:alarm:App15549|Simplify-Core-Services|ApiGateway-Dev|bt-coreservices-ma-ssl|/customermanagement/account/notification/{source}|POST|5XXError|1|High",
            "comparison_operator": "GreaterThanThreshold",
            "datapoints_to_alarm": 0,
            "dimensions": {
              "ApiName": "bt-coreservices-ma-ssl",
              "Method": "POST",
              "Resource": "/customermanagement/account/notification/{source}",
              "Stage": "dev"
            },
            "evaluate_low_sample_count_percentiles": "",
            "evaluation_periods": 1,
            "extended_statistic": "",
            "id": "App15549|Simplify-Core-Services|ApiGateway-Dev|bt-coreservices-ma-ssl|/customermanagement/account/notification/{source}|POST|5XXError|1|High",
            "insufficient_data_actions": null,
            "metric_name": "5XXError",
            "metric_query": [],
            "namespace": "AWS/ApiGateway",
            "ok_actions": null,
            "period": 60,
            "statistic": "Maximum",
            "tags": null,
            "threshold": 1,
            "threshold_metric_id": "",
            "treat_missing_data": "notBreaching",
            "unit": "Count"
          },
          "private": "eyJzY2hlbWFfdmVyc2lvbiI6IjEifQ=="
        },
        {
          "index_key": "/customermanagement/account/{id}",
          "schema_version": 1,
          "attributes": {
            "actions_enabled": true,
            "alarm_actions": [
              "arn:aws:sns:eu-west-2:016818321538:App15549_Simplify-Core-Services_ECS-Dev_DevOps_Topic"
            ],
            "alarm_description": " The /customermanagement/account/{id} resource of bt-coreservices-ma-ssl Api has exceeded it's  5XXError thresholdvalue.\n Please find the below details of ApiGateway Metric.\n  Application_ID:    App15549  \n  Application_Name:  Simplify-Core-Services  \n  Service_Name:      /customermanagement/account/{id} \n  Platform_Name:     Simplify \n  Owner:             DevOps  \n  Enviornment:       Dev\n  ApiName:          bt-coreservices-ma-ssl\n  Resource_Name:     /customermanagement/account/{id}\n  Method:            GET\n  Stage:             dev\n  Metric_Name:       5XXError\n  Metric_value:      1  \n  Severity:          High\n",
            "alarm_name": "App15549|Simplify-Core-Services|ApiGateway-Dev|bt-coreservices-ma-ssl|/customermanagement/account/{id}|GET|5XXError|1|High",
            "arn": "arn:aws:cloudwatch:eu-west-2:016818321538:alarm:App15549|Simplify-Core-Services|ApiGateway-Dev|bt-coreservices-ma-ssl|/customermanagement/account/{id}|GET|5XXError|1|High",
            "comparison_operator": "GreaterThanThreshold",
            "datapoints_to_alarm": 0,
            "dimensions": {
              "ApiName": "bt-coreservices-ma-ssl",
              "Method": "GET",
              "Resource": "/customermanagement/account/{id}",
              "Stage": "dev"
            },
            "evaluate_low_sample_count_percentiles": "",
            "evaluation_periods": 1,
            "extended_statistic": "",
            "id": "App15549|Simplify-Core-Services|ApiGateway-Dev|bt-coreservices-ma-ssl|/customermanagement/account/{id}|GET|5XXError|1|High",
            "insufficient_data_actions": null,
            "metric_name": "5XXError",
            "metric_query": [],
            "namespace": "AWS/ApiGateway",
            "ok_actions": null,
            "period": 60,
            "statistic": "Maximum",
            "tags": null,
            "threshold": 1,
            "threshold_metric_id": "",
            "treat_missing_data": "notBreaching",
            "unit": "Count"
          },
          "private": "eyJzY2hlbWFfdmVyc2lvbiI6IjEifQ=="
        },
        {
          "index_key": "/customermanagement/contact/{id}",
          "schema_version": 1,
          "attributes": {
            "actions_enabled": true,
            "alarm_actions": [
              "arn:aws:sns:eu-west-2:016818321538:App15549_Simplify-Core-Services_ECS-Dev_DevOps_Topic"
            ],
            "alarm_description": " The /customermanagement/contact/{id} resource of bt-coreservices-ma-ssl Api has exceeded it's  5XXError thresholdvalue.\n Please find the below details of ApiGateway Metric.\n  Application_ID:    App15549  \n  Application_Name:  Simplify-Core-Services  \n  Service_Name:      /customermanagement/contact/{id} \n  Platform_Name:     Simplify \n  Owner:             DevOps  \n  Enviornment:       Dev\n  ApiName:          bt-coreservices-ma-ssl\n  Resource_Name:     /customermanagement/contact/{id}\n  Method:            GET\n  Stage:             dev\n  Metric_Name:       5XXError\n  Metric_value:      1  \n  Severity:          High\n",
            "alarm_name": "App15549|Simplify-Core-Services|ApiGateway-Dev|bt-coreservices-ma-ssl|/customermanagement/contact/{id}|GET|5XXError|1|High",
            "arn": "arn:aws:cloudwatch:eu-west-2:016818321538:alarm:App15549|Simplify-Core-Services|ApiGateway-Dev|bt-coreservices-ma-ssl|/customermanagement/contact/{id}|GET|5XXError|1|High",
            "comparison_operator": "GreaterThanThreshold",
            "datapoints_to_alarm": 0,
            "dimensions": {
              "ApiName": "bt-coreservices-ma-ssl",
              "Method": "GET",
              "Resource": "/customermanagement/contact/{id}",
              "Stage": "dev"
            },
            "evaluate_low_sample_count_percentiles": "",
            "evaluation_periods": 1,
            "extended_statistic": "",
            "id": "App15549|Simplify-Core-Services|ApiGateway-Dev|bt-coreservices-ma-ssl|/customermanagement/contact/{id}|GET|5XXError|1|High",
            "insufficient_data_actions": null,
            "metric_name": "5XXError",
            "metric_query": [],
            "namespace": "AWS/ApiGateway",
            "ok_actions": null,
            "period": 60,
            "statistic": "Maximum",
            "tags": null,
            "threshold": 1,
            "threshold_metric_id": "",
            "treat_missing_data": "notBreaching",
            "unit": "Count"
          },
          "private": "eyJzY2hlbWFfdmVyc2lvbiI6IjEifQ=="
        },
        {
          "index_key": "/openreach/kcinotification",
          "schema_version": 1,
          "attributes": {
            "actions_enabled": true,
            "alarm_actions": [
              "arn:aws:sns:eu-west-2:016818321538:App15549_Simplify-Core-Services_ECS-Dev_DevOps_Topic"
            ],
            "alarm_description": " The /openreach/kcinotification resource of bt-coreservices-ma-ssl Api has exceeded it's  5XXError threshold value.\n Please find the below details of ApiGateway Metric.\n  Application_ID:    App15549  \n  Application_Name:  Simplify-Core-Services  \n  Service_Name:      /openreach/kcinotification \n  Platform_Name:     Simplify \n  Owner:             DevOps  \n  Enviornment:       Dev\n  ApiName:           bt-coreservices-ma-ssl\n  Resource_Name:     /openreach/kcinotification\n  Method:            POST\n  Stage:             dev\n  Metric_Name:       5XXError\n  Metric_value:      1  \n  Severity:          High\n",
            "alarm_name": "App15549|Simplify-Core-Services|ApiGateway-Dev|bt-coreservices-ma-ssl|/openreach/kcinotification|POST|5XXError|1|High",
            "arn": "arn:aws:cloudwatch:eu-west-2:016818321538:alarm:App15549|Simplify-Core-Services|ApiGateway-Dev|bt-coreservices-ma-ssl|/openreach/kcinotification|POST|5XXError|1|High",
            "comparison_operator": "GreaterThanThreshold",
            "datapoints_to_alarm": 0,
            "dimensions": {
              "ApiName": "bt-coreservices-ma-ssl",
              "Method": "POST",
              "Resource": "/openreach/kcinotification",
              "Stage": "dev"
            },
            "evaluate_low_sample_count_percentiles": "",
            "evaluation_periods": 1,
            "extended_statistic": "",
            "id": "App15549|Simplify-Core-Services|ApiGateway-Dev|bt-coreservices-ma-ssl|/openreach/kcinotification|POST|5XXError|1|High",
            "insufficient_data_actions": null,
            "metric_name": "5XXError",
            "metric_query": [],
            "namespace": "AWS/ApiGateway",
            "ok_actions": null,
            "period": 60,
            "statistic": "Maximum",
            "tags": null,
            "threshold": 1,
            "threshold_metric_id": "",
            "treat_missing_data": "notBreaching",
            "unit": "Count"
          },
          "private": "eyJzY2hlbWFfdmVyc2lvbiI6IjEifQ=="
        },
        {
          "index_key": "/partymanagement/notification",
          "schema_version": 1,
          "attributes": {
            "actions_enabled": true,
            "alarm_actions": [
              "arn:aws:sns:eu-west-2:016818321538:App15549_Simplify-Core-Services_ECS-Dev_DevOps_Topic"
            ],
            "alarm_description": " The /partymanagement/notification resource of bt-coreservices-ma-ssl Api has exceeded it's  5XXError threshold value.\n Please find the below details of ApiGateway Metric.\n  Application_ID:    App15549  \n  Application_Name:  Simplify-Core-Services  \n  Service_Name:      /partymanagement/notification \n  Platform_Name:     Simplify \n  Owner:             DevOps  \n  Enviornment:       Dev\n  ApiName:    bt-coreservices-ma-ssl\n  Resource_Name:     /partymanagement/notification\n  Method:            POST\n  Stage:             dev\n  Metric_Name:     5XXError\n  Metric_value:      1  \n  Severity:          High\n",
            "alarm_name": "App15549|Simplify-Core-Services|ApiGateway-Dev|bt-coreservices-ma-ssl|/partymanagement/notification|POST|5XXError|1|High",
            "arn": "arn:aws:cloudwatch:eu-west-2:016818321538:alarm:App15549|Simplify-Core-Services|ApiGateway-Dev|bt-coreservices-ma-ssl|/partymanagement/notification|POST|5XXError|1|High",
            "comparison_operator": "GreaterThanThreshold",
            "datapoints_to_alarm": 0,
            "dimensions": {
              "ApiName": "bt-coreservices-ma-ssl",
              "Method": "POST",
              "Resource": "/partymanagement/notification",
              "Stage": "dev"
            },
            "evaluate_low_sample_count_percentiles": "",
            "evaluation_periods": 1,
            "extended_statistic": "",
            "id": "App15549|Simplify-Core-Services|ApiGateway-Dev|bt-coreservices-ma-ssl|/partymanagement/notification|POST|5XXError|1|High",
            "insufficient_data_actions": null,
            "metric_name": "5XXError",
            "metric_query": [],
            "namespace": "AWS/ApiGateway",
            "ok_actions": null,
            "period": 60,
            "statistic": "Maximum",
            "tags": null,
            "threshold": 1,
            "threshold_metric_id": "",
            "treat_missing_data": "notBreaching",
            "unit": "Count"
          },
          "private": "eyJzY2hlbWFfdmVyc2lvbiI6IjEifQ=="
        },
        {
          "index_key": "/productinventorymanagement/notification",
          "schema_version": 1,
          "attributes": {
            "actions_enabled": true,
            "alarm_actions": [
              "arn:aws:sns:eu-west-2:016818321538:App15549_Simplify-Core-Services_ECS-Dev_DevOps_Topic"
            ],
            "alarm_description": " The /productinventorymanagement/notification resource of bt-coreservices-ma-ssl Api has exceeded it's  5XXError threshold value.\n Please find the below details of ApiGateway Metric.\n  Application_ID:    App15549  \n  Application_Name:  Simplify-Core-Services  \n  Service_Name:      /productinventorymanagement/notification \n  Platform_Name:     Simplify \n  Owner:             DevOps  \n  Enviornment:Dev\n  ApiName:           bt-coreservices-ma-ssl\n  Resource_Name:     /productinventorymanagement/notification\n  Method:            POST\n  Stage:            dev\n  Metric_Name:       5XXError\n  Metric_value:      1  \n  Severity:          High\n",
            "alarm_name": "App15549|Simplify-Core-Services|ApiGateway-Dev|bt-coreservices-ma-ssl|/productinventorymanagement/notification|POST|5XXError|1|High",
            "arn": "arn:aws:cloudwatch:eu-west-2:016818321538:alarm:App15549|Simplify-Core-Services|ApiGateway-Dev|bt-coreservices-ma-ssl|/productinventorymanagement/notification|POST|5XXError|1|High",
            "comparison_operator": "GreaterThanThreshold",
            "datapoints_to_alarm": 0,
            "dimensions": {
              "ApiName": "bt-coreservices-ma-ssl",
              "Method": "POST",
              "Resource": "/productinventorymanagement/notification",
              "Stage": "dev"
            },
            "evaluate_low_sample_count_percentiles": "",
            "evaluation_periods": 1,
            "extended_statistic": "",
            "id": "App15549|Simplify-Core-Services|ApiGateway-Dev|bt-coreservices-ma-ssl|/productinventorymanagement/notification|POST|5XXError|1|High",
            "insufficient_data_actions": null,
            "metric_name": "5XXError",
            "metric_query": [],
            "namespace": "AWS/ApiGateway",
            "ok_actions": null,
            "period": 60,
            "statistic": "Maximum",
            "tags": null,
            "threshold": 1,
            "threshold_metric_id": "",
            "treat_missing_data": "notBreaching",
            "unit": "Count"
          },
          "private": "eyJzY2hlbWFfdmVyc2lvbiI6IjEifQ=="
        },
        {
          "index_key": "/resourceinventorymanagement/notification",
          "schema_version": 1,
          "attributes": {
            "actions_enabled": true,
            "alarm_actions": [
              "arn:aws:sns:eu-west-2:016818321538:App15549_Simplify-Core-Services_ECS-Dev_DevOps_Topic"
            ],
            "alarm_description": " The /resourceinventorymanagement/notification resource of bt-coreservices-ma-ssl Api has exceeded it's  5XXError threshold value.\n Please find the below details of ApiGateway Metric.\n  Application_ID:    App15549  \n  Application_Name:  Simplify-Core-Services\n  Service_Name:      /resourceinventorymanagement/notification \n  Platform_Name:     Simplify \n  Owner:             DevOps  \n  Enviornment:  Dev\n  ApiName:           bt-coreservices-ma-ssl\n  Resource_Name:     /resourceinventorymanagement/notification\n  Method:            POST\n  Stage:             dev\n  Metric_Name:       5XXError\n  Metric_value:      1  \n  Severity:          High\n",
            "alarm_name": "App15549|Simplify-Core-Services|ApiGateway-Dev|bt-coreservices-ma-ssl|/resourceinventorymanagement/notification|POST|5XXError|1|High",
            "arn": "arn:aws:cloudwatch:eu-west-2:016818321538:alarm:App15549|Simplify-Core-Services|ApiGateway-Dev|bt-coreservices-ma-ssl|/resourceinventorymanagement/notification|POST|5XXError|1|High",
            "comparison_operator": "GreaterThanThreshold",
            "datapoints_to_alarm": 0,
            "dimensions": {
              "ApiName": "bt-coreservices-ma-ssl",
              "Method": "POST",
              "Resource": "/resourceinventorymanagement/notification",
              "Stage": "dev"
            },
            "evaluate_low_sample_count_percentiles": "",
            "evaluation_periods": 1,
            "extended_statistic": "",
            "id": "App15549|Simplify-Core-Services|ApiGateway-Dev|bt-coreservices-ma-ssl|/resourceinventorymanagement/notification|POST|5XXError|1|High",
            "insufficient_data_actions": null,
            "metric_name": "5XXError",
            "metric_query": [],
            "namespace": "AWS/ApiGateway",
            "ok_actions": null,
            "period": 60,
            "statistic": "Maximum",
            "tags": null,
            "threshold": 1,
            "threshold_metric_id": "",
            "treat_missing_data": "notBreaching",
            "unit": "Count"
          },
          "private": "eyJzY2hlbWFfdmVyc2lvbiI6IjEifQ=="
        },
        {
          "index_key": "/serviceinventorymanagement/notification",
          "schema_version": 1,
          "attributes": {
            "actions_enabled": true,
            "alarm_actions": [
              "arn:aws:sns:eu-west-2:016818321538:App15549_Simplify-Core-Services_ECS-Dev_DevOps_Topic"
            ],
            "alarm_description": " The /serviceinventorymanagement/notification resource of bt-coreservices-ma-ssl Api has exceeded it's  5XXError threshold value.\n Please find the below details of ApiGateway Metric.\n  Application_ID:    App15549  \n  Application_Name:  Simplify-Core-Services  \n  Service_Name:      /serviceinventorymanagement/notification \n  Platform_Name:     Simplify \n  Owner:             DevOps  \n  Enviornment:Dev\n  ApiName:           bt-coreservices-ma-ssl\n  Resource_Name:     /serviceinventorymanagement/notification\n  Method:            POST\n  Stage:            dev\n  Metric_Name:       5XXError\n  Metric_value:      1  \n  Severity:          High\n",
            "alarm_name": "App15549|Simplify-Core-Services|ApiGateway-Dev|bt-coreservices-ma-ssl|/serviceinventorymanagement/notification|POST|5XXError|1|High",
            "arn": "arn:aws:cloudwatch:eu-west-2:016818321538:alarm:App15549|Simplify-Core-Services|ApiGateway-Dev|bt-coreservices-ma-ssl|/serviceinventorymanagement/notification|POST|5XXError|1|High",
            "comparison_operator": "GreaterThanThreshold",
            "datapoints_to_alarm": 0,
            "dimensions": {
              "ApiName": "bt-coreservices-ma-ssl",
              "Method": "POST",
              "Resource": "/serviceinventorymanagement/notification",
              "Stage": "dev"
            },
            "evaluate_low_sample_count_percentiles": "",
            "evaluation_periods": 1,
            "extended_statistic": "",
            "id": "App15549|Simplify-Core-Services|ApiGateway-Dev|bt-coreservices-ma-ssl|/serviceinventorymanagement/notification|POST|5XXError|1|High",
            "insufficient_data_actions": null,
            "metric_name": "5XXError",
            "metric_query": [],
            "namespace": "AWS/ApiGateway",
            "ok_actions": null,
            "period": 60,
            "statistic": "Maximum",
            "tags": null,
            "threshold": 1,
            "threshold_metric_id": "",
            "treat_missing_data": "notBreaching",
            "unit": "Count"
          },
          "private": "eyJzY2hlbWFfdmVyc2lvbiI6IjEifQ=="
        },
        {
          "index_key": "/serviceinventorymanagement/notification/{consumer-filter}",
          "schema_version": 1,
          "attributes": {
            "actions_enabled": true,
            "alarm_actions": [
              "arn:aws:sns:eu-west-2:016818321538:App15549_Simplify-Core-Services_ECS-Dev_DevOps_Topic"
            ],
            "alarm_description": " The /serviceinventorymanagement/notification/{consumer-filter} resource of bt-coreservices-ma-ssl Api has exceeded it's  5XXError threshold value.\n Please find the below details of ApiGateway Metric.\n  Application_ID:    App15549  \n  Application_Name:  Simplify-Core-Services  \n  Service_Name:      /serviceinventorymanagement/notification/{consumer-filter} \n  Platform_Name:     Simplify \n  Owner:     DevOps  \n  Enviornment:       Dev\n  ApiName:           bt-coreservices-ma-ssl\n  Resource_Name:     /serviceinventorymanagement/notification/{consumer-filter}\n  Method:            POST\n  Stage:             dev\n  Metric_Name:       5XXError\n  Metric_value:      1  \n  Severity:High\n",
            "alarm_name": "App15549|Simplify-Core-Services|ApiGateway-Dev|bt-coreservices-ma-ssl|/serviceinventorymanagement/notification/{consumer-filter}|POST|5XXError|1|High",
            "arn": "arn:aws:cloudwatch:eu-west-2:016818321538:alarm:App15549|Simplify-Core-Services|ApiGateway-Dev|bt-coreservices-ma-ssl|/serviceinventorymanagement/notification/{consumer-filter}|POST|5XXError|1|High",
            "comparison_operator": "GreaterThanThreshold",
            "datapoints_to_alarm": 0,
            "dimensions": {
              "ApiName": "bt-coreservices-ma-ssl",
              "Method": "POST",
              "Resource": "/serviceinventorymanagement/notification/{consumer-filter}",
              "Stage": "dev"
            },
            "evaluate_low_sample_count_percentiles": "",
            "evaluation_periods": 1,
            "extended_statistic": "",
            "id": "App15549|Simplify-Core-Services|ApiGateway-Dev|bt-coreservices-ma-ssl|/serviceinventorymanagement/notification/{consumer-filter}|POST|5XXError|1|High",
            "insufficient_data_actions": null,
            "metric_name": "5XXError",
            "metric_query": [],
            "namespace": "AWS/ApiGateway",
            "ok_actions": null,
            "period": 60,
            "statistic": "Maximum",
            "tags": null,
            "threshold": 1,
            "threshold_metric_id": "",
            "treat_missing_data": "notBreaching",
            "unit": "Count"
          },
          "private": "eyJzY2hlbWFfdmVyc2lvbiI6IjEifQ=="
        },
        {
          "index_key": "/serviceordermanagement/mop-serviceorder",
          "schema_version": 1,
          "attributes": {
            "actions_enabled": true,
            "alarm_actions": [
              "arn:aws:sns:eu-west-2:016818321538:App15549_Simplify-Core-Services_ECS-Dev_DevOps_Topic"
            ],
            "alarm_description": " The /serviceordermanagement/mop-serviceorder resource of bt-coreservices-ma-ssl Api has exceeded it's  5XXError threshold value.\n Please find the below details of ApiGateway Metric.\n  Application_ID:    App15549  \n  Application_Name:  Simplify-Core-Services  \n  Service_Name:      /serviceordermanagement/mop-serviceorder \n  Platform_Name:     Simplify \n  Owner:             DevOps  \n  Enviornment:Dev\n  ApiName:           bt-coreservices-ma-ssl\n  Resource_Name:     /serviceordermanagement/mop-serviceorder\n  Method:            POST\n  Stage:            dev\n  Metric_Name:       5XXError\n  Metric_value:      1  \n  Severity:          High\n",
            "alarm_name": "App15549|Simplify-Core-Services|ApiGateway-Dev|bt-coreservices-ma-ssl|/serviceordermanagement/mop-serviceorder|POST|5XXError|1|High",
            "arn": "arn:aws:cloudwatch:eu-west-2:016818321538:alarm:App15549|Simplify-Core-Services|ApiGateway-Dev|bt-coreservices-ma-ssl|/serviceordermanagement/mop-serviceorder|POST|5XXError|1|High",
            "comparison_operator": "GreaterThanThreshold",
            "datapoints_to_alarm": 0,
            "dimensions": {
              "ApiName": "bt-coreservices-ma-ssl",
              "Method": "POST",
              "Resource": "/serviceordermanagement/mop-serviceorder",
              "Stage": "dev"
            },
            "evaluate_low_sample_count_percentiles": "",
            "evaluation_periods": 1,
            "extended_statistic": "",
            "id": "App15549|Simplify-Core-Services|ApiGateway-Dev|bt-coreservices-ma-ssl|/serviceordermanagement/mop-serviceorder|POST|5XXError|1|High",
            "insufficient_data_actions": null,
            "metric_name": "5XXError",
            "metric_query": [],
            "namespace": "AWS/ApiGateway",
            "ok_actions": null,
            "period": 60,
            "statistic": "Maximum",
            "tags": null,
            "threshold": 1,
            "threshold_metric_id": "",
            "treat_missing_data": "notBreaching",
            "unit": "Count"
          },
          "private": "eyJzY2hlbWFfdmVyc2lvbiI6IjEifQ=="
        },
        {
          "index_key": "/serviceordermanagement/serviceorder",
          "schema_version": 1,
          "attributes": {
            "actions_enabled": true,
            "alarm_actions": [
              "arn:aws:sns:eu-west-2:016818321538:App15549_Simplify-Core-Services_ECS-Dev_DevOps_Topic"
            ],
            "alarm_description": " The /serviceordermanagement/serviceorder resource of bt-coreservices-ma-ssl Api has exceeded it's  5XXError threshold value.\n Please find the below details of ApiGateway Metric.\n  Application_ID:    App15549  \n  Application_Name:  Simplify-Core-Services  \n  Service_Name:      /serviceordermanagement/serviceorder \n  Platform_Name:     Simplify \n  Owner:             DevOps  \n  Enviornment:       Dev\n  ApiName:           bt-coreservices-ma-ssl\n  Resource_Name:     /serviceordermanagement/serviceorder\n  Method:            POST\n  Stage:dev\n  Metric_Name:       5XXError\n  Metric_value:      1  \n  Severity:          High\n",
            "alarm_name": "App15549|Simplify-Core-Services|ApiGateway-Dev|bt-coreservices-ma-ssl|/serviceordermanagement/serviceorder|POST|5XXError|1|High",
            "arn": "arn:aws:cloudwatch:eu-west-2:016818321538:alarm:App15549|Simplify-Core-Services|ApiGateway-Dev|bt-coreservices-ma-ssl|/serviceordermanagement/serviceorder|POST|5XXError|1|High",
            "comparison_operator": "GreaterThanThreshold",
            "datapoints_to_alarm": 0,
            "dimensions": {
              "ApiName": "bt-coreservices-ma-ssl",
              "Method": "POST",
              "Resource": "/serviceordermanagement/serviceorder",
              "Stage": "dev"
            },
            "evaluate_low_sample_count_percentiles": "",
            "evaluation_periods": 1,
            "extended_statistic": "",
            "id": "App15549|Simplify-Core-Services|ApiGateway-Dev|bt-coreservices-ma-ssl|/serviceordermanagement/serviceorder|POST|5XXError|1|High",
            "insufficient_data_actions": null,
            "metric_name": "5XXError",
            "metric_query": [],
            "namespace": "AWS/ApiGateway",
            "ok_actions": null,
            "period": 60,
            "statistic": "Maximum",
            "tags": null,
            "threshold": 1,
            "threshold_metric_id": "",
            "treat_missing_data": "notBreaching",
            "unit": "Count"
          },
          "private": "eyJzY2hlbWFfdmVyc2lvbiI6IjEifQ=="
        },
        {
          "index_key": "serviceordermanagement/mop-serviceorder-notifications",
          "schema_version": 1,
          "attributes": {
            "actions_enabled": true,
            "alarm_actions": [
              "arn:aws:sns:eu-west-2:016818321538:App15549_Simplify-Core-Services_ECS-Dev_DevOps_Topic"
            ],
            "alarm_description": " The serviceordermanagement/mop-serviceorder-notifications resource of bt-coreservices-ma-ssl Api has exceeded it's  5XXError threshold value.\n Please find the below details of ApiGateway Metric.\n  Application_ID:    App15549  \n  Application_Name:  Simplify-Core-Services  \n  Service_Name:      serviceordermanagement/mop-serviceorder-notifications \n  Platform_Name:     Simplify \n  Owner:             DevOps  \n  Enviornment:       Dev\n  ApiName:           bt-coreservices-ma-ssl\n  Resource_Name:     serviceordermanagement/mop-serviceorder-notifications\n  Method:            POST\n  Stage:             dev\n  Metric_Name:       5XXError\n  Metric_value:      1  \n  Severity:          High\n",
            "alarm_name": "App15549|Simplify-Core-Services|ApiGateway-Dev|bt-coreservices-ma-ssl|serviceordermanagement/mop-serviceorder-notifications|POST|5XXError|1|High",
            "arn": "arn:aws:cloudwatch:eu-west-2:016818321538:alarm:App15549|Simplify-Core-Services|ApiGateway-Dev|bt-coreservices-ma-ssl|serviceordermanagement/mop-serviceorder-notifications|POST|5XXError|1|High",
            "comparison_operator": "GreaterThanThreshold",
            "datapoints_to_alarm": 0,
            "dimensions": {
              "ApiName": "bt-coreservices-ma-ssl",
              "Method": "POST",
              "Resource": "serviceordermanagement/mop-serviceorder-notifications",
              "Stage": "dev"
            },
            "evaluate_low_sample_count_percentiles": "",
            "evaluation_periods": 1,
            "extended_statistic": "",
            "id": "App15549|Simplify-Core-Services|ApiGateway-Dev|bt-coreservices-ma-ssl|serviceordermanagement/mop-serviceorder-notifications|POST|5XXError|1|High",
            "insufficient_data_actions": null,
            "metric_name": "5XXError",
            "metric_query": [],
            "namespace": "AWS/ApiGateway",
            "ok_actions": null,
            "period": 60,
            "statistic": "Maximum",
            "tags": null,
            "threshold": 1,
            "threshold_metric_id": "",
            "treat_missing_data": "notBreaching",
            "unit": "Count"
          },
          "private": "eyJzY2hlbWFfdmVyc2lvbiI6IjEifQ=="
        }
      ]
    },
    {
      "mode": "managed",
      "type": "aws_cloudwatch_metric_alarm",
      "name": "gateway_latency",
      "each": "map",
      "provider": "provider.aws",
      "instances": [
        {
          "index_key": "/customermanagement/account/notification/{source}",
          "schema_version": 1,
          "attributes": {
            "actions_enabled": true,
            "alarm_actions": [
              "arn:aws:sns:eu-west-2:016818321538:App15549_Simplify-Core-Services_ECS-Dev_DevOps_Topic"
            ],
            "alarm_description": "The /customermanagement/account/notification/{source} resource of bt-coreservices Api has exceeded it's  Latency threshold value.\n Please find the below details of ApiGateway Metric.\n  Application_ID:    App15549  \n  Application_Name:  Simplify-Core-Services  \n  Service_Name:      /customermanagement/account/notification/{source}  \n  Platform_Name:     Simplify \n  Owner:             DevOps  \n  Enviornment:       Dev\n  ApiName:           bt-coreservices\n  Resource_Name:     /customermanagement/account/notification/{source}\n  Method:            POST\n  Stage:             dev\n  Metric_Name:       Latency\n  Metric_value:      10000  \n  Severity:          High\n\n",
            "alarm_name": "App15549|Simplify-Core-Services|ApiGateway-Dev||bt-coreservices|/customermanagement/account/notification/{source}|POST|{var.latency_metric}|10000|High",
            "arn": "arn:aws:cloudwatch:eu-west-2:016818321538:alarm:App15549|Simplify-Core-Services|ApiGateway-Dev||bt-coreservices|/customermanagement/account/notification/{source}|POST|{var.latency_metric}|10000|High",
            "comparison_operator": "GreaterThanThreshold",
            "datapoints_to_alarm": 0,
            "dimensions": {
              "ApiName": "bt-coreservices",
              "Method": "POST",
              "Resource": "/customermanagement/account/notification/{source}",
              "Stage": "dev"
            },
            "evaluate_low_sample_count_percentiles": "",
            "evaluation_periods": 1,
            "extended_statistic": "",
            "id": "App15549|Simplify-Core-Services|ApiGateway-Dev||bt-coreservices|/customermanagement/account/notification/{source}|POST|{var.latency_metric}|10000|High",
            "insufficient_data_actions": null,
            "metric_name": "Latency",
            "metric_query": [],
            "namespace": "AWS/ApiGateway",
            "ok_actions": null,
            "period": 60,
            "statistic": "Maximum",
            "tags": null,
            "threshold": 10000,
            "threshold_metric_id": "",
            "treat_missing_data": "notBreaching",
            "unit": "Milliseconds"
          },
          "private": "eyJzY2hlbWFfdmVyc2lvbiI6IjEifQ=="
        },
        {
          "index_key": "/customermanagement/account/{id}",
          "schema_version": 1,
          "attributes": {
            "actions_enabled": true,
            "alarm_actions": [
              "arn:aws:sns:eu-west-2:016818321538:App15549_Simplify-Core-Services_ECS-Dev_DevOps_Topic"
            ],
            "alarm_description": "The /customermanagement/account/{id} resource of bt-coreservices Api has exceeded it's  Latency threshold value.\nPlease find the below details of ApiGateway Metric.\n  Application_ID:    App15549  \n  Application_Name:  Simplify-Core-Services  \n  Service_Name:     /customermanagement/account/{id}  \n  Platform_Name:     Simplify \n  Owner:             DevOps  \n  Enviornment:       Dev\n  ApiName:  bt-coreservices\n  Resource_Name:     /customermanagement/account/{id}\n  Method:            GET\n  Stage:             dev\n  Metric_Name:       Latency\n  Metric_value:      10000  \n  Severity:          High\n\n",
            "alarm_name": "App15549|Simplify-Core-Services|ApiGateway-Dev||bt-coreservices|/customermanagement/account/{id}|GET|{var.latency_metric}|10000|High",
            "arn": "arn:aws:cloudwatch:eu-west-2:016818321538:alarm:App15549|Simplify-Core-Services|ApiGateway-Dev||bt-coreservices|/customermanagement/account/{id}|GET|{var.latency_metric}|10000|High",
            "comparison_operator": "GreaterThanThreshold",
            "datapoints_to_alarm": 0,
            "dimensions": {
              "ApiName": "bt-coreservices",
              "Method": "GET",
              "Resource": "/customermanagement/account/{id}",
              "Stage": "dev"
            },
            "evaluate_low_sample_count_percentiles": "",
            "evaluation_periods": 1,
            "extended_statistic": "",
            "id": "App15549|Simplify-Core-Services|ApiGateway-Dev||bt-coreservices|/customermanagement/account/{id}|GET|{var.latency_metric}|10000|High",
            "insufficient_data_actions": null,
            "metric_name": "Latency",
            "metric_query": [],
            "namespace": "AWS/ApiGateway",
            "ok_actions": null,
            "period": 60,
            "statistic": "Maximum",
            "tags": null,
            "threshold": 10000,
            "threshold_metric_id": "",
            "treat_missing_data": "notBreaching",
            "unit": "Milliseconds"
          },
          "private": "eyJzY2hlbWFfdmVyc2lvbiI6IjEifQ=="
        },
        {
          "index_key": "/customermanagement/contact/{id}",
          "schema_version": 1,
          "attributes": {
            "actions_enabled": true,
            "alarm_actions": [
              "arn:aws:sns:eu-west-2:016818321538:App15549_Simplify-Core-Services_ECS-Dev_DevOps_Topic"
            ],
            "alarm_description": "The /customermanagement/contact/{id} resource of bt-coreservices Api has exceeded it's  Latency threshold value.\nPlease find the below details of ApiGateway Metric.\n  Application_ID:    App15549  \n  Application_Name:  Simplify-Core-Services  \n  Service_Name:     /customermanagement/contact/{id}  \n  Platform_Name:     Simplify \n  Owner:             DevOps  \n  Enviornment:       Dev\n  ApiName:  bt-coreservices\n  Resource_Name:     /customermanagement/contact/{id}\n  Method:            GET\n  Stage:             dev\n  Metric_Name:       Latency\n  Metric_value:      10000  \n  Severity:          High\n\n",
            "alarm_name": "App15549|Simplify-Core-Services|ApiGateway-Dev||bt-coreservices|/customermanagement/contact/{id}|GET|{var.latency_metric}|10000|High",
            "arn": "arn:aws:cloudwatch:eu-west-2:016818321538:alarm:App15549|Simplify-Core-Services|ApiGateway-Dev||bt-coreservices|/customermanagement/contact/{id}|GET|{var.latency_metric}|10000|High",
            "comparison_operator": "GreaterThanThreshold",
            "datapoints_to_alarm": 0,
            "dimensions": {
              "ApiName": "bt-coreservices",
              "Method": "GET",
              "Resource": "/customermanagement/contact/{id}",
              "Stage": "dev"
            },
            "evaluate_low_sample_count_percentiles": "",
            "evaluation_periods": 1,
            "extended_statistic": "",
            "id": "App15549|Simplify-Core-Services|ApiGateway-Dev||bt-coreservices|/customermanagement/contact/{id}|GET|{var.latency_metric}|10000|High",
            "insufficient_data_actions": null,
            "metric_name": "Latency",
            "metric_query": [],
            "namespace": "AWS/ApiGateway",
            "ok_actions": null,
            "period": 60,
            "statistic": "Maximum",
            "tags": null,
            "threshold": 10000,
            "threshold_metric_id": "",
            "treat_missing_data": "notBreaching",
            "unit": "Milliseconds"
          },
          "private": "eyJzY2hlbWFfdmVyc2lvbiI6IjEifQ=="
        },
        {
          "index_key": "/openreach/kcinotification",
          "schema_version": 1,
          "attributes": {
            "actions_enabled": true,
            "alarm_actions": [
              "arn:aws:sns:eu-west-2:016818321538:App15549_Simplify-Core-Services_ECS-Dev_DevOps_Topic"
            ],
            "alarm_description": "The /openreach/kcinotification resource of bt-coreservices Api has exceeded it's  Latency threshold value.\n Please find the below details of ApiGateway Metric.\n  Application_ID:    App15549  \n  Application_Name:  Simplify-Core-Services  \n  Service_Name:      /openreach/kcinotification  \n  Platform_Name:     Simplify \n  Owner:             DevOps  \n  Enviornment:       Dev\n  ApiName:           bt-coreservices\n  Resource_Name:     /openreach/kcinotification\n  Method:            POST\n  Stage:             dev\n  Metric_Name:       Latency\n  Metric_value:      10000  \n  Severity:          High\n\n",
            "alarm_name": "App15549|Simplify-Core-Services|ApiGateway-Dev||bt-coreservices|/openreach/kcinotification|POST|{var.latency_metric}|10000|High",
            "arn": "arn:aws:cloudwatch:eu-west-2:016818321538:alarm:App15549|Simplify-Core-Services|ApiGateway-Dev||bt-coreservices|/openreach/kcinotification|POST|{var.latency_metric}|10000|High",
            "comparison_operator": "GreaterThanThreshold",
            "datapoints_to_alarm": 0,
            "dimensions": {
              "ApiName": "bt-coreservices",
              "Method": "POST",
              "Resource": "/openreach/kcinotification",
              "Stage": "dev"
            },
            "evaluate_low_sample_count_percentiles": "",
            "evaluation_periods": 1,
            "extended_statistic": "",
            "id": "App15549|Simplify-Core-Services|ApiGateway-Dev||bt-coreservices|/openreach/kcinotification|POST|{var.latency_metric}|10000|High",
            "insufficient_data_actions": null,
            "metric_name": "Latency",
            "metric_query": [],
            "namespace": "AWS/ApiGateway",
            "ok_actions": null,
            "period": 60,
            "statistic": "Maximum",
            "tags": null,
            "threshold": 10000,
            "threshold_metric_id": "",
            "treat_missing_data": "notBreaching",
            "unit": "Milliseconds"
          },
          "private": "eyJzY2hlbWFfdmVyc2lvbiI6IjEifQ=="
        },
        {
          "index_key": "/partymanagement/notification",
          "schema_version": 1,
          "attributes": {
            "actions_enabled": true,
            "alarm_actions": [
              "arn:aws:sns:eu-west-2:016818321538:App15549_Simplify-Core-Services_ECS-Dev_DevOps_Topic"
            ],
            "alarm_description": "The /partymanagement/notification resource of bt-coreservices Api has exceeded it's  Latency threshold value.\n Please find the below details of ApiGateway Metric.\n  Application_ID:    App15549  \n  Application_Name:  Simplify-Core-Services  \n  Service_Name:  /partymanagement/notification  \n  Platform_Name:     Simplify \n  Owner:             DevOps  \n  Enviornment:       Dev\n  ApiName:           bt-coreservices\n  Resource_Name:     /partymanagement/notification\n  Method:            POST\n  Stage:             dev\n  Metric_Name:       Latency\n Metric_value:      10000  \n  Severity:          High\n\n",
            "alarm_name": "App15549|Simplify-Core-Services|ApiGateway-Dev||bt-coreservices|/partymanagement/notification|POST|{var.latency_metric}|10000|High",
            "arn": "arn:aws:cloudwatch:eu-west-2:016818321538:alarm:App15549|Simplify-Core-Services|ApiGateway-Dev||bt-coreservices|/partymanagement/notification|POST|{var.latency_metric}|10000|High",
            "comparison_operator": "GreaterThanThreshold",
            "datapoints_to_alarm": 0,
            "dimensions": {
              "ApiName": "bt-coreservices",
              "Method": "POST",
              "Resource": "/partymanagement/notification",
              "Stage": "dev"
            },
            "evaluate_low_sample_count_percentiles": "",
            "evaluation_periods": 1,
            "extended_statistic": "",
            "id": "App15549|Simplify-Core-Services|ApiGateway-Dev||bt-coreservices|/partymanagement/notification|POST|{var.latency_metric}|10000|High",
            "insufficient_data_actions": null,
            "metric_name": "Latency",
            "metric_query": [],
            "namespace": "AWS/ApiGateway",
            "ok_actions": null,
            "period": 60,
            "statistic": "Maximum",
            "tags": null,
            "threshold": 10000,
            "threshold_metric_id": "",
            "treat_missing_data": "notBreaching",
            "unit": "Milliseconds"
          },
          "private": "eyJzY2hlbWFfdmVyc2lvbiI6IjEifQ=="
        },
        {
          "index_key": "/productinventorymanagement/notification",
          "schema_version": 1,
          "attributes": {
            "actions_enabled": true,
            "alarm_actions": [
              "arn:aws:sns:eu-west-2:016818321538:App15549_Simplify-Core-Services_ECS-Dev_DevOps_Topic"
            ],
            "alarm_description": "The /productinventorymanagement/notification resource of bt-coreservices Api has exceeded it's  Latency threshold value.\n Please find the below details of ApiGateway Metric.\n  Application_ID:    App15549  \n  Application_Name:  Simplify-Core-Services  \n  Service_Name:      /productinventorymanagement/notification  \n  Platform_Name:     Simplify \n  Owner:             DevOps  \n  Enviornment:       Dev\n  ApiName:           bt-coreservices\n  Resource_Name:     /productinventorymanagement/notification\n  Method:            POST\n  Stage:             dev\n  Metric_Name:       Latency\n  Metric_value:      10000  \n  Severity:          High\n\n",
            "alarm_name": "App15549|Simplify-Core-Services|ApiGateway-Dev||bt-coreservices|/productinventorymanagement/notification|POST|{var.latency_metric}|10000|High",
            "arn": "arn:aws:cloudwatch:eu-west-2:016818321538:alarm:App15549|Simplify-Core-Services|ApiGateway-Dev||bt-coreservices|/productinventorymanagement/notification|POST|{var.latency_metric}|10000|High",
            "comparison_operator": "GreaterThanThreshold",
            "datapoints_to_alarm": 0,
            "dimensions": {
              "ApiName": "bt-coreservices",
              "Method": "POST",
              "Resource": "/productinventorymanagement/notification",
              "Stage": "dev"
            },
            "evaluate_low_sample_count_percentiles": "",
            "evaluation_periods": 1,
            "extended_statistic": "",
            "id": "App15549|Simplify-Core-Services|ApiGateway-Dev||bt-coreservices|/productinventorymanagement/notification|POST|{var.latency_metric}|10000|High",
            "insufficient_data_actions": null,
            "metric_name": "Latency",
            "metric_query": [],
            "namespace": "AWS/ApiGateway",
            "ok_actions": null,
            "period": 60,
            "statistic": "Maximum",
            "tags": null,
            "threshold": 10000,
            "threshold_metric_id": "",
            "treat_missing_data": "notBreaching",
            "unit": "Milliseconds"
          },
          "private": "eyJzY2hlbWFfdmVyc2lvbiI6IjEifQ=="
        },
        {
          "index_key": "/resourceinventorymanagement/notification",
          "schema_version": 1,
          "attributes": {
            "actions_enabled": true,
            "alarm_actions": [
              "arn:aws:sns:eu-west-2:016818321538:App15549_Simplify-Core-Services_ECS-Dev_DevOps_Topic"
            ],
            "alarm_description": "The /resourceinventorymanagement/notification resource of bt-coreservices Api has exceeded it's  Latency thresholdvalue.\n Please find the below details of ApiGateway Metric.\n  Application_ID:    App15549  \n  Application_Name:  Simplify-Core-Services  \n  Service_Name:      /resourceinventorymanagement/notification  \n  Platform_Name:     Simplify \n  Owner:             DevOps  \n  Enviornment:       Dev\n ApiName:           bt-coreservices\n  Resource_Name:     /resourceinventorymanagement/notification\n  Method:            POST\n  Stage:dev\n  Metric_Name:       Latency\n  Metric_value:      10000  \n  Severity:          High\n\n",
            "alarm_name": "App15549|Simplify-Core-Services|ApiGateway-Dev||bt-coreservices|/resourceinventorymanagement/notification|POST|{var.latency_metric}|10000|High",
            "arn": "arn:aws:cloudwatch:eu-west-2:016818321538:alarm:App15549|Simplify-Core-Services|ApiGateway-Dev||bt-coreservices|/resourceinventorymanagement/notification|POST|{var.latency_metric}|10000|High",
            "comparison_operator": "GreaterThanThreshold",
            "datapoints_to_alarm": 0,
            "dimensions": {
              "ApiName": "bt-coreservices",
              "Method": "POST",
              "Resource": "/resourceinventorymanagement/notification",
              "Stage": "dev"
            },
            "evaluate_low_sample_count_percentiles": "",
            "evaluation_periods": 1,
            "extended_statistic": "",
            "id": "App15549|Simplify-Core-Services|ApiGateway-Dev||bt-coreservices|/resourceinventorymanagement/notification|POST|{var.latency_metric}|10000|High",
            "insufficient_data_actions": null,
            "metric_name": "Latency",
            "metric_query": [],
            "namespace": "AWS/ApiGateway",
            "ok_actions": null,
            "period": 60,
            "statistic": "Maximum",
            "tags": null,
            "threshold": 10000,
            "threshold_metric_id": "",
            "treat_missing_data": "notBreaching",
            "unit": "Milliseconds"
          },
          "private": "eyJzY2hlbWFfdmVyc2lvbiI6IjEifQ=="
        },
        {
          "index_key": "/serviceinventorymanagement/notification",
          "schema_version": 1,
          "attributes": {
            "actions_enabled": true,
            "alarm_actions": [
              "arn:aws:sns:eu-west-2:016818321538:App15549_Simplify-Core-Services_ECS-Dev_DevOps_Topic"
            ],
            "alarm_description": "The /serviceinventorymanagement/notification resource of bt-coreservices Api has exceeded it's  Latency threshold value.\n Please find the below details of ApiGateway Metric.\n  Application_ID:    App15549  \n  Application_Name:  Simplify-Core-Services  \n  Service_Name:      /serviceinventorymanagement/notification  \n  Platform_Name:     Simplify \n  Owner:             DevOps  \n  Enviornment:       Dev\n  ApiName:           bt-coreservices\n  Resource_Name:     /serviceinventorymanagement/notification\n  Method:            POST\n  Stage:             dev\n  Metric_Name:       Latency\n  Metric_value:      10000  \n  Severity:          High\n\n",
            "alarm_name": "App15549|Simplify-Core-Services|ApiGateway-Dev||bt-coreservices|/serviceinventorymanagement/notification|POST|{var.latency_metric}|10000|High",
            "arn": "arn:aws:cloudwatch:eu-west-2:016818321538:alarm:App15549|Simplify-Core-Services|ApiGateway-Dev||bt-coreservices|/serviceinventorymanagement/notification|POST|{var.latency_metric}|10000|High",
            "comparison_operator": "GreaterThanThreshold",
            "datapoints_to_alarm": 0,
            "dimensions": {
              "ApiName": "bt-coreservices",
              "Method": "POST",
              "Resource": "/serviceinventorymanagement/notification",
              "Stage": "dev"
            },
            "evaluate_low_sample_count_percentiles": "",
            "evaluation_periods": 1,
            "extended_statistic": "",
            "id": "App15549|Simplify-Core-Services|ApiGateway-Dev||bt-coreservices|/serviceinventorymanagement/notification|POST|{var.latency_metric}|10000|High",
            "insufficient_data_actions": null,
            "metric_name": "Latency",
            "metric_query": [],
            "namespace": "AWS/ApiGateway",
            "ok_actions": null,
            "period": 60,
            "statistic": "Maximum",
            "tags": null,
            "threshold": 10000,
            "threshold_metric_id": "",
            "treat_missing_data": "notBreaching",
            "unit": "Milliseconds"
          },
          "private": "eyJzY2hlbWFfdmVyc2lvbiI6IjEifQ=="
        },
        {
          "index_key": "/serviceinventorymanagement/notification/{consumer-filter}",
          "schema_version": 1,
          "attributes": {
            "actions_enabled": true,
            "alarm_actions": [
              "arn:aws:sns:eu-west-2:016818321538:App15549_Simplify-Core-Services_ECS-Dev_DevOps_Topic"
            ],
            "alarm_description": "The /serviceinventorymanagement/notification/{consumer-filter} resource of bt-coreservices Api has exceeded it's  Latency threshold value.\n Please find the below details of ApiGateway Metric.\n  Application_ID:    App15549  \n  Application_Name:  Simplify-Core-Services  \n  Service_Name:      /serviceinventorymanagement/notification/{consumer-filter}  \n  Platform_Name:     Simplify \n  Owner:             DevOps  \n  Enviornment:       Dev\n  ApiName:           bt-coreservices\n  Resource_Name:     /serviceinventorymanagement/notification/{consumer-filter}\n  Method:            POST\n  Stage:             dev\n  Metric_Name:       Latency\n  Metric_value:      10000  \n  Severity:          High\n\n",
            "alarm_name": "App15549|Simplify-Core-Services|ApiGateway-Dev||bt-coreservices|/serviceinventorymanagement/notification/{consumer-filter}|POST|{var.latency_metric}|10000|High",
            "arn": "arn:aws:cloudwatch:eu-west-2:016818321538:alarm:App15549|Simplify-Core-Services|ApiGateway-Dev||bt-coreservices|/serviceinventorymanagement/notification/{consumer-filter}|POST|{var.latency_metric}|10000|High",
            "comparison_operator": "GreaterThanThreshold",
            "datapoints_to_alarm": 0,
            "dimensions": {
              "ApiName": "bt-coreservices",
              "Method": "POST",
              "Resource": "/serviceinventorymanagement/notification/{consumer-filter}",
              "Stage": "dev"
            },
            "evaluate_low_sample_count_percentiles": "",
            "evaluation_periods": 1,
            "extended_statistic": "",
            "id": "App15549|Simplify-Core-Services|ApiGateway-Dev||bt-coreservices|/serviceinventorymanagement/notification/{consumer-filter}|POST|{var.latency_metric}|10000|High",
            "insufficient_data_actions": null,
            "metric_name": "Latency",
            "metric_query": [],
            "namespace": "AWS/ApiGateway",
            "ok_actions": null,
            "period": 60,
            "statistic": "Maximum",
            "tags": null,
            "threshold": 10000,
            "threshold_metric_id": "",
            "treat_missing_data": "notBreaching",
            "unit": "Milliseconds"
          },
          "private": "eyJzY2hlbWFfdmVyc2lvbiI6IjEifQ=="
        },
        {
          "index_key": "/serviceordermanagement/mop-serviceorder",
          "schema_version": 1,
          "attributes": {
            "actions_enabled": true,
            "alarm_actions": [
              "arn:aws:sns:eu-west-2:016818321538:App15549_Simplify-Core-Services_ECS-Dev_DevOps_Topic"
            ],
            "alarm_description": "The /serviceordermanagement/mop-serviceorder resource of bt-coreservices Api has exceeded it's  Latency threshold value.\n Please find the below details of ApiGateway Metric.\n  Application_ID:    App15549  \n  Application_Name:  Simplify-Core-Services  \n  Service_Name:      /serviceordermanagement/mop-serviceorder  \n  Platform_Name:     Simplify \n  Owner:             DevOps  \n  Enviornment:       Dev\n  ApiName:           bt-coreservices\n  Resource_Name:     /serviceordermanagement/mop-serviceorder\n  Method:            POST\n  Stage:             dev\n  Metric_Name:       Latency\n  Metric_value:      10000  \n  Severity:          High\n\n",
            "alarm_name": "App15549|Simplify-Core-Services|ApiGateway-Dev||bt-coreservices|/serviceordermanagement/mop-serviceorder|POST|{var.latency_metric}|10000|High",
            "arn": "arn:aws:cloudwatch:eu-west-2:016818321538:alarm:App15549|Simplify-Core-Services|ApiGateway-Dev||bt-coreservices|/serviceordermanagement/mop-serviceorder|POST|{var.latency_metric}|10000|High",
            "comparison_operator": "GreaterThanThreshold",
            "datapoints_to_alarm": 0,
            "dimensions": {
              "ApiName": "bt-coreservices",
              "Method": "POST",
              "Resource": "/serviceordermanagement/mop-serviceorder",
              "Stage": "dev"
            },
            "evaluate_low_sample_count_percentiles": "",
            "evaluation_periods": 1,
            "extended_statistic": "",
            "id": "App15549|Simplify-Core-Services|ApiGateway-Dev||bt-coreservices|/serviceordermanagement/mop-serviceorder|POST|{var.latency_metric}|10000|High",
            "insufficient_data_actions": null,
            "metric_name": "Latency",
            "metric_query": [],
            "namespace": "AWS/ApiGateway",
            "ok_actions": null,
            "period": 60,
            "statistic": "Maximum",
            "tags": null,
            "threshold": 10000,
            "threshold_metric_id": "",
            "treat_missing_data": "notBreaching",
            "unit": "Milliseconds"
          },
          "private": "eyJzY2hlbWFfdmVyc2lvbiI6IjEifQ=="
        },
        {
          "index_key": "/serviceordermanagement/serviceorder",
          "schema_version": 1,
          "attributes": {
            "actions_enabled": true,
            "alarm_actions": [
              "arn:aws:sns:eu-west-2:016818321538:App15549_Simplify-Core-Services_ECS-Dev_DevOps_Topic"
            ],
            "alarm_description": "The /serviceordermanagement/serviceorder resource of bt-coreservices Api has exceeded it's  Latency threshold value.\n Please find the below details of ApiGateway Metric.\n  Application_ID:    App15549  \n  Application_Name:  Simplify-Core-Services  \n  Service_Name:      /serviceordermanagement/serviceorder  \n  Platform_Name:     Simplify \n  Owner:             DevOps  \n  Enviornment:       Dev\n  ApiName:          bt-coreservices\n  Resource_Name:     /serviceordermanagement/serviceorder\n  Method:            POST\n  Stage:             dev\n  Metric_Name:       Latency\n  Metric_value:      10000  \n  Severity:          High\n\n",
            "alarm_name": "App15549|Simplify-Core-Services|ApiGateway-Dev||bt-coreservices|/serviceordermanagement/serviceorder|POST|{var.latency_metric}|10000|High",
            "arn": "arn:aws:cloudwatch:eu-west-2:016818321538:alarm:App15549|Simplify-Core-Services|ApiGateway-Dev||bt-coreservices|/serviceordermanagement/serviceorder|POST|{var.latency_metric}|10000|High",
            "comparison_operator": "GreaterThanThreshold",
            "datapoints_to_alarm": 0,
            "dimensions": {
              "ApiName": "bt-coreservices",
              "Method": "POST",
              "Resource": "/serviceordermanagement/serviceorder",
              "Stage": "dev"
            },
            "evaluate_low_sample_count_percentiles": "",
            "evaluation_periods": 1,
            "extended_statistic": "",
            "id": "App15549|Simplify-Core-Services|ApiGateway-Dev||bt-coreservices|/serviceordermanagement/serviceorder|POST|{var.latency_metric}|10000|High",
            "insufficient_data_actions": null,
            "metric_name": "Latency",
            "metric_query": [],
            "namespace": "AWS/ApiGateway",
            "ok_actions": null,
            "period": 60,
            "statistic": "Maximum",
            "tags": null,
            "threshold": 10000,
            "threshold_metric_id": "",
            "treat_missing_data": "notBreaching",
            "unit": "Milliseconds"
          },
          "private": "eyJzY2hlbWFfdmVyc2lvbiI6IjEifQ=="
        },
        {
          "index_key": "serviceordermanagement/mop-serviceorder-notifications",
          "schema_version": 1,
          "attributes": {
            "actions_enabled": true,
            "alarm_actions": [
              "arn:aws:sns:eu-west-2:016818321538:App15549_Simplify-Core-Services_ECS-Dev_DevOps_Topic"
            ],
            "alarm_description": "The serviceordermanagement/mop-serviceorder-notifications resource of bt-coreservices Api has exceeded it's  Latency threshold value.\n Please find the below details of ApiGateway Metric.\n  Application_ID:    App15549  \n  Application_Name:  Simplify-Core-Services  \n  Service_Name:      serviceordermanagement/mop-serviceorder-notifications  \n  Platform_Name:     Simplify \n  Owner:             DevOps  \n  Enviornment:       Dev\n  ApiName:           bt-coreservices\n  Resource_Name:     serviceordermanagement/mop-serviceorder-notifications\n  Method:         POST\n  Stage:             dev\n  Metric_Name:       Latency\n  Metric_value:      10000  \n  Severity:          High\n\n",
            "alarm_name": "App15549|Simplify-Core-Services|ApiGateway-Dev||bt-coreservices|serviceordermanagement/mop-serviceorder-notifications|POST|{var.latency_metric}|10000|High",
            "arn": "arn:aws:cloudwatch:eu-west-2:016818321538:alarm:App15549|Simplify-Core-Services|ApiGateway-Dev||bt-coreservices|serviceordermanagement/mop-serviceorder-notifications|POST|{var.latency_metric}|10000|High",
            "comparison_operator": "GreaterThanThreshold",
            "datapoints_to_alarm": 0,
            "dimensions": {
              "ApiName": "bt-coreservices",
              "Method": "POST",
              "Resource": "serviceordermanagement/mop-serviceorder-notifications",
              "Stage": "dev"
            },
            "evaluate_low_sample_count_percentiles": "",
            "evaluation_periods": 1,
            "extended_statistic": "",
            "id": "App15549|Simplify-Core-Services|ApiGateway-Dev||bt-coreservices|serviceordermanagement/mop-serviceorder-notifications|POST|{var.latency_metric}|10000|High",
            "insufficient_data_actions": null,
            "metric_name": "Latency",
            "metric_query": [],
            "namespace": "AWS/ApiGateway",
            "ok_actions": null,
            "period": 60,
            "statistic": "Maximum",
            "tags": null,
            "threshold": 10000,
            "threshold_metric_id": "",
            "treat_missing_data": "notBreaching",
            "unit": "Milliseconds"
          },
          "private": "eyJzY2hlbWFfdmVyc2lvbiI6IjEifQ=="
        }
      ]
    },
    {
      "mode": "managed",
      "type": "aws_cloudwatch_metric_alarm",
      "name": "gateway_latency_private",
      "each": "map",
      "provider": "provider.aws",
      "instances": [
        {
          "index_key": "/customermanagement/account/notification/{source}",
          "schema_version": 1,
          "attributes": {
            "actions_enabled": true,
            "alarm_actions": [
              "arn:aws:sns:eu-west-2:016818321538:App15549_Simplify-Core-Services_ECS-Dev_DevOps_Topic"
            ],
            "alarm_description": "The /customermanagement/account/notification/{source} resource of bt-coreservices-ma-ssl Api has exceeded it's  Latency threshold value.\n Please find the below details of ApiGateway Metric.\n  Application_ID:    App15549  \n  Application_Name:  Simplify-Core-Services  \n  Service_Name:      /customermanagement/account/notification/{source}  \n  Platform_Name:     Simplify \n  Owner:             DevOps  \n  Enviornment:       Dev\n  ApiName:           bt-coreservices-ma-ssl\n  Resource_Name:     /customermanagement/account/notification/{source}\n  Method:           POST\n  Stage:             dev\n  Metric_Name:       Latency\n  Metric_value:      10000  \n  Severity:          High\n\n",
            "alarm_name": "App15549|Simplify-Core-Services|ApiGateway-Dev|bt-coreservices-ma-ssl|/customermanagement/account/notification/{source}|POST|Latency|10000|High",
            "arn": "arn:aws:cloudwatch:eu-west-2:016818321538:alarm:App15549|Simplify-Core-Services|ApiGateway-Dev|bt-coreservices-ma-ssl|/customermanagement/account/notification/{source}|POST|Latency|10000|High",
            "comparison_operator": "GreaterThanThreshold",
            "datapoints_to_alarm": 0,
            "dimensions": {
              "ApiName": "bt-coreservices-ma-ssl",
              "Method": "POST",
              "Resource": "/customermanagement/account/notification/{source}",
              "Stage": "dev"
            },
            "evaluate_low_sample_count_percentiles": "",
            "evaluation_periods": 1,
            "extended_statistic": "",
            "id": "App15549|Simplify-Core-Services|ApiGateway-Dev|bt-coreservices-ma-ssl|/customermanagement/account/notification/{source}|POST|Latency|10000|High",
            "insufficient_data_actions": null,
            "metric_name": "Latency",
            "metric_query": [],
            "namespace": "AWS/ApiGateway",
            "ok_actions": null,
            "period": 60,
            "statistic": "Maximum",
            "tags": null,
            "threshold": 10000,
            "threshold_metric_id": "",
            "treat_missing_data": "notBreaching",
            "unit": "Milliseconds"
          },
          "private": "eyJzY2hlbWFfdmVyc2lvbiI6IjEifQ=="
        },
        {
          "index_key": "/customermanagement/account/{id}",
          "schema_version": 1,
          "attributes": {
            "actions_enabled": true,
            "alarm_actions": [
              "arn:aws:sns:eu-west-2:016818321538:App15549_Simplify-Core-Services_ECS-Dev_DevOps_Topic"
            ],
            "alarm_description": "The /customermanagement/account/{id} resource of bt-coreservices-ma-ssl Api has exceeded it's  Latency threshold value.\n Please find the below details of ApiGateway Metric.\n  Application_ID:    App15549  \n  Application_Name:  Simplify-Core-Services  \n  Service_Name:      /customermanagement/account/{id}  \n  Platform_Name:     Simplify \n  Owner:             DevOps  \n  Enviornment:       Dev\n  ApiName:         bt-coreservices-ma-ssl\n  Resource_Name:     /customermanagement/account/{id}\n  Method:            GET\n  Stage:             dev\n  Metric_Name:       Latency\n  Metric_value:      10000  \n  Severity:          High\n\n",
            "alarm_name": "App15549|Simplify-Core-Services|ApiGateway-Dev|bt-coreservices-ma-ssl|/customermanagement/account/{id}|GET|Latency|10000|High",
            "arn": "arn:aws:cloudwatch:eu-west-2:016818321538:alarm:App15549|Simplify-Core-Services|ApiGateway-Dev|bt-coreservices-ma-ssl|/customermanagement/account/{id}|GET|Latency|10000|High",
            "comparison_operator": "GreaterThanThreshold",
            "datapoints_to_alarm": 0,
            "dimensions": {
              "ApiName": "bt-coreservices-ma-ssl",
              "Method": "GET",
              "Resource": "/customermanagement/account/{id}",
              "Stage": "dev"
            },
            "evaluate_low_sample_count_percentiles": "",
            "evaluation_periods": 1,
            "extended_statistic": "",
            "id": "App15549|Simplify-Core-Services|ApiGateway-Dev|bt-coreservices-ma-ssl|/customermanagement/account/{id}|GET|Latency|10000|High",
            "insufficient_data_actions": null,
            "metric_name": "Latency",
            "metric_query": [],
            "namespace": "AWS/ApiGateway",
            "ok_actions": null,
            "period": 60,
            "statistic": "Maximum",
            "tags": null,
            "threshold": 10000,
            "threshold_metric_id": "",
            "treat_missing_data": "notBreaching",
            "unit": "Milliseconds"
          },
          "private": "eyJzY2hlbWFfdmVyc2lvbiI6IjEifQ=="
        },
        {
          "index_key": "/customermanagement/contact/{id}",
          "schema_version": 1,
          "attributes": {
            "actions_enabled": true,
            "alarm_actions": [
              "arn:aws:sns:eu-west-2:016818321538:App15549_Simplify-Core-Services_ECS-Dev_DevOps_Topic"
            ],
            "alarm_description": "The /customermanagement/contact/{id} resource of bt-coreservices-ma-ssl Api has exceeded it's  Latency threshold value.\n Please find the below details of ApiGateway Metric.\n  Application_ID:    App15549  \n  Application_Name:  Simplify-Core-Services  \n  Service_Name:      /customermanagement/contact/{id}  \n  Platform_Name:     Simplify \n  Owner:             DevOps  \n  Enviornment:       Dev\n  ApiName:         bt-coreservices-ma-ssl\n  Resource_Name:     /customermanagement/contact/{id}\n  Method:            GET\n  Stage:             dev\n  Metric_Name:       Latency\n  Metric_value:      10000  \n  Severity:          High\n\n",
            "alarm_name": "App15549|Simplify-Core-Services|ApiGateway-Dev|bt-coreservices-ma-ssl|/customermanagement/contact/{id}|GET|Latency|10000|High",
            "arn": "arn:aws:cloudwatch:eu-west-2:016818321538:alarm:App15549|Simplify-Core-Services|ApiGateway-Dev|bt-coreservices-ma-ssl|/customermanagement/contact/{id}|GET|Latency|10000|High",
            "comparison_operator": "GreaterThanThreshold",
            "datapoints_to_alarm": 0,
            "dimensions": {
              "ApiName": "bt-coreservices-ma-ssl",
              "Method": "GET",
              "Resource": "/customermanagement/contact/{id}",
              "Stage": "dev"
            },
            "evaluate_low_sample_count_percentiles": "",
            "evaluation_periods": 1,
            "extended_statistic": "",
            "id": "App15549|Simplify-Core-Services|ApiGateway-Dev|bt-coreservices-ma-ssl|/customermanagement/contact/{id}|GET|Latency|10000|High",
            "insufficient_data_actions": null,
            "metric_name": "Latency",
            "metric_query": [],
            "namespace": "AWS/ApiGateway",
            "ok_actions": null,
            "period": 60,
            "statistic": "Maximum",
            "tags": null,
            "threshold": 10000,
            "threshold_metric_id": "",
            "treat_missing_data": "notBreaching",
            "unit": "Milliseconds"
          },
          "private": "eyJzY2hlbWFfdmVyc2lvbiI6IjEifQ=="
        },
        {
          "index_key": "/openreach/kcinotification",
          "schema_version": 1,
          "attributes": {
            "actions_enabled": true,
            "alarm_actions": [
              "arn:aws:sns:eu-west-2:016818321538:App15549_Simplify-Core-Services_ECS-Dev_DevOps_Topic"
            ],
            "alarm_description": "The /openreach/kcinotification resource of bt-coreservices-ma-ssl Api has exceeded it's  Latency threshold value.\n Please find the below details of ApiGateway Metric.\n  Application_ID:    App15549  \n  Application_Name:  Simplify-Core-Services  \n  Service_Name:      /openreach/kcinotification  \n  Platform_Name:     Simplify \n  Owner:             DevOps  \n  Enviornment:       Dev\n  ApiName:           bt-coreservices-ma-ssl\n  Resource_Name:     /openreach/kcinotification\n  Method:            POST\n  Stage:             dev\n  Metric_Name:       Latency\n  Metric_value:      10000  \n  Severity:          High\n\n",
            "alarm_name": "App15549|Simplify-Core-Services|ApiGateway-Dev|bt-coreservices-ma-ssl|/openreach/kcinotification|POST|Latency|10000|High",
            "arn": "arn:aws:cloudwatch:eu-west-2:016818321538:alarm:App15549|Simplify-Core-Services|ApiGateway-Dev|bt-coreservices-ma-ssl|/openreach/kcinotification|POST|Latency|10000|High",
            "comparison_operator": "GreaterThanThreshold",
            "datapoints_to_alarm": 0,
            "dimensions": {
              "ApiName": "bt-coreservices-ma-ssl",
              "Method": "POST",
              "Resource": "/openreach/kcinotification",
              "Stage": "dev"
            },
            "evaluate_low_sample_count_percentiles": "",
            "evaluation_periods": 1,
            "extended_statistic": "",
            "id": "App15549|Simplify-Core-Services|ApiGateway-Dev|bt-coreservices-ma-ssl|/openreach/kcinotification|POST|Latency|10000|High",
            "insufficient_data_actions": null,
            "metric_name": "Latency",
            "metric_query": [],
            "namespace": "AWS/ApiGateway",
            "ok_actions": null,
            "period": 60,
            "statistic": "Maximum",
            "tags": null,
            "threshold": 10000,
            "threshold_metric_id": "",
            "treat_missing_data": "notBreaching",
            "unit": "Milliseconds"
          },
          "private": "eyJzY2hlbWFfdmVyc2lvbiI6IjEifQ=="
        },
        {
          "index_key": "/partymanagement/notification",
          "schema_version": 1,
          "attributes": {
            "actions_enabled": true,
            "alarm_actions": [
              "arn:aws:sns:eu-west-2:016818321538:App15549_Simplify-Core-Services_ECS-Dev_DevOps_Topic"
            ],
            "alarm_description": "The /partymanagement/notification resource of bt-coreservices-ma-ssl Api has exceeded it's  Latency threshold value.\n Please find the below details of ApiGateway Metric.\n  Application_ID:    App15549  \n  Application_Name:  Simplify-Core-Services  \n  Service_Name:      /partymanagement/notification  \n  Platform_Name:     Simplify \n  Owner:             DevOps  \n  Enviornment:       Dev\n  ApiName:   bt-coreservices-ma-ssl\n  Resource_Name:     /partymanagement/notification\n  Method:            POST\n  Stage:             dev\n  Metric_Name:    Latency\n  Metric_value:      10000  \n  Severity:          High\n\n",
            "alarm_name": "App15549|Simplify-Core-Services|ApiGateway-Dev|bt-coreservices-ma-ssl|/partymanagement/notification|POST|Latency|10000|High",
            "arn": "arn:aws:cloudwatch:eu-west-2:016818321538:alarm:App15549|Simplify-Core-Services|ApiGateway-Dev|bt-coreservices-ma-ssl|/partymanagement/notification|POST|Latency|10000|High",
            "comparison_operator": "GreaterThanThreshold",
            "datapoints_to_alarm": 0,
            "dimensions": {
              "ApiName": "bt-coreservices-ma-ssl",
              "Method": "POST",
              "Resource": "/partymanagement/notification",
              "Stage": "dev"
            },
            "evaluate_low_sample_count_percentiles": "",
            "evaluation_periods": 1,
            "extended_statistic": "",
            "id": "App15549|Simplify-Core-Services|ApiGateway-Dev|bt-coreservices-ma-ssl|/partymanagement/notification|POST|Latency|10000|High",
            "insufficient_data_actions": null,
            "metric_name": "Latency",
            "metric_query": [],
            "namespace": "AWS/ApiGateway",
            "ok_actions": null,
            "period": 60,
            "statistic": "Maximum",
            "tags": null,
            "threshold": 10000,
            "threshold_metric_id": "",
            "treat_missing_data": "notBreaching",
            "unit": "Milliseconds"
          },
          "private": "eyJzY2hlbWFfdmVyc2lvbiI6IjEifQ=="
        },
        {
          "index_key": "/productinventorymanagement/notification",
          "schema_version": 1,
          "attributes": {
            "actions_enabled": true,
            "alarm_actions": [
              "arn:aws:sns:eu-west-2:016818321538:App15549_Simplify-Core-Services_ECS-Dev_DevOps_Topic"
            ],
            "alarm_description": "The /productinventorymanagement/notification resource of bt-coreservices-ma-ssl Api has exceeded it's  Latency threshold value.\n Please find the below details of ApiGateway Metric.\n  Application_ID:    App15549  \n  Application_Name:  Simplify-Core-Services  \n Service_Name:      /productinventorymanagement/notification  \n  Platform_Name:     Simplify \n  Owner:             DevOps  \n  Enviornment:       Dev\n  ApiName:           bt-coreservices-ma-ssl\n  Resource_Name:     /productinventorymanagement/notification\n  Method:            POST\n  Stage:           dev\n  Metric_Name:       Latency\n  Metric_value:      10000  \n  Severity:          High\n\n",
            "alarm_name": "App15549|Simplify-Core-Services|ApiGateway-Dev|bt-coreservices-ma-ssl|/productinventorymanagement/notification|POST|Latency|10000|High",
            "arn": "arn:aws:cloudwatch:eu-west-2:016818321538:alarm:App15549|Simplify-Core-Services|ApiGateway-Dev|bt-coreservices-ma-ssl|/productinventorymanagement/notification|POST|Latency|10000|High",
            "comparison_operator": "GreaterThanThreshold",
            "datapoints_to_alarm": 0,
            "dimensions": {
              "ApiName": "bt-coreservices-ma-ssl",
              "Method": "POST",
              "Resource": "/productinventorymanagement/notification",
              "Stage": "dev"
            },
            "evaluate_low_sample_count_percentiles": "",
            "evaluation_periods": 1,
            "extended_statistic": "",
            "id": "App15549|Simplify-Core-Services|ApiGateway-Dev|bt-coreservices-ma-ssl|/productinventorymanagement/notification|POST|Latency|10000|High",
            "insufficient_data_actions": null,
            "metric_name": "Latency",
            "metric_query": [],
            "namespace": "AWS/ApiGateway",
            "ok_actions": null,
            "period": 60,
            "statistic": "Maximum",
            "tags": null,
            "threshold": 10000,
            "threshold_metric_id": "",
            "treat_missing_data": "notBreaching",
            "unit": "Milliseconds"
          },
          "private": "eyJzY2hlbWFfdmVyc2lvbiI6IjEifQ=="
        },
        {
          "index_key": "/resourceinventorymanagement/notification",
          "schema_version": 1,
          "attributes": {
            "actions_enabled": true,
            "alarm_actions": [
              "arn:aws:sns:eu-west-2:016818321538:App15549_Simplify-Core-Services_ECS-Dev_DevOps_Topic"
            ],
            "alarm_description": "The /resourceinventorymanagement/notification resource of bt-coreservices-ma-ssl Api has exceeded it's  Latency threshold value.\n Please find the below details of ApiGateway Metric.\n  Application_ID:    App15549  \n  Application_Name:  Simplify-Core-Services  \n  Service_Name:      /resourceinventorymanagement/notification  \n  Platform_Name:     Simplify \n  Owner:             DevOps  \n  Enviornment: Dev\n  ApiName:           bt-coreservices-ma-ssl\n  Resource_Name:     /resourceinventorymanagement/notification\n  Method:            POST\n  Stage:             dev\n  Metric_Name:       Latency\n  Metric_value:      10000  \n  Severity:          High\n\n",
            "alarm_name": "App15549|Simplify-Core-Services|ApiGateway-Dev|bt-coreservices-ma-ssl|/resourceinventorymanagement/notification|POST|Latency|10000|High",
            "arn": "arn:aws:cloudwatch:eu-west-2:016818321538:alarm:App15549|Simplify-Core-Services|ApiGateway-Dev|bt-coreservices-ma-ssl|/resourceinventorymanagement/notification|POST|Latency|10000|High",
            "comparison_operator": "GreaterThanThreshold",
            "datapoints_to_alarm": 0,
            "dimensions": {
              "ApiName": "bt-coreservices-ma-ssl",
              "Method": "POST",
              "Resource": "/resourceinventorymanagement/notification",
              "Stage": "dev"
            },
            "evaluate_low_sample_count_percentiles": "",
            "evaluation_periods": 1,
            "extended_statistic": "",
            "id": "App15549|Simplify-Core-Services|ApiGateway-Dev|bt-coreservices-ma-ssl|/resourceinventorymanagement/notification|POST|Latency|10000|High",
            "insufficient_data_actions": null,
            "metric_name": "Latency",
            "metric_query": [],
            "namespace": "AWS/ApiGateway",
            "ok_actions": null,
            "period": 60,
            "statistic": "Maximum",
            "tags": null,
            "threshold": 10000,
            "threshold_metric_id": "",
            "treat_missing_data": "notBreaching",
            "unit": "Milliseconds"
          },
          "private": "eyJzY2hlbWFfdmVyc2lvbiI6IjEifQ=="
        },
        {
          "index_key": "/serviceinventorymanagement/notification",
          "schema_version": 1,
          "attributes": {
            "actions_enabled": true,
            "alarm_actions": [
              "arn:aws:sns:eu-west-2:016818321538:App15549_Simplify-Core-Services_ECS-Dev_DevOps_Topic"
            ],
            "alarm_description": "The /serviceinventorymanagement/notification resource of bt-coreservices-ma-ssl Api has exceeded it's  Latency threshold value.\n Please find the below details of ApiGateway Metric.\n  Application_ID:    App15549  \n  Application_Name:  Simplify-Core-Services  \n Service_Name:      /serviceinventorymanagement/notification  \n  Platform_Name:     Simplify \n  Owner:             DevOps  \n  Enviornment:       Dev\n  ApiName:           bt-coreservices-ma-ssl\n  Resource_Name:     /serviceinventorymanagement/notification\n  Method:            POST\n  Stage:           dev\n  Metric_Name:       Latency\n  Metric_value:      10000  \n  Severity:          High\n\n",
            "alarm_name": "App15549|Simplify-Core-Services|ApiGateway-Dev|bt-coreservices-ma-ssl|/serviceinventorymanagement/notification|POST|Latency|10000|High",
            "arn": "arn:aws:cloudwatch:eu-west-2:016818321538:alarm:App15549|Simplify-Core-Services|ApiGateway-Dev|bt-coreservices-ma-ssl|/serviceinventorymanagement/notification|POST|Latency|10000|High",
            "comparison_operator": "GreaterThanThreshold",
            "datapoints_to_alarm": 0,
            "dimensions": {
              "ApiName": "bt-coreservices-ma-ssl",
              "Method": "POST",
              "Resource": "/serviceinventorymanagement/notification",
              "Stage": "dev"
            },
            "evaluate_low_sample_count_percentiles": "",
            "evaluation_periods": 1,
            "extended_statistic": "",
            "id": "App15549|Simplify-Core-Services|ApiGateway-Dev|bt-coreservices-ma-ssl|/serviceinventorymanagement/notification|POST|Latency|10000|High",
            "insufficient_data_actions": null,
            "metric_name": "Latency",
            "metric_query": [],
            "namespace": "AWS/ApiGateway",
            "ok_actions": null,
            "period": 60,
            "statistic": "Maximum",
            "tags": null,
            "threshold": 10000,
            "threshold_metric_id": "",
            "treat_missing_data": "notBreaching",
            "unit": "Milliseconds"
          },
          "private": "eyJzY2hlbWFfdmVyc2lvbiI6IjEifQ=="
        },
        {
          "index_key": "/serviceinventorymanagement/notification/{consumer-filter}",
          "schema_version": 1,
          "attributes": {
            "actions_enabled": true,
            "alarm_actions": [
              "arn:aws:sns:eu-west-2:016818321538:App15549_Simplify-Core-Services_ECS-Dev_DevOps_Topic"
            ],
            "alarm_description": "The /serviceinventorymanagement/notification/{consumer-filter} resource of bt-coreservices-ma-ssl Api has exceededit's  Latency threshold value.\n Please find the below details of ApiGateway Metric.\n  Application_ID:    App15549  \n  Application_Name:  Simplify-Core-Services  \n  Service_Name:      /serviceinventorymanagement/notification/{consumer-filter}  \n  Platform_Name:     Simplify \n  Owner:    DevOps  \n  Enviornment:       Dev\n  ApiName:           bt-coreservices-ma-ssl\n  Resource_Name:     /serviceinventorymanagement/notification/{consumer-filter}\n  Method:            POST\n  Stage:             dev\n  Metric_Name:       Latency\n  Metric_value:      10000  \n  Severity:  High\n\n",
            "alarm_name": "App15549|Simplify-Core-Services|ApiGateway-Dev|bt-coreservices-ma-ssl|/serviceinventorymanagement/notification/{consumer-filter}|POST|Latency|10000|High",
            "arn": "arn:aws:cloudwatch:eu-west-2:016818321538:alarm:App15549|Simplify-Core-Services|ApiGateway-Dev|bt-coreservices-ma-ssl|/serviceinventorymanagement/notification/{consumer-filter}|POST|Latency|10000|High",
            "comparison_operator": "GreaterThanThreshold",
            "datapoints_to_alarm": 0,
            "dimensions": {
              "ApiName": "bt-coreservices-ma-ssl",
              "Method": "POST",
              "Resource": "/serviceinventorymanagement/notification/{consumer-filter}",
              "Stage": "dev"
            },
            "evaluate_low_sample_count_percentiles": "",
            "evaluation_periods": 1,
            "extended_statistic": "",
            "id": "App15549|Simplify-Core-Services|ApiGateway-Dev|bt-coreservices-ma-ssl|/serviceinventorymanagement/notification/{consumer-filter}|POST|Latency|10000|High",
            "insufficient_data_actions": null,
            "metric_name": "Latency",
            "metric_query": [],
            "namespace": "AWS/ApiGateway",
            "ok_actions": null,
            "period": 60,
            "statistic": "Maximum",
            "tags": null,
            "threshold": 10000,
            "threshold_metric_id": "",
            "treat_missing_data": "notBreaching",
            "unit": "Milliseconds"
          },
          "private": "eyJzY2hlbWFfdmVyc2lvbiI6IjEifQ=="
        },
        {
          "index_key": "/serviceordermanagement/mop-serviceorder",
          "schema_version": 1,
          "attributes": {
            "actions_enabled": true,
            "alarm_actions": [
              "arn:aws:sns:eu-west-2:016818321538:App15549_Simplify-Core-Services_ECS-Dev_DevOps_Topic"
            ],
            "alarm_description": "The /serviceordermanagement/mop-serviceorder resource of bt-coreservices-ma-ssl Api has exceeded it's  Latency threshold value.\n Please find the below details of ApiGateway Metric.\n  Application_ID:    App15549  \n  Application_Name:  Simplify-Core-Services  \n Service_Name:      /serviceordermanagement/mop-serviceorder  \n  Platform_Name:     Simplify \n  Owner:             DevOps  \n  Enviornment:       Dev\n  ApiName:           bt-coreservices-ma-ssl\n  Resource_Name:     /serviceordermanagement/mop-serviceorder\n  Method:            POST\n  Stage:           dev\n  Metric_Name:       Latency\n  Metric_value:      10000  \n  Severity:          High\n\n",
            "alarm_name": "App15549|Simplify-Core-Services|ApiGateway-Dev|bt-coreservices-ma-ssl|/serviceordermanagement/mop-serviceorder|POST|Latency|10000|High",
            "arn": "arn:aws:cloudwatch:eu-west-2:016818321538:alarm:App15549|Simplify-Core-Services|ApiGateway-Dev|bt-coreservices-ma-ssl|/serviceordermanagement/mop-serviceorder|POST|Latency|10000|High",
            "comparison_operator": "GreaterThanThreshold",
            "datapoints_to_alarm": 0,
            "dimensions": {
              "ApiName": "bt-coreservices-ma-ssl",
              "Method": "POST",
              "Resource": "/serviceordermanagement/mop-serviceorder",
              "Stage": "dev"
            },
            "evaluate_low_sample_count_percentiles": "",
            "evaluation_periods": 1,
            "extended_statistic": "",
            "id": "App15549|Simplify-Core-Services|ApiGateway-Dev|bt-coreservices-ma-ssl|/serviceordermanagement/mop-serviceorder|POST|Latency|10000|High",
            "insufficient_data_actions": null,
            "metric_name": "Latency",
            "metric_query": [],
            "namespace": "AWS/ApiGateway",
            "ok_actions": null,
            "period": 60,
            "statistic": "Maximum",
            "tags": null,
            "threshold": 10000,
            "threshold_metric_id": "",
            "treat_missing_data": "notBreaching",
            "unit": "Milliseconds"
          },
          "private": "eyJzY2hlbWFfdmVyc2lvbiI6IjEifQ=="
        },
        {
          "index_key": "/serviceordermanagement/serviceorder",
          "schema_version": 1,
          "attributes": {
            "actions_enabled": true,
            "alarm_actions": [
              "arn:aws:sns:eu-west-2:016818321538:App15549_Simplify-Core-Services_ECS-Dev_DevOps_Topic"
            ],
            "alarm_description": "The /serviceordermanagement/serviceorder resource of bt-coreservices-ma-ssl Api has exceeded it's  Latency threshold value.\n Please find the below details of ApiGateway Metric.\n  Application_ID:    App15549  \n  Application_Name:  Simplify-Core-Services  \n  Service_Name:      /serviceordermanagement/serviceorder  \n  Platform_Name:     Simplify \n  Owner:             DevOps  \n  Enviornment:       Dev\n  ApiName:           bt-coreservices-ma-ssl\n  Resource_Name:     /serviceordermanagement/serviceorder\n  Method:            POST\n  Stage:             dev\n  Metric_Name:       Latency\n  Metric_value:      10000  \n  Severity:          High\n\n",
            "alarm_name": "App15549|Simplify-Core-Services|ApiGateway-Dev|bt-coreservices-ma-ssl|/serviceordermanagement/serviceorder|POST|Latency|10000|High",
            "arn": "arn:aws:cloudwatch:eu-west-2:016818321538:alarm:App15549|Simplify-Core-Services|ApiGateway-Dev|bt-coreservices-ma-ssl|/serviceordermanagement/serviceorder|POST|Latency|10000|High",
            "comparison_operator": "GreaterThanThreshold",
            "datapoints_to_alarm": 0,
            "dimensions": {
              "ApiName": "bt-coreservices-ma-ssl",
              "Method": "POST",
              "Resource": "/serviceordermanagement/serviceorder",
              "Stage": "dev"
            },
            "evaluate_low_sample_count_percentiles": "",
            "evaluation_periods": 1,
            "extended_statistic": "",
            "id": "App15549|Simplify-Core-Services|ApiGateway-Dev|bt-coreservices-ma-ssl|/serviceordermanagement/serviceorder|POST|Latency|10000|High",
            "insufficient_data_actions": null,
            "metric_name": "Latency",
            "metric_query": [],
            "namespace": "AWS/ApiGateway",
            "ok_actions": null,
            "period": 60,
            "statistic": "Maximum",
            "tags": null,
            "threshold": 10000,
            "threshold_metric_id": "",
            "treat_missing_data": "notBreaching",
            "unit": "Milliseconds"
          },
          "private": "eyJzY2hlbWFfdmVyc2lvbiI6IjEifQ=="
        },
        {
          "index_key": "serviceordermanagement/mop-serviceorder-notifications",
          "schema_version": 1,
          "attributes": {
            "actions_enabled": true,
            "alarm_actions": [
              "arn:aws:sns:eu-west-2:016818321538:App15549_Simplify-Core-Services_ECS-Dev_DevOps_Topic"
            ],
            "alarm_description": "The serviceordermanagement/mop-serviceorder-notifications resource of bt-coreservices-ma-ssl Api has exceeded it's Latency threshold value.\n Please find the below details of ApiGateway Metric.\n  Application_ID:    App15549  \n  Application_Name:  Simplify-Core-Services  \n  Service_Name:      serviceordermanagement/mop-serviceorder-notifications  \n  Platform_Name:     Simplify \n  Owner:             DevOps  \n  Enviornment:       Dev\n  ApiName:           bt-coreservices-ma-ssl\n  Resource_Name:     serviceordermanagement/mop-serviceorder-notifications\n  Method:            POST\n  Stage:             dev\n  Metric_Name:       Latency\n  Metric_value:      10000  \n  Severity:          High\n\n",
            "alarm_name": "App15549|Simplify-Core-Services|ApiGateway-Dev|bt-coreservices-ma-ssl|serviceordermanagement/mop-serviceorder-notifications|POST|Latency|10000|High",
            "arn": "arn:aws:cloudwatch:eu-west-2:016818321538:alarm:App15549|Simplify-Core-Services|ApiGateway-Dev|bt-coreservices-ma-ssl|serviceordermanagement/mop-serviceorder-notifications|POST|Latency|10000|High",
            "comparison_operator": "GreaterThanThreshold",
            "datapoints_to_alarm": 0,
            "dimensions": {
              "ApiName": "bt-coreservices-ma-ssl",
              "Method": "POST",
              "Resource": "serviceordermanagement/mop-serviceorder-notifications",
              "Stage": "dev"
            },
            "evaluate_low_sample_count_percentiles": "",
            "evaluation_periods": 1,
            "extended_statistic": "",
            "id": "App15549|Simplify-Core-Services|ApiGateway-Dev|bt-coreservices-ma-ssl|serviceordermanagement/mop-serviceorder-notifications|POST|Latency|10000|High",
            "insufficient_data_actions": null,
            "metric_name": "Latency",
            "metric_query": [],
            "namespace": "AWS/ApiGateway",
            "ok_actions": null,
            "period": 60,
            "statistic": "Maximum",
            "tags": null,
            "threshold": 10000,
            "threshold_metric_id": "",
            "treat_missing_data": "notBreaching",
            "unit": "Milliseconds"
          },
          "private": "eyJzY2hlbWFfdmVyc2lvbiI6IjEifQ=="
        }
      ]
    },
    {
      "mode": "managed",
      "type": "aws_cloudwatch_metric_alarm",
      "name": "memory_utilization_critical",
      "each": "map",
      "provider": "provider.aws",
      "instances": [
        {
          "index_key": "ccta-crm-event-mgmt-int",
          "schema_version": 1,
          "attributes": {
            "actions_enabled": true,
            "alarm_actions": [
              "arn:aws:autoscaling:eu-west-2:016818321538:scalingPolicy:4205d7ae-72c0-4fba-9d02-4813494ace71:resource/ecs/service/kano-coreservices-cluster/ccta-crm-event-mgmt-int:policyName/Dev-ccta-crm-event-mgmt-int-cpu_mem_high_scale_up",
              "arn:aws:sns:eu-west-2:016818321538:App15549_Simplify-Core-Services_ECS-Dev_DevOps_Topic"
            ],
            "alarm_description": "This metric monitors ECS Memory utilization of : \n Application_ID: App15549  \n Application_Name: Simplify-Core-Services  \n Service_Name:  ccta-crm-event-mgmt-int \n Platform_Name: Simplify  \n Environment: Dev \n Owner: DevOps \n Metric_Type: MemoryUtilization\n Metric_value: 85  \n Severity: High",
            "alarm_name": "App15549|Simplify-Core-Services|ECS-Dev|ccta-crm-event-mgmt-int|Memory-Utilization|85|Critical",
            "arn": "arn:aws:cloudwatch:eu-west-2:016818321538:alarm:App15549|Simplify-Core-Services|ECS-Dev|ccta-crm-event-mgmt-int|Memory-Utilization|85|Critical",
            "comparison_operator": "GreaterThanThreshold",
            "datapoints_to_alarm": 0,
            "dimensions": {
              "ClusterName": "kano-coreservices-cluster",
              "ServiceName": "ccta-crm-event-mgmt-int"
            },
            "evaluate_low_sample_count_percentiles": "",
            "evaluation_periods": 1,
            "extended_statistic": "",
            "id": "App15549|Simplify-Core-Services|ECS-Dev|ccta-crm-event-mgmt-int|Memory-Utilization|85|Critical",
            "insufficient_data_actions": null,
            "metric_name": "MemoryUtilization",
            "metric_query": [],
            "namespace": "AWS/ECS",
            "ok_actions": null,
            "period": 60,
            "statistic": "Maximum",
            "tags": null,
            "threshold": 85,
            "threshold_metric_id": "",
            "treat_missing_data": "missing",
            "unit": ""
          },
          "private": "eyJzY2hlbWFfdmVyc2lvbiI6IjEifQ==",
          "dependencies": [
            "aws_appautoscaling_policy.scale_up"
          ]
        },
        {
          "index_key": "customer-management-integrator",
          "schema_version": 1,
          "attributes": {
            "actions_enabled": true,
            "alarm_actions": [
              "arn:aws:autoscaling:eu-west-2:016818321538:scalingPolicy:f109917f-b167-47e5-94ac-af252d04c226:resource/ecs/service/kano-coreservices-cluster/customer-management-integrator:policyName/Dev-customer-management-integrator-cpu_mem_high_scale_up",
              "arn:aws:sns:eu-west-2:016818321538:App15549_Simplify-Core-Services_ECS-Dev_DevOps_Topic"
            ],
            "alarm_description": "This metric monitors ECS Memory utilization of : \n Application_ID: App15549  \n Application_Name: Simplify-Core-Services  \n Service_Name:  customer-management-integrator \n Platform_Name: Simplify  \n Environment: Dev \n Owner: DevOps \n Metric_Type: MemoryUtilization \n Metric_value: 85  \n Severity: High",
            "alarm_name": "App15549|Simplify-Core-Services|ECS-Dev|customer-management-integrator|Memory-Utilization|85|Critical",
            "arn": "arn:aws:cloudwatch:eu-west-2:016818321538:alarm:App15549|Simplify-Core-Services|ECS-Dev|customer-management-integrator|Memory-Utilization|85|Critical",
            "comparison_operator": "GreaterThanThreshold",
            "datapoints_to_alarm": 0,
            "dimensions": {
              "ClusterName": "kano-coreservices-cluster",
              "ServiceName": "customer-management-integrator"
            },
            "evaluate_low_sample_count_percentiles": "",
            "evaluation_periods": 1,
            "extended_statistic": "",
            "id": "App15549|Simplify-Core-Services|ECS-Dev|customer-management-integrator|Memory-Utilization|85|Critical",
            "insufficient_data_actions": null,
            "metric_name": "MemoryUtilization",
            "metric_query": [],
            "namespace": "AWS/ECS",
            "ok_actions": null,
            "period": 60,
            "statistic": "Maximum",
            "tags": null,
            "threshold": 85,
            "threshold_metric_id": "",
            "treat_missing_data": "missing",
            "unit": ""
          },
          "private": "eyJzY2hlbWFfdmVyc2lvbiI6IjEifQ==",
          "dependencies": [
            "aws_appautoscaling_policy.scale_up"
          ]
        },
        {
          "index_key": "mop-service-order-int",
          "schema_version": 1,
          "attributes": {
            "actions_enabled": true,
            "alarm_actions": [
              "arn:aws:autoscaling:eu-west-2:016818321538:scalingPolicy:39b9adaa-4993-4b4a-a920-34f9631ec5ba:resource/ecs/service/kano-coreservices-cluster/mop-service-order-int:policyName/Dev-mop-service-order-int-cpu_mem_high_scale_up",
              "arn:aws:sns:eu-west-2:016818321538:App15549_Simplify-Core-Services_ECS-Dev_DevOps_Topic"
            ],
            "alarm_description": "This metric monitors ECS Memory utilization of : \n Application_ID: App15549  \n Application_Name: Simplify-Core-Services  \n Service_Name:  mop-service-order-int \n Platform_Name: Simplify  \n Environment: Dev \n Owner: DevOps \n Metric_Type: MemoryUtilization \n Metric_value: 85  \n Severity: High",
            "alarm_name": "App15549|Simplify-Core-Services|ECS-Dev|mop-service-order-int|Memory-Utilization|85|Critical",
            "arn": "arn:aws:cloudwatch:eu-west-2:016818321538:alarm:App15549|Simplify-Core-Services|ECS-Dev|mop-service-order-int|Memory-Utilization|85|Critical",
            "comparison_operator": "GreaterThanThreshold",
            "datapoints_to_alarm": 0,
            "dimensions": {
              "ClusterName": "kano-coreservices-cluster",
              "ServiceName": "mop-service-order-int"
            },
            "evaluate_low_sample_count_percentiles": "",
            "evaluation_periods": 1,
            "extended_statistic": "",
            "id": "App15549|Simplify-Core-Services|ECS-Dev|mop-service-order-int|Memory-Utilization|85|Critical",
            "insufficient_data_actions": null,
            "metric_name": "MemoryUtilization",
            "metric_query": [],
            "namespace": "AWS/ECS",
            "ok_actions": null,
            "period": 60,
            "statistic": "Maximum",
            "tags": null,
            "threshold": 85,
            "threshold_metric_id": "",
            "treat_missing_data": "missing",
            "unit": ""
          },
          "private": "eyJzY2hlbWFfdmVyc2lvbiI6IjEifQ==",
          "dependencies": [
            "aws_appautoscaling_policy.scale_up"
          ]
        },
        {
          "index_key": "or-kci-notification",
          "schema_version": 1,
          "attributes": {
            "actions_enabled": true,
            "alarm_actions": [
              "arn:aws:autoscaling:eu-west-2:016818321538:scalingPolicy:4ae546c5-90eb-4e5b-8a6c-4746eea099e7:resource/ecs/service/kano-coreservices-cluster/or-kci-notification:policyName/Dev-or-kci-notification-cpu_mem_high_scale_up",
              "arn:aws:sns:eu-west-2:016818321538:App15549_Simplify-Core-Services_ECS-Dev_DevOps_Topic"
            ],
            "alarm_description": "This metric monitors ECS Memory utilization of : \n Application_ID: App15549  \n Application_Name: Simplify-Core-Services  \n Service_Name:  or-kci-notification \n Platform_Name: Simplify  \n Environment: Dev \n Owner: DevOps \n Metric_Type: MemoryUtilization \n Metric_value: 85  \n Severity: High",
            "alarm_name": "App15549|Simplify-Core-Services|ECS-Dev|or-kci-notification|Memory-Utilization|85|Critical",
            "arn": "arn:aws:cloudwatch:eu-west-2:016818321538:alarm:App15549|Simplify-Core-Services|ECS-Dev|or-kci-notification|Memory-Utilization|85|Critical",
            "comparison_operator": "GreaterThanThreshold",
            "datapoints_to_alarm": 0,
            "dimensions": {
              "ClusterName": "kano-coreservices-cluster",
              "ServiceName": "or-kci-notification"
            },
            "evaluate_low_sample_count_percentiles": "",
            "evaluation_periods": 1,
            "extended_statistic": "",
            "id": "App15549|Simplify-Core-Services|ECS-Dev|or-kci-notification|Memory-Utilization|85|Critical",
            "insufficient_data_actions": null,
            "metric_name": "MemoryUtilization",
            "metric_query": [],
            "namespace": "AWS/ECS",
            "ok_actions": null,
            "period": 60,
            "statistic": "Maximum",
            "tags": null,
            "threshold": 85,
            "threshold_metric_id": "",
            "treat_missing_data": "missing",
            "unit": ""
          },
          "private": "eyJzY2hlbWFfdmVyc2lvbiI6IjEifQ==",
          "dependencies": [
            "aws_appautoscaling_policy.scale_up"
          ]
        },
        {
          "index_key": "party-mgmt-int",
          "schema_version": 1,
          "attributes": {
            "actions_enabled": true,
            "alarm_actions": [
              "arn:aws:autoscaling:eu-west-2:016818321538:scalingPolicy:8c8bb058-6049-4597-a284-4d94289268dd:resource/ecs/service/kano-coreservices-cluster/party-mgmt-int:policyName/Dev-party-mgmt-int-cpu_mem_high_scale_up",
              "arn:aws:sns:eu-west-2:016818321538:App15549_Simplify-Core-Services_ECS-Dev_DevOps_Topic"
            ],
            "alarm_description": "This metric monitors ECS Memory utilization of : \n Application_ID: App15549  \n Application_Name: Simplify-Core-Services  \n Service_Name:  party-mgmt-int \n Platform_Name: Simplify  \n Environment: Dev \n Owner: DevOps \n Metric_Type: MemoryUtilization \n Metric_value: 85  \n Severity: High",
            "alarm_name": "App15549|Simplify-Core-Services|ECS-Dev|party-mgmt-int|Memory-Utilization|85|Critical",
            "arn": "arn:aws:cloudwatch:eu-west-2:016818321538:alarm:App15549|Simplify-Core-Services|ECS-Dev|party-mgmt-int|Memory-Utilization|85|Critical",
            "comparison_operator": "GreaterThanThreshold",
            "datapoints_to_alarm": 0,
            "dimensions": {
              "ClusterName": "kano-coreservices-cluster",
              "ServiceName": "party-mgmt-int"
            },
            "evaluate_low_sample_count_percentiles": "",
            "evaluation_periods": 1,
            "extended_statistic": "",
            "id": "App15549|Simplify-Core-Services|ECS-Dev|party-mgmt-int|Memory-Utilization|85|Critical",
            "insufficient_data_actions": null,
            "metric_name": "MemoryUtilization",
            "metric_query": [],
            "namespace": "AWS/ECS",
            "ok_actions": null,
            "period": 60,
            "statistic": "Maximum",
            "tags": null,
            "threshold": 85,
            "threshold_metric_id": "",
            "treat_missing_data": "missing",
            "unit": ""
          },
          "private": "eyJzY2hlbWFfdmVyc2lvbiI6IjEifQ==",
          "dependencies": [
            "aws_appautoscaling_policy.scale_up"
          ]
        },
        {
          "index_key": "product-inventory-mgmt-int",
          "schema_version": 1,
          "attributes": {
            "actions_enabled": true,
            "alarm_actions": [
              "arn:aws:autoscaling:eu-west-2:016818321538:scalingPolicy:c123b631-c58a-4525-9a71-5b8beb92bb20:resource/ecs/service/kano-coreservices-cluster/product-inventory-mgmt-int:policyName/Dev-product-inventory-mgmt-int-cpu_mem_high_scale_up",
              "arn:aws:sns:eu-west-2:016818321538:App15549_Simplify-Core-Services_ECS-Dev_DevOps_Topic"
            ],
            "alarm_description": "This metric monitors ECS Memory utilization of : \n Application_ID: App15549  \n Application_Name: Simplify-Core-Services  \n Service_Name:  product-inventory-mgmt-int \n Platform_Name: Simplify  \n Environment: Dev \n Owner: DevOps \n Metric_Type: MemoryUtilization \n Metric_value: 85  \n Severity: High",
            "alarm_name": "App15549|Simplify-Core-Services|ECS-Dev|product-inventory-mgmt-int|Memory-Utilization|85|Critical",
            "arn": "arn:aws:cloudwatch:eu-west-2:016818321538:alarm:App15549|Simplify-Core-Services|ECS-Dev|product-inventory-mgmt-int|Memory-Utilization|85|Critical",
            "comparison_operator": "GreaterThanThreshold",
            "datapoints_to_alarm": 0,
            "dimensions": {
              "ClusterName": "kano-coreservices-cluster",
              "ServiceName": "product-inventory-mgmt-int"
            },
            "evaluate_low_sample_count_percentiles": "",
            "evaluation_periods": 1,
            "extended_statistic": "",
            "id": "App15549|Simplify-Core-Services|ECS-Dev|product-inventory-mgmt-int|Memory-Utilization|85|Critical",
            "insufficient_data_actions": null,
            "metric_name": "MemoryUtilization",
            "metric_query": [],
            "namespace": "AWS/ECS",
            "ok_actions": null,
            "period": 60,
            "statistic": "Maximum",
            "tags": null,
            "threshold": 85,
            "threshold_metric_id": "",
            "treat_missing_data": "missing",
            "unit": ""
          },
          "private": "eyJzY2hlbWFfdmVyc2lvbiI6IjEifQ==",
          "dependencies": [
            "aws_appautoscaling_policy.scale_up"
          ]
        },
        {
          "index_key": "resource-inventory-integrator",
          "schema_version": 1,
          "attributes": {
            "actions_enabled": true,
            "alarm_actions": [
              "arn:aws:autoscaling:eu-west-2:016818321538:scalingPolicy:e404803e-546f-423e-8672-e63d5e85e433:resource/ecs/service/kano-coreservices-cluster/resource-inventory-integrator:policyName/Dev-resource-inventory-integrator-cpu_mem_high_scale_up",
              "arn:aws:sns:eu-west-2:016818321538:App15549_Simplify-Core-Services_ECS-Dev_DevOps_Topic"
            ],
            "alarm_description": "This metric monitors ECS Memory utilization of : \n Application_ID: App15549  \n Application_Name: Simplify-Core-Services  \n Service_Name:  resource-inventory-integrator \n Platform_Name: Simplify  \n Environment: Dev \n Owner: DevOps \n Metric_Type: MemoryUtilization \n Metric_value: 85  \n Severity: High",
            "alarm_name": "App15549|Simplify-Core-Services|ECS-Dev|resource-inventory-integrator|Memory-Utilization|85|Critical",
            "arn": "arn:aws:cloudwatch:eu-west-2:016818321538:alarm:App15549|Simplify-Core-Services|ECS-Dev|resource-inventory-integrator|Memory-Utilization|85|Critical",
            "comparison_operator": "GreaterThanThreshold",
            "datapoints_to_alarm": 0,
            "dimensions": {
              "ClusterName": "kano-coreservices-cluster",
              "ServiceName": "resource-inventory-integrator"
            },
            "evaluate_low_sample_count_percentiles": "",
            "evaluation_periods": 1,
            "extended_statistic": "",
            "id": "App15549|Simplify-Core-Services|ECS-Dev|resource-inventory-integrator|Memory-Utilization|85|Critical",
            "insufficient_data_actions": null,
            "metric_name": "MemoryUtilization",
            "metric_query": [],
            "namespace": "AWS/ECS",
            "ok_actions": null,
            "period": 60,
            "statistic": "Maximum",
            "tags": null,
            "threshold": 85,
            "threshold_metric_id": "",
            "treat_missing_data": "missing",
            "unit": ""
          },
          "private": "eyJzY2hlbWFfdmVyc2lvbiI6IjEifQ==",
          "dependencies": [
            "aws_appautoscaling_policy.scale_up"
          ]
        },
        {
          "index_key": "service-inventory-integrator",
          "schema_version": 1,
          "attributes": {
            "actions_enabled": true,
            "alarm_actions": [
              "arn:aws:autoscaling:eu-west-2:016818321538:scalingPolicy:8cfa4cf5-17a2-478f-8e7a-e6456e05e2a0:resource/ecs/service/kano-coreservices-cluster/service-inventory-integrator:policyName/Dev-service-inventory-integrator-cpu_mem_high_scale_up",
              "arn:aws:sns:eu-west-2:016818321538:App15549_Simplify-Core-Services_ECS-Dev_DevOps_Topic"
            ],
            "alarm_description": "This metric monitors ECS Memory utilization of : \n Application_ID: App15549  \n Application_Name: Simplify-Core-Services  \n Service_Name:  service-inventory-integrator \n Platform_Name: Simplify  \n Environment: Dev \n Owner: DevOps \n Metric_Type: MemoryUtilization \n Metric_value: 85  \n Severity: High",
            "alarm_name": "App15549|Simplify-Core-Services|ECS-Dev|service-inventory-integrator|Memory-Utilization|85|Critical",
            "arn": "arn:aws:cloudwatch:eu-west-2:016818321538:alarm:App15549|Simplify-Core-Services|ECS-Dev|service-inventory-integrator|Memory-Utilization|85|Critical",
            "comparison_operator": "GreaterThanThreshold",
            "datapoints_to_alarm": 0,
            "dimensions": {
              "ClusterName": "kano-coreservices-cluster",
              "ServiceName": "service-inventory-integrator"
            },
            "evaluate_low_sample_count_percentiles": "",
            "evaluation_periods": 1,
            "extended_statistic": "",
            "id": "App15549|Simplify-Core-Services|ECS-Dev|service-inventory-integrator|Memory-Utilization|85|Critical",
            "insufficient_data_actions": null,
            "metric_name": "MemoryUtilization",
            "metric_query": [],
            "namespace": "AWS/ECS",
            "ok_actions": null,
            "period": 60,
            "statistic": "Maximum",
            "tags": null,
            "threshold": 85,
            "threshold_metric_id": "",
            "treat_missing_data": "missing",
            "unit": ""
          },
          "private": "eyJzY2hlbWFfdmVyc2lvbiI6IjEifQ==",
          "dependencies": [
            "aws_appautoscaling_policy.scale_up"
          ]
        },
        {
          "index_key": "service-order-integrator",
          "schema_version": 1,
          "attributes": {
            "actions_enabled": true,
            "alarm_actions": [
              "arn:aws:autoscaling:eu-west-2:016818321538:scalingPolicy:9c898960-1c09-4633-8c5a-7a373d25ed39:resource/ecs/service/kano-coreservices-cluster/service-order-integrator:policyName/Dev-service-order-integrator-cpu_mem_high_scale_up",
              "arn:aws:sns:eu-west-2:016818321538:App15549_Simplify-Core-Services_ECS-Dev_DevOps_Topic"
            ],
            "alarm_description": "This metric monitors ECS Memory utilization of : \n Application_ID: App15549  \n Application_Name: Simplify-Core-Services  \n Service_Name:  service-order-integrator \n Platform_Name: Simplify  \n Environment: Dev \n Owner: DevOps \n Metric_Type: MemoryUtilization \n Metric_value: 85  \n Severity: High",
            "alarm_name": "App15549|Simplify-Core-Services|ECS-Dev|service-order-integrator|Memory-Utilization|85|Critical",
            "arn": "arn:aws:cloudwatch:eu-west-2:016818321538:alarm:App15549|Simplify-Core-Services|ECS-Dev|service-order-integrator|Memory-Utilization|85|Critical",
            "comparison_operator": "GreaterThanThreshold",
            "datapoints_to_alarm": 0,
            "dimensions": {
              "ClusterName": "kano-coreservices-cluster",
              "ServiceName": "service-order-integrator"
            },
            "evaluate_low_sample_count_percentiles": "",
            "evaluation_periods": 1,
            "extended_statistic": "",
            "id": "App15549|Simplify-Core-Services|ECS-Dev|service-order-integrator|Memory-Utilization|85|Critical",
            "insufficient_data_actions": null,
            "metric_name": "MemoryUtilization",
            "metric_query": [],
            "namespace": "AWS/ECS",
            "ok_actions": null,
            "period": 60,
            "statistic": "Maximum",
            "tags": null,
            "threshold": 85,
            "threshold_metric_id": "",
            "treat_missing_data": "missing",
            "unit": ""
          },
          "private": "eyJzY2hlbWFfdmVyc2lvbiI6IjEifQ==",
          "dependencies": [
            "aws_appautoscaling_policy.scale_up"
          ]
        }
      ]
    },
    {
      "mode": "managed",
      "type": "aws_cloudwatch_metric_alarm",
      "name": "running_task",
      "each": "map",
      "provider": "provider.aws",
      "instances": [
        {
          "index_key": "ccta-crm-event-mgmt-int",
          "schema_version": 1,
          "attributes": {
            "actions_enabled": true,
            "alarm_actions": [
              "arn:aws:sns:eu-west-2:016818321538:App15549_Simplify-Core-Services_ECS-Dev_DevOps_Topic"
            ],
            "alarm_description": "This metric monitors running Task Count of ECS Cluster : \n Application_ID: App15549  \n Application_Name: Simplify-Core-Services  \n Service_Name:  ccta-crm-event-mgmt-int \n Platform_Name: Simplify \n Environment: Dev \n Owner: DevOps  \n Metric_Type: RunningTaskCount \n Metric_value: 1  \n Severity: Critical",
            "alarm_name": "App15549|Simplify-Core-Services|ECS-Dev|ccta-crm-event-mgmt-int|Running-Task-Count|1|Critical",
            "arn": "arn:aws:cloudwatch:eu-west-2:016818321538:alarm:App15549|Simplify-Core-Services|ECS-Dev|ccta-crm-event-mgmt-int|Running-Task-Count|1|Critical",
            "comparison_operator": "LessThanThreshold",
            "datapoints_to_alarm": 0,
            "dimensions": {
              "ClusterName": "kano-coreservices-cluster",
              "ServiceName": "ccta-crm-event-mgmt-int"
            },
            "evaluate_low_sample_count_percentiles": "",
            "evaluation_periods": 1,
            "extended_statistic": "",
            "id": "App15549|Simplify-Core-Services|ECS-Dev|ccta-crm-event-mgmt-int|Running-Task-Count|1|Critical",
            "insufficient_data_actions": null,
            "metric_name": "RunningTaskCount",
            "metric_query": [],
            "namespace": "ECS/ContainerInsights",
            "ok_actions": null,
            "period": 60,
            "statistic": "Maximum",
            "tags": null,
            "threshold": 1,
            "threshold_metric_id": "",
            "treat_missing_data": "missing",
            "unit": ""
          },
          "private": "eyJzY2hlbWFfdmVyc2lvbiI6IjEifQ=="
        },
        {
          "index_key": "customer-management-integrator",
          "schema_version": 1,
          "attributes": {
            "actions_enabled": true,
            "alarm_actions": [
              "arn:aws:sns:eu-west-2:016818321538:App15549_Simplify-Core-Services_ECS-Dev_DevOps_Topic"
            ],
            "alarm_description": "This metric monitors running Task Count of ECS Cluster : \n Application_ID: App15549  \n Application_Name: Simplify-Core-Services  \n Service_Name:  customer-management-integrator \n Platform_Name: Simplify \n Environment: Dev \n Owner: DevOps  \n Metric_Type: RunningTaskCount \n Metric_value: 1  \n Severity: Critical",
            "alarm_name": "App15549|Simplify-Core-Services|ECS-Dev|customer-management-integrator|Running-Task-Count|1|Critical",
            "arn": "arn:aws:cloudwatch:eu-west-2:016818321538:alarm:App15549|Simplify-Core-Services|ECS-Dev|customer-management-integrator|Running-Task-Count|1|Critical",
            "comparison_operator": "LessThanThreshold",
            "datapoints_to_alarm": 0,
            "dimensions": {
              "ClusterName": "kano-coreservices-cluster",
              "ServiceName": "customer-management-integrator"
            },
            "evaluate_low_sample_count_percentiles": "",
            "evaluation_periods": 1,
            "extended_statistic": "",
            "id": "App15549|Simplify-Core-Services|ECS-Dev|customer-management-integrator|Running-Task-Count|1|Critical",
            "insufficient_data_actions": null,
            "metric_name": "RunningTaskCount",
            "metric_query": [],
            "namespace": "ECS/ContainerInsights",
            "ok_actions": null,
            "period": 60,
            "statistic": "Maximum",
            "tags": null,
            "threshold": 1,
            "threshold_metric_id": "",
            "treat_missing_data": "missing",
            "unit": ""
          },
          "private": "eyJzY2hlbWFfdmVyc2lvbiI6IjEifQ=="
        },
        {
          "index_key": "mop-service-order-int",
          "schema_version": 1,
          "attributes": {
            "actions_enabled": true,
            "alarm_actions": [
              "arn:aws:sns:eu-west-2:016818321538:App15549_Simplify-Core-Services_ECS-Dev_DevOps_Topic"
            ],
            "alarm_description": "This metric monitors running Task Count of ECS Cluster : \n Application_ID: App15549  \n Application_Name: Simplify-Core-Services  \n Service_Name:  mop-service-order-int \n Platform_Name: Simplify \n Environment: Dev \n Owner: DevOps  \n Metric_Type: RunningTaskCount \n Metric_value: 1  \n Severity: Critical",
            "alarm_name": "App15549|Simplify-Core-Services|ECS-Dev|mop-service-order-int|Running-Task-Count|1|Critical",
            "arn": "arn:aws:cloudwatch:eu-west-2:016818321538:alarm:App15549|Simplify-Core-Services|ECS-Dev|mop-service-order-int|Running-Task-Count|1|Critical",
            "comparison_operator": "LessThanThreshold",
            "datapoints_to_alarm": 0,
            "dimensions": {
              "ClusterName": "kano-coreservices-cluster",
              "ServiceName": "mop-service-order-int"
            },
            "evaluate_low_sample_count_percentiles": "",
            "evaluation_periods": 1,
            "extended_statistic": "",
            "id": "App15549|Simplify-Core-Services|ECS-Dev|mop-service-order-int|Running-Task-Count|1|Critical",
            "insufficient_data_actions": null,
            "metric_name": "RunningTaskCount",
            "metric_query": [],
            "namespace": "ECS/ContainerInsights",
            "ok_actions": null,
            "period": 60,
            "statistic": "Maximum",
            "tags": null,
            "threshold": 1,
            "threshold_metric_id": "",
            "treat_missing_data": "missing",
            "unit": ""
          },
          "private": "eyJzY2hlbWFfdmVyc2lvbiI6IjEifQ=="
        },
        {
          "index_key": "or-kci-notification",
          "schema_version": 1,
          "attributes": {
            "actions_enabled": true,
            "alarm_actions": [
              "arn:aws:sns:eu-west-2:016818321538:App15549_Simplify-Core-Services_ECS-Dev_DevOps_Topic"
            ],
            "alarm_description": "This metric monitors running Task Count of ECS Cluster : \n Application_ID: App15549  \n Application_Name: Simplify-Core-Services  \n Service_Name:  or-kci-notification \n Platform_Name: Simplify \n Environment: Dev \n Owner: DevOps  \n Metric_Type: RunningTaskCount \n Metric_value: 1  \n Severity: Critical",
            "alarm_name": "App15549|Simplify-Core-Services|ECS-Dev|or-kci-notification|Running-Task-Count|1|Critical",
            "arn": "arn:aws:cloudwatch:eu-west-2:016818321538:alarm:App15549|Simplify-Core-Services|ECS-Dev|or-kci-notification|Running-Task-Count|1|Critical",
            "comparison_operator": "LessThanThreshold",
            "datapoints_to_alarm": 0,
            "dimensions": {
              "ClusterName": "kano-coreservices-cluster",
              "ServiceName": "or-kci-notification"
            },
            "evaluate_low_sample_count_percentiles": "",
            "evaluation_periods": 1,
            "extended_statistic": "",
            "id": "App15549|Simplify-Core-Services|ECS-Dev|or-kci-notification|Running-Task-Count|1|Critical",
            "insufficient_data_actions": null,
            "metric_name": "RunningTaskCount",
            "metric_query": [],
            "namespace": "ECS/ContainerInsights",
            "ok_actions": null,
            "period": 60,
            "statistic": "Maximum",
            "tags": null,
            "threshold": 1,
            "threshold_metric_id": "",
            "treat_missing_data": "missing",
            "unit": ""
          },
          "private": "eyJzY2hlbWFfdmVyc2lvbiI6IjEifQ=="
        },
        {
          "index_key": "party-mgmt-int",
          "schema_version": 1,
          "attributes": {
            "actions_enabled": true,
            "alarm_actions": [
              "arn:aws:sns:eu-west-2:016818321538:App15549_Simplify-Core-Services_ECS-Dev_DevOps_Topic"
            ],
            "alarm_description": "This metric monitors running Task Count of ECS Cluster : \n Application_ID: App15549  \n Application_Name: Simplify-Core-Services  \n Service_Name:  party-mgmt-int \n Platform_Name: Simplify \n Environment: Dev \n Owner: DevOps  \n Metric_Type: RunningTaskCount \n Metric_value: 1  \n Severity: Critical",
            "alarm_name": "App15549|Simplify-Core-Services|ECS-Dev|party-mgmt-int|Running-Task-Count|1|Critical",
            "arn": "arn:aws:cloudwatch:eu-west-2:016818321538:alarm:App15549|Simplify-Core-Services|ECS-Dev|party-mgmt-int|Running-Task-Count|1|Critical",
            "comparison_operator": "LessThanThreshold",
            "datapoints_to_alarm": 0,
            "dimensions": {
              "ClusterName": "kano-coreservices-cluster",
              "ServiceName": "party-mgmt-int"
            },
            "evaluate_low_sample_count_percentiles": "",
            "evaluation_periods": 1,
            "extended_statistic": "",
            "id": "App15549|Simplify-Core-Services|ECS-Dev|party-mgmt-int|Running-Task-Count|1|Critical",
            "insufficient_data_actions": null,
            "metric_name": "RunningTaskCount",
            "metric_query": [],
            "namespace": "ECS/ContainerInsights",
            "ok_actions": null,
            "period": 60,
            "statistic": "Maximum",
            "tags": null,
            "threshold": 1,
            "threshold_metric_id": "",
            "treat_missing_data": "missing",
            "unit": ""
          },
          "private": "eyJzY2hlbWFfdmVyc2lvbiI6IjEifQ=="
        },
        {
          "index_key": "product-inventory-mgmt-int",
          "schema_version": 1,
          "attributes": {
            "actions_enabled": true,
            "alarm_actions": [
              "arn:aws:sns:eu-west-2:016818321538:App15549_Simplify-Core-Services_ECS-Dev_DevOps_Topic"
            ],
            "alarm_description": "This metric monitors running Task Count of ECS Cluster : \n Application_ID: App15549  \n Application_Name: Simplify-Core-Services  \n Service_Name:  product-inventory-mgmt-int \n Platform_Name: Simplify \n Environment: Dev \n Owner: DevOps  \n Metric_Type: RunningTaskCount \n Metric_value: 1  \n Severity: Critical",
            "alarm_name": "App15549|Simplify-Core-Services|ECS-Dev|product-inventory-mgmt-int|Running-Task-Count|1|Critical",
            "arn": "arn:aws:cloudwatch:eu-west-2:016818321538:alarm:App15549|Simplify-Core-Services|ECS-Dev|product-inventory-mgmt-int|Running-Task-Count|1|Critical",
            "comparison_operator": "LessThanThreshold",
            "datapoints_to_alarm": 0,
            "dimensions": {
              "ClusterName": "kano-coreservices-cluster",
              "ServiceName": "product-inventory-mgmt-int"
            },
            "evaluate_low_sample_count_percentiles": "",
            "evaluation_periods": 1,
            "extended_statistic": "",
            "id": "App15549|Simplify-Core-Services|ECS-Dev|product-inventory-mgmt-int|Running-Task-Count|1|Critical",
            "insufficient_data_actions": null,
            "metric_name": "RunningTaskCount",
            "metric_query": [],
            "namespace": "ECS/ContainerInsights",
            "ok_actions": null,
            "period": 60,
            "statistic": "Maximum",
            "tags": null,
            "threshold": 1,
            "threshold_metric_id": "",
            "treat_missing_data": "missing",
            "unit": ""
          },
          "private": "eyJzY2hlbWFfdmVyc2lvbiI6IjEifQ=="
        },
        {
          "index_key": "resource-inventory-integrator",
          "schema_version": 1,
          "attributes": {
            "actions_enabled": true,
            "alarm_actions": [
              "arn:aws:sns:eu-west-2:016818321538:App15549_Simplify-Core-Services_ECS-Dev_DevOps_Topic"
            ],
            "alarm_description": "This metric monitors running Task Count of ECS Cluster : \n Application_ID: App15549  \n Application_Name: Simplify-Core-Services  \n Service_Name:  resource-inventory-integrator \n Platform_Name: Simplify \n Environment: Dev \n Owner: DevOps  \n Metric_Type: RunningTaskCount \n Metric_value: 1  \n Severity: Critical",
            "alarm_name": "App15549|Simplify-Core-Services|ECS-Dev|resource-inventory-integrator|Running-Task-Count|1|Critical",
            "arn": "arn:aws:cloudwatch:eu-west-2:016818321538:alarm:App15549|Simplify-Core-Services|ECS-Dev|resource-inventory-integrator|Running-Task-Count|1|Critical",
            "comparison_operator": "LessThanThreshold",
            "datapoints_to_alarm": 0,
            "dimensions": {
              "ClusterName": "kano-coreservices-cluster",
              "ServiceName": "resource-inventory-integrator"
            },
            "evaluate_low_sample_count_percentiles": "",
            "evaluation_periods": 1,
            "extended_statistic": "",
            "id": "App15549|Simplify-Core-Services|ECS-Dev|resource-inventory-integrator|Running-Task-Count|1|Critical",
            "insufficient_data_actions": null,
            "metric_name": "RunningTaskCount",
            "metric_query": [],
            "namespace": "ECS/ContainerInsights",
            "ok_actions": null,
            "period": 60,
            "statistic": "Maximum",
            "tags": null,
            "threshold": 1,
            "threshold_metric_id": "",
            "treat_missing_data": "missing",
            "unit": ""
          },
          "private": "eyJzY2hlbWFfdmVyc2lvbiI6IjEifQ=="
        },
        {
          "index_key": "service-inventory-integrator",
          "schema_version": 1,
          "attributes": {
            "actions_enabled": true,
            "alarm_actions": [
              "arn:aws:sns:eu-west-2:016818321538:App15549_Simplify-Core-Services_ECS-Dev_DevOps_Topic"
            ],
            "alarm_description": "This metric monitors running Task Count of ECS Cluster : \n Application_ID: App15549  \n Application_Name: Simplify-Core-Services  \n Service_Name:  service-inventory-integrator \n Platform_Name: Simplify \n Environment: Dev \n Owner: DevOps  \n Metric_Type: RunningTaskCount \n Metric_value: 1  \n Severity: Critical",
            "alarm_name": "App15549|Simplify-Core-Services|ECS-Dev|service-inventory-integrator|Running-Task-Count|1|Critical",
            "arn": "arn:aws:cloudwatch:eu-west-2:016818321538:alarm:App15549|Simplify-Core-Services|ECS-Dev|service-inventory-integrator|Running-Task-Count|1|Critical",
            "comparison_operator": "LessThanThreshold",
            "datapoints_to_alarm": 0,
            "dimensions": {
              "ClusterName": "kano-coreservices-cluster",
              "ServiceName": "service-inventory-integrator"
            },
            "evaluate_low_sample_count_percentiles": "",
            "evaluation_periods": 1,
            "extended_statistic": "",
            "id": "App15549|Simplify-Core-Services|ECS-Dev|service-inventory-integrator|Running-Task-Count|1|Critical",
            "insufficient_data_actions": null,
            "metric_name": "RunningTaskCount",
            "metric_query": [],
            "namespace": "ECS/ContainerInsights",
            "ok_actions": null,
            "period": 60,
            "statistic": "Maximum",
            "tags": null,
            "threshold": 1,
            "threshold_metric_id": "",
            "treat_missing_data": "missing",
            "unit": ""
          },
          "private": "eyJzY2hlbWFfdmVyc2lvbiI6IjEifQ=="
        },
        {
          "index_key": "service-order-integrator",
          "schema_version": 1,
          "attributes": {
            "actions_enabled": true,
            "alarm_actions": [
              "arn:aws:sns:eu-west-2:016818321538:App15549_Simplify-Core-Services_ECS-Dev_DevOps_Topic"
            ],
            "alarm_description": "This metric monitors running Task Count of ECS Cluster : \n Application_ID: App15549  \n Application_Name: Simplify-Core-Services  \n Service_Name:  service-order-integrator \n Platform_Name: Simplify \n Environment: Dev \n Owner: DevOps  \n Metric_Type: RunningTaskCount \n Metric_value: 1  \n Severity: Critical",
            "alarm_name": "App15549|Simplify-Core-Services|ECS-Dev|service-order-integrator|Running-Task-Count|1|Critical",
            "arn": "arn:aws:cloudwatch:eu-west-2:016818321538:alarm:App15549|Simplify-Core-Services|ECS-Dev|service-order-integrator|Running-Task-Count|1|Critical",
            "comparison_operator": "LessThanThreshold",
            "datapoints_to_alarm": 0,
            "dimensions": {
              "ClusterName": "kano-coreservices-cluster",
              "ServiceName": "service-order-integrator"
            },
            "evaluate_low_sample_count_percentiles": "",
            "evaluation_periods": 1,
            "extended_statistic": "",
            "id": "App15549|Simplify-Core-Services|ECS-Dev|service-order-integrator|Running-Task-Count|1|Critical",
            "insufficient_data_actions": null,
            "metric_name": "RunningTaskCount",
            "metric_query": [],
            "namespace": "ECS/ContainerInsights",
            "ok_actions": null,
            "period": 60,
            "statistic": "Maximum",
            "tags": null,
            "threshold": 1,
            "threshold_metric_id": "",
            "treat_missing_data": "missing",
            "unit": ""
          },
          "private": "eyJzY2hlbWFfdmVyc2lvbiI6IjEifQ=="
        }
      ]
    },
    {
      "mode": "managed",
      "type": "aws_iam_role",
      "name": "ecs_autoscale_role",
      "provider": "provider.aws",
      "instances": [
        {
          "schema_version": 0,
          "attributes": {
            "arn": "arn:aws:iam::016818321538:role/ccta-coreservices-ecs-autoscale-role",
            "assume_role_policy": "{\"Version\":\"2012-10-17\",\"Statement\":[{\"Effect\":\"Allow\",\"Principal\":{\"Service\":\"application-autoscaling.amazonaws.com\"},\"Action\":\"sts:AssumeRole\"}]}",
            "create_date": "2020-10-30T15:11:12Z",
            "description": "",
            "force_detach_policies": false,
            "id": "ccta-coreservices-ecs-autoscale-role",
            "max_session_duration": 3600,
            "name": "ccta-coreservices-ecs-autoscale-role",
            "name_prefix": null,
            "path": "/",
            "permissions_boundary": "arn:aws:iam::016818321538:policy/DcpPermissionsBoundary",
            "tags": {
              "Application_ID": "App15549",
              "Application_Name": "kano-coreservices-cluster-autoscale",
              "Environment": "Dev",
              "Owner": "Terraform",
              "Platform": "Simplify"
            },
            "unique_id": "AROAQH2TTHCBN6IQ4UYA2"
          },
          "private": "bnVsbA=="
        }
      ]
    },
    {
      "mode": "managed",
      "type": "aws_iam_role_policy",
      "name": "ecs_autoscale_role_policy",
      "provider": "provider.aws",
      "instances": [
        {
          "schema_version": 0,
          "attributes": {
            "id": "ccta-coreservices-ecs-autoscale-role:ccta-coreservices-ecs-autoscale-role-policy",
            "name": "ccta-coreservices-ecs-autoscale-role-policy",
            "name_prefix": null,
            "policy": "{\n    \"Version\": \"2012-10-17\",\n    \"Statement\": [\n      {\n        \"Effect\": \"Allow\",\n        \"Action\": [\n       \"ecs:DescribeServices\",\n          \"ecs:UpdateService\"\n        ],\n        \"Resource\": [\n          \"*\"\n        ]\n      },\n      {\n        \"Effect\": \"Allow\",\n        \"Action\": [\n          \"cloudwatch:DescribeAlarms\"\n        ],\n        \"Resource\": [\n          \"*\"\n        ]\n      }\n    ]\n}\n",
            "role": "ccta-coreservices-ecs-autoscale-role"
          },
          "private": "bnVsbA==",
          "dependencies": [
            "aws_iam_role.ecs_autoscale_role"
          ]
        }
      ]
    }
  ]
}
